// !$*UTF8*$!
{
	archiveVersion = 1;
	classes = {
	};
	objectVersion = 46;
	objects = {

/* Begin PBXBuildFile section */
		302362D9158A8FEE00B2DF09 /* UIKit.framework in Frameworks */ = {isa = PBXBuildFile; fileRef = 302362D8158A8FEE00B2DF09 /* UIKit.framework */; };
		302362DB158A8FEE00B2DF09 /* Foundation.framework in Frameworks */ = {isa = PBXBuildFile; fileRef = 302362DA158A8FEE00B2DF09 /* Foundation.framework */; };
		302362DD158A8FEE00B2DF09 /* CoreGraphics.framework in Frameworks */ = {isa = PBXBuildFile; fileRef = 302362DC158A8FEE00B2DF09 /* CoreGraphics.framework */; };
		302362E3158A8FEE00B2DF09 /* InfoPlist.strings in Resources */ = {isa = PBXBuildFile; fileRef = 302362E1158A8FEE00B2DF09 /* InfoPlist.strings */; };
		302362E5158A8FEE00B2DF09 /* main.m in Sources */ = {isa = PBXBuildFile; fileRef = 302362E4158A8FEE00B2DF09 /* main.m */; };
		302362F5158A91C500B2DF09 /* AppDelegate.m in Sources */ = {isa = PBXBuildFile; fileRef = 302362F4158A91C500B2DF09 /* AppDelegate.m */; };
		302362FD158A933300B2DF09 /* GKLobbyViewController.m in Sources */ = {isa = PBXBuildFile; fileRef = 302362F8158A933200B2DF09 /* GKLobbyViewController.m */; };
		302362FE158A933300B2DF09 /* RootViewController.m in Sources */ = {isa = PBXBuildFile; fileRef = 302362FA158A933200B2DF09 /* RootViewController.m */; };
		302362FF158A933300B2DF09 /* GKSessionManager.m in Sources */ = {isa = PBXBuildFile; fileRef = 302362FC158A933300B2DF09 /* GKSessionManager.m */; };
		30236309158A94C400B2DF09 /* Galileo.mm in Sources */ = {isa = PBXBuildFile; fileRef = 30236308158A94C400B2DF09 /* Galileo.mm */; };
		3023630C158A957D00B2DF09 /* GKNetController.m in Sources */ = {isa = PBXBuildFile; fileRef = 3023630B158A957D00B2DF09 /* GKNetController.m */; };
		3069D8A515A16F4C0038DAAF /* Vp8Encoder.m in Sources */ = {isa = PBXBuildFile; fileRef = 3069D8A415A16F4C0038DAAF /* Vp8Encoder.m */; };
		306FC90315A39B4A00FA5DA7 /* Vp8RtpPacketiser.m in Sources */ = {isa = PBXBuildFile; fileRef = 306FC90215A39B4A00FA5DA7 /* Vp8RtpPacketiser.m */; };
		309AAC4C158AD4BB007015A9 /* UserInputHandler.m in Sources */ = {isa = PBXBuildFile; fileRef = 309AAC4A158AD4BB007015A9 /* UserInputHandler.m */; };
		309AAC50158AD560007015A9 /* VideoViewController.m in Sources */ = {isa = PBXBuildFile; fileRef = 309AAC4F158AD560007015A9 /* VideoViewController.m */; };
		309AAC54158AE2E8007015A9 /* DockConnectorController.m in Sources */ = {isa = PBXBuildFile; fileRef = 309AAC52158AE2E8007015A9 /* DockConnectorController.m */; };
		309AAC55158AE2E8007015A9 /* UIDevice+ModelDetection.m in Sources */ = {isa = PBXBuildFile; fileRef = 309AAC53158AE2E8007015A9 /* UIDevice+ModelDetection.m */; };
		309AAC64158AE960007015A9 /* ShaderUtilities.c in Sources */ = {isa = PBXBuildFile; fileRef = 309AAC62158AE960007015A9 /* ShaderUtilities.c */; };
		309AAC6F158AE9F7007015A9 /* CameraInputHandler.m in Sources */ = {isa = PBXBuildFile; fileRef = 309AAC67158AE9F7007015A9 /* CameraInputHandler.m */; };
		309AAC70158AE9F7007015A9 /* OpenGLProcessor.m in Sources */ = {isa = PBXBuildFile; fileRef = 309AAC69158AE9F7007015A9 /* OpenGLProcessor.m */; };
		309AAC72158AE9F7007015A9 /* PacketSender.m in Sources */ = {isa = PBXBuildFile; fileRef = 309AAC6D158AE9F7007015A9 /* PacketSender.m */; };
		309AAC7D158AF094007015A9 /* OffscreenFBO.m in Sources */ = {isa = PBXBuildFile; fileRef = 309AAC7B158AF094007015A9 /* OffscreenFBO.m */; };
		309AAC7F158AF9A9007015A9 /* CoreMedia.framework in Frameworks */ = {isa = PBXBuildFile; fileRef = 309AAC7E158AF9A9007015A9 /* CoreMedia.framework */; };
		309AAC81158AF9C4007015A9 /* AVFoundation.framework in Frameworks */ = {isa = PBXBuildFile; fileRef = 309AAC80158AF9C4007015A9 /* AVFoundation.framework */; };
		309AAC83158AF9CF007015A9 /* AssetsLibrary.framework in Frameworks */ = {isa = PBXBuildFile; fileRef = 309AAC82158AF9CE007015A9 /* AssetsLibrary.framework */; };
		309AAC85158AF9D9007015A9 /* QuartzCore.framework in Frameworks */ = {isa = PBXBuildFile; fileRef = 309AAC84158AF9D9007015A9 /* QuartzCore.framework */; };
		309AAC87158AF9EC007015A9 /* OpenGLES.framework in Frameworks */ = {isa = PBXBuildFile; fileRef = 309AAC86158AF9EC007015A9 /* OpenGLES.framework */; };
		309AAC8B158AFA18007015A9 /* CoreVideo.framework in Frameworks */ = {isa = PBXBuildFile; fileRef = 309AAC8A158AFA18007015A9 /* CoreVideo.framework */; };
		309AAC8D158AFA2F007015A9 /* GameKit.framework in Frameworks */ = {isa = PBXBuildFile; fileRef = 309AAC8C158AFA2F007015A9 /* GameKit.framework */; };
		309AAC91158AFD87007015A9 /* IpAddress.c in Sources */ = {isa = PBXBuildFile; fileRef = 309AAC90158AFD87007015A9 /* IpAddress.c */; };
		309AAC94158AFE75007015A9 /* passThrough.frag in Resources */ = {isa = PBXBuildFile; fileRef = 309AAC92158AFE75007015A9 /* passThrough.frag */; };
		309AAC95158AFE75007015A9 /* passThrough.vert in Resources */ = {isa = PBXBuildFile; fileRef = 309AAC93158AFE75007015A9 /* passThrough.vert */; };
		30DC070615A0013000D74E9F /* OnscreenFBO.m in Sources */ = {isa = PBXBuildFile; fileRef = 30DC070515A0013000D74E9F /* OnscreenFBO.m */; };
		30DC070915A0038600D74E9F /* VideoView.m in Sources */ = {isa = PBXBuildFile; fileRef = 30DC070815A0038600D74E9F /* VideoView.m */; };
		30E162B915A266E4009ED65A /* VideoDecoder.m in Sources */ = {isa = PBXBuildFile; fileRef = 30E162B815A266E4009ED65A /* VideoDecoder.m */; };
		690EE76C1772FAC4005C4451 /* AudioToolbox.framework in Frameworks */ = {isa = PBXBuildFile; fileRef = 690EE76B1772FAC3005C4451 /* AudioToolbox.framework */; };
		690EE77317748F66005C4451 /* RtpDepacketiser.m in Sources */ = {isa = PBXBuildFile; fileRef = 690EE77217748F66005C4451 /* RtpDepacketiser.m */; };
		690EE7761774915E005C4451 /* Vp8RtpDepacketiser.m in Sources */ = {isa = PBXBuildFile; fileRef = 690EE7751774915E005C4451 /* Vp8RtpDepacketiser.m */; };
		690EE779177495BE005C4451 /* iLBCRtpDepacketiser.m in Sources */ = {isa = PBXBuildFile; fileRef = 690EE778177495BE005C4451 /* iLBCRtpDepacketiser.m */; };
		690EE77F1774D4FC005C4451 /* AudioDevice.cpp in Sources */ = {isa = PBXBuildFile; fileRef = 690EE77B1774D4FC005C4451 /* AudioDevice.cpp */; };
		690EE7841774F20E005C4451 /* AudioInputOutput.mm in Sources */ = {isa = PBXBuildFile; fileRef = 690EE7831774F20D005C4451 /* AudioInputOutput.mm */; };
		693E8F6F176217A4007FD105 /* RtpPacketiser.m in Sources */ = {isa = PBXBuildFile; fileRef = 693E8F6E176217A4007FD105 /* RtpPacketiser.m */; };
		693E8F71176234FB007FD105 /* libilbc.a in Frameworks */ = {isa = PBXBuildFile; fileRef = 693E8F70176234FB007FD105 /* libilbc.a */; };
		693E8F7317623506007FD105 /* libvpx.a in Frameworks */ = {isa = PBXBuildFile; fileRef = 693E8F7217623506007FD105 /* libvpx.a */; };
		6942953E171EF039004FD74B /* yuv2yuv.frag in Resources */ = {isa = PBXBuildFile; fileRef = 6942953C171EF039004FD74B /* yuv2yuv.frag */; };
		6942953F171EF039004FD74B /* yuv2yuv.vert in Resources */ = {isa = PBXBuildFile; fileRef = 6942953D171EF039004FD74B /* yuv2yuv.vert */; };
		69429542171F3F52004FD74B /* yuv2bgr.frag in Resources */ = {isa = PBXBuildFile; fileRef = 69429540171F3F52004FD74B /* yuv2bgr.frag */; };
		69429543171F3F52004FD74B /* yuv2bgr.vert in Resources */ = {isa = PBXBuildFile; fileRef = 69429541171F3F52004FD74B /* yuv2bgr.vert */; };
		69CE8B011733C689006B1F98 /* y2planar.frag in Resources */ = {isa = PBXBuildFile; fileRef = 69CE8AFF1733C689006B1F98 /* y2planar.frag */; };
		69CE8B021733C689006B1F98 /* y2planar.vert in Resources */ = {isa = PBXBuildFile; fileRef = 69CE8B001733C689006B1F98 /* y2planar.vert */; };
		69EEA63E1734333D007E3EC9 /* u2planar.frag in Resources */ = {isa = PBXBuildFile; fileRef = 69EEA63A1734333D007E3EC9 /* u2planar.frag */; };
		69EEA63F1734333D007E3EC9 /* u2planar.vert in Resources */ = {isa = PBXBuildFile; fileRef = 69EEA63B1734333D007E3EC9 /* u2planar.vert */; };
		69EEA6401734333D007E3EC9 /* v2planar.frag in Resources */ = {isa = PBXBuildFile; fileRef = 69EEA63C1734333D007E3EC9 /* v2planar.frag */; };
		69EEA6411734333D007E3EC9 /* v2planar.vert in Resources */ = {isa = PBXBuildFile; fileRef = 69EEA63D1734333D007E3EC9 /* v2planar.vert */; };
		830C56B7177932A90058015E /* GalileoControl.framework in Frameworks */ = {isa = PBXBuildFile; fileRef = 830C56B6177932A90058015E /* GalileoControl.framework */; };
		830C56B91779341B0058015E /* libxml2.dylib in Frameworks */ = {isa = PBXBuildFile; fileRef = 830C56B81779341B0058015E /* libxml2.dylib */; };
		830C56BB177934230058015E /* ExternalAccessory.framework in Frameworks */ = {isa = PBXBuildFile; fileRef = 830C56BA177934230058015E /* ExternalAccessory.framework */; };
		832FD5C416D5B379001CDF65 /* Default-568h@2x.png in Resources */ = {isa = PBXBuildFile; fileRef = 832FD5C316D5B379001CDF65 /* Default-568h@2x.png */; };
/* End PBXBuildFile section */

/* Begin PBXFileReference section */
		302362D4158A8FEE00B2DF09 /* GalileoHD.app */ = {isa = PBXFileReference; explicitFileType = wrapper.application; includeInIndex = 0; path = GalileoHD.app; sourceTree = BUILT_PRODUCTS_DIR; };
		302362D8158A8FEE00B2DF09 /* UIKit.framework */ = {isa = PBXFileReference; lastKnownFileType = wrapper.framework; name = UIKit.framework; path = System/Library/Frameworks/UIKit.framework; sourceTree = SDKROOT; };
		302362DA158A8FEE00B2DF09 /* Foundation.framework */ = {isa = PBXFileReference; lastKnownFileType = wrapper.framework; name = Foundation.framework; path = System/Library/Frameworks/Foundation.framework; sourceTree = SDKROOT; };
		302362DC158A8FEE00B2DF09 /* CoreGraphics.framework */ = {isa = PBXFileReference; lastKnownFileType = wrapper.framework; name = CoreGraphics.framework; path = System/Library/Frameworks/CoreGraphics.framework; sourceTree = SDKROOT; };
		302362E0158A8FEE00B2DF09 /* GalileoHD-Info.plist */ = {isa = PBXFileReference; lastKnownFileType = text.plist.xml; path = "GalileoHD-Info.plist"; sourceTree = "<group>"; };
		302362E2158A8FEE00B2DF09 /* en */ = {isa = PBXFileReference; lastKnownFileType = text.plist.strings; name = en; path = en.lproj/InfoPlist.strings; sourceTree = "<group>"; };
		302362E4158A8FEE00B2DF09 /* main.m */ = {isa = PBXFileReference; lastKnownFileType = sourcecode.c.objc; path = main.m; sourceTree = "<group>"; };
		302362E6158A8FEE00B2DF09 /* GalileoHD-Prefix.pch */ = {isa = PBXFileReference; lastKnownFileType = sourcecode.c.h; path = "GalileoHD-Prefix.pch"; sourceTree = "<group>"; };
		302362F3158A91C500B2DF09 /* AppDelegate.h */ = {isa = PBXFileReference; fileEncoding = 4; lastKnownFileType = sourcecode.c.h; name = AppDelegate.h; path = Initialisation/AppDelegate.h; sourceTree = "<group>"; };
		302362F4158A91C500B2DF09 /* AppDelegate.m */ = {isa = PBXFileReference; fileEncoding = 4; lastKnownFileType = sourcecode.c.objc; name = AppDelegate.m; path = Initialisation/AppDelegate.m; sourceTree = "<group>"; };
		302362F7158A933200B2DF09 /* GKLobbyViewController.h */ = {isa = PBXFileReference; fileEncoding = 4; lastKnownFileType = sourcecode.c.h; name = GKLobbyViewController.h; path = Initialisation/GKLobbyViewController.h; sourceTree = "<group>"; };
		302362F8158A933200B2DF09 /* GKLobbyViewController.m */ = {isa = PBXFileReference; fileEncoding = 4; lastKnownFileType = sourcecode.c.objc; name = GKLobbyViewController.m; path = Initialisation/GKLobbyViewController.m; sourceTree = "<group>"; };
		302362F9158A933200B2DF09 /* RootViewController.h */ = {isa = PBXFileReference; fileEncoding = 4; lastKnownFileType = sourcecode.c.h; name = RootViewController.h; path = Initialisation/RootViewController.h; sourceTree = "<group>"; };
		302362FA158A933200B2DF09 /* RootViewController.m */ = {isa = PBXFileReference; fileEncoding = 4; lastKnownFileType = sourcecode.c.objc; name = RootViewController.m; path = Initialisation/RootViewController.m; sourceTree = "<group>"; };
		302362FB158A933300B2DF09 /* GKSessionManager.h */ = {isa = PBXFileReference; fileEncoding = 4; lastKnownFileType = sourcecode.c.h; name = GKSessionManager.h; path = Initialisation/GKSessionManager.h; sourceTree = "<group>"; };
		302362FC158A933300B2DF09 /* GKSessionManager.m */ = {isa = PBXFileReference; fileEncoding = 4; lastKnownFileType = sourcecode.c.objc; name = GKSessionManager.m; path = Initialisation/GKSessionManager.m; sourceTree = "<group>"; };
		30236304158A945C00B2DF09 /* GalileoCommon.h */ = {isa = PBXFileReference; fileEncoding = 4; lastKnownFileType = sourcecode.c.h; name = GalileoCommon.h; path = Main/GalileoCommon.h; sourceTree = "<group>"; };
		30236307158A94C400B2DF09 /* Galileo.h */ = {isa = PBXFileReference; fileEncoding = 4; lastKnownFileType = sourcecode.c.h; name = Galileo.h; path = Main/Galileo.h; sourceTree = "<group>"; };
		30236308158A94C400B2DF09 /* Galileo.mm */ = {isa = PBXFileReference; fileEncoding = 4; lastKnownFileType = sourcecode.cpp.objcpp; name = Galileo.mm; path = Main/Galileo.mm; sourceTree = "<group>"; };
		3023630A158A957D00B2DF09 /* GKNetController.h */ = {isa = PBXFileReference; fileEncoding = 4; lastKnownFileType = sourcecode.c.h; name = GKNetController.h; path = Main/GKNetController.h; sourceTree = "<group>"; };
		3023630B158A957D00B2DF09 /* GKNetController.m */ = {isa = PBXFileReference; fileEncoding = 4; lastKnownFileType = sourcecode.c.objc; name = GKNetController.m; path = Main/GKNetController.m; sourceTree = "<group>"; };
		3023630D158A9EEF00B2DF09 /* IpAddress.h */ = {isa = PBXFileReference; fileEncoding = 4; lastKnownFileType = sourcecode.c.h; name = IpAddress.h; path = ../Main/IpAddress.h; sourceTree = "<group>"; };
		3069D8A315A16F4C0038DAAF /* Vp8Encoder.h */ = {isa = PBXFileReference; fileEncoding = 4; lastKnownFileType = sourcecode.c.h; path = Vp8Encoder.h; sourceTree = "<group>"; };
		3069D8A415A16F4C0038DAAF /* Vp8Encoder.m */ = {isa = PBXFileReference; fileEncoding = 4; lastKnownFileType = sourcecode.c.objc; path = Vp8Encoder.m; sourceTree = "<group>"; };
		306FC90115A39B4A00FA5DA7 /* Vp8RtpPacketiser.h */ = {isa = PBXFileReference; fileEncoding = 4; lastKnownFileType = sourcecode.c.h; path = Vp8RtpPacketiser.h; sourceTree = "<group>"; };
		306FC90215A39B4A00FA5DA7 /* Vp8RtpPacketiser.m */ = {isa = PBXFileReference; fileEncoding = 4; lastKnownFileType = sourcecode.c.objc; path = Vp8RtpPacketiser.m; sourceTree = "<group>"; };
		306FC90D15A4049400FA5DA7 /* VideoTxRxCommon.h */ = {isa = PBXFileReference; lastKnownFileType = sourcecode.c.h; name = VideoTxRxCommon.h; path = "AV Capture/VideoTxRxCommon.h"; sourceTree = "<group>"; };
		309AAC49158AD4BB007015A9 /* UserInputHandler.h */ = {isa = PBXFileReference; fileEncoding = 4; lastKnownFileType = sourcecode.c.h; name = UserInputHandler.h; path = Main/UserInputHandler.h; sourceTree = "<group>"; };
		309AAC4A158AD4BB007015A9 /* UserInputHandler.m */ = {isa = PBXFileReference; fileEncoding = 4; lastKnownFileType = sourcecode.c.objc; name = UserInputHandler.m; path = Main/UserInputHandler.m; sourceTree = "<group>"; };
		309AAC4E158AD560007015A9 /* VideoViewController.h */ = {isa = PBXFileReference; fileEncoding = 4; lastKnownFileType = sourcecode.c.h; name = VideoViewController.h; path = Main/VideoViewController.h; sourceTree = "<group>"; };
		309AAC4F158AD560007015A9 /* VideoViewController.m */ = {isa = PBXFileReference; fileEncoding = 4; lastKnownFileType = sourcecode.c.objc; name = VideoViewController.m; path = Main/VideoViewController.m; sourceTree = "<group>"; };
		309AAC51158AE2E8007015A9 /* DockConnectorController.h */ = {isa = PBXFileReference; fileEncoding = 4; lastKnownFileType = sourcecode.c.h; name = DockConnectorController.h; path = Main/DockConnectorController.h; sourceTree = "<group>"; };
		309AAC52158AE2E8007015A9 /* DockConnectorController.m */ = {isa = PBXFileReference; fileEncoding = 4; lastKnownFileType = sourcecode.c.objc; name = DockConnectorController.m; path = Main/DockConnectorController.m; sourceTree = "<group>"; };
		309AAC53158AE2E8007015A9 /* UIDevice+ModelDetection.m */ = {isa = PBXFileReference; fileEncoding = 4; lastKnownFileType = sourcecode.c.objc; name = "UIDevice+ModelDetection.m"; path = "../Main/UIDevice+ModelDetection.m"; sourceTree = "<group>"; };
		309AAC56158AE331007015A9 /* UIDevice+ModelDetection.h */ = {isa = PBXFileReference; lastKnownFileType = sourcecode.c.h; name = "UIDevice+ModelDetection.h"; path = "../Main/UIDevice+ModelDetection.h"; sourceTree = "<group>"; };
		309AAC62158AE960007015A9 /* ShaderUtilities.c */ = {isa = PBXFileReference; fileEncoding = 4; lastKnownFileType = sourcecode.c.c; path = ShaderUtilities.c; sourceTree = "<group>"; };
		309AAC63158AE960007015A9 /* ShaderUtilities.h */ = {isa = PBXFileReference; fileEncoding = 4; lastKnownFileType = sourcecode.c.h; path = ShaderUtilities.h; sourceTree = "<group>"; };
		309AAC66158AE9F7007015A9 /* CameraInputHandler.h */ = {isa = PBXFileReference; fileEncoding = 4; lastKnownFileType = sourcecode.c.h; path = CameraInputHandler.h; sourceTree = "<group>"; };
		309AAC67158AE9F7007015A9 /* CameraInputHandler.m */ = {isa = PBXFileReference; fileEncoding = 4; lastKnownFileType = sourcecode.c.objc; path = CameraInputHandler.m; sourceTree = "<group>"; };
		309AAC68158AE9F7007015A9 /* OpenGLProcessor.h */ = {isa = PBXFileReference; fileEncoding = 4; lastKnownFileType = sourcecode.c.h; path = OpenGLProcessor.h; sourceTree = "<group>"; };
		309AAC69158AE9F7007015A9 /* OpenGLProcessor.m */ = {isa = PBXFileReference; fileEncoding = 4; lastKnownFileType = sourcecode.c.objc; path = OpenGLProcessor.m; sourceTree = "<group>"; };
		309AAC6C158AE9F7007015A9 /* PacketSender.h */ = {isa = PBXFileReference; fileEncoding = 4; lastKnownFileType = sourcecode.c.h; path = PacketSender.h; sourceTree = "<group>"; };
		309AAC6D158AE9F7007015A9 /* PacketSender.m */ = {isa = PBXFileReference; fileEncoding = 4; lastKnownFileType = sourcecode.c.objc; path = PacketSender.m; sourceTree = "<group>"; };
		309AAC77158AF093007015A9 /* GKCommon.h */ = {isa = PBXFileReference; fileEncoding = 4; lastKnownFileType = sourcecode.c.h; name = GKCommon.h; path = Initialisation/GKCommon.h; sourceTree = "<group>"; };
		309AAC7A158AF094007015A9 /* OffscreenFBO.h */ = {isa = PBXFileReference; fileEncoding = 4; lastKnownFileType = sourcecode.c.h; path = OffscreenFBO.h; sourceTree = "<group>"; };
		309AAC7B158AF094007015A9 /* OffscreenFBO.m */ = {isa = PBXFileReference; fileEncoding = 4; lastKnownFileType = sourcecode.c.objc; path = OffscreenFBO.m; sourceTree = "<group>"; };
		309AAC7E158AF9A9007015A9 /* CoreMedia.framework */ = {isa = PBXFileReference; lastKnownFileType = wrapper.framework; name = CoreMedia.framework; path = System/Library/Frameworks/CoreMedia.framework; sourceTree = SDKROOT; };
		309AAC80158AF9C4007015A9 /* AVFoundation.framework */ = {isa = PBXFileReference; lastKnownFileType = wrapper.framework; name = AVFoundation.framework; path = System/Library/Frameworks/AVFoundation.framework; sourceTree = SDKROOT; };
		309AAC82158AF9CE007015A9 /* AssetsLibrary.framework */ = {isa = PBXFileReference; lastKnownFileType = wrapper.framework; name = AssetsLibrary.framework; path = System/Library/Frameworks/AssetsLibrary.framework; sourceTree = SDKROOT; };
		309AAC84158AF9D9007015A9 /* QuartzCore.framework */ = {isa = PBXFileReference; lastKnownFileType = wrapper.framework; name = QuartzCore.framework; path = System/Library/Frameworks/QuartzCore.framework; sourceTree = SDKROOT; };
		309AAC86158AF9EC007015A9 /* OpenGLES.framework */ = {isa = PBXFileReference; lastKnownFileType = wrapper.framework; name = OpenGLES.framework; path = System/Library/Frameworks/OpenGLES.framework; sourceTree = SDKROOT; };
		309AAC88158AFA04007015A9 /* GLKit.framework */ = {isa = PBXFileReference; lastKnownFileType = wrapper.framework; name = GLKit.framework; path = System/Library/Frameworks/GLKit.framework; sourceTree = SDKROOT; };
		309AAC8A158AFA18007015A9 /* CoreVideo.framework */ = {isa = PBXFileReference; lastKnownFileType = wrapper.framework; name = CoreVideo.framework; path = System/Library/Frameworks/CoreVideo.framework; sourceTree = SDKROOT; };
		309AAC8C158AFA2F007015A9 /* GameKit.framework */ = {isa = PBXFileReference; lastKnownFileType = wrapper.framework; name = GameKit.framework; path = System/Library/Frameworks/GameKit.framework; sourceTree = SDKROOT; };
		309AAC90158AFD87007015A9 /* IpAddress.c */ = {isa = PBXFileReference; fileEncoding = 4; lastKnownFileType = sourcecode.c.c; name = IpAddress.c; path = ../Main/IpAddress.c; sourceTree = "<group>"; };
		309AAC92158AFE75007015A9 /* passThrough.frag */ = {isa = PBXFileReference; fileEncoding = 4; lastKnownFileType = sourcecode.glsl; path = passThrough.frag; sourceTree = "<group>"; };
		309AAC93158AFE75007015A9 /* passThrough.vert */ = {isa = PBXFileReference; fileEncoding = 4; lastKnownFileType = sourcecode.glsl; path = passThrough.vert; sourceTree = "<group>"; };
		30DC070415A0013000D74E9F /* OnscreenFBO.h */ = {isa = PBXFileReference; fileEncoding = 4; lastKnownFileType = sourcecode.c.h; path = OnscreenFBO.h; sourceTree = "<group>"; };
		30DC070515A0013000D74E9F /* OnscreenFBO.m */ = {isa = PBXFileReference; fileEncoding = 4; lastKnownFileType = sourcecode.c.objc; path = OnscreenFBO.m; sourceTree = "<group>"; };
		30DC070715A0038600D74E9F /* VideoView.h */ = {isa = PBXFileReference; fileEncoding = 4; lastKnownFileType = sourcecode.c.h; name = VideoView.h; path = Main/VideoView.h; sourceTree = "<group>"; };
		30DC070815A0038600D74E9F /* VideoView.m */ = {isa = PBXFileReference; fileEncoding = 4; lastKnownFileType = sourcecode.c.objc; name = VideoView.m; path = Main/VideoView.m; sourceTree = "<group>"; };
		30E162B715A266E4009ED65A /* VideoDecoder.h */ = {isa = PBXFileReference; fileEncoding = 4; lastKnownFileType = sourcecode.c.h; name = VideoDecoder.h; path = Main/VideoDecoder.h; sourceTree = "<group>"; };
		30E162B815A266E4009ED65A /* VideoDecoder.m */ = {isa = PBXFileReference; fileEncoding = 4; lastKnownFileType = sourcecode.c.objc; name = VideoDecoder.m; path = Main/VideoDecoder.m; sourceTree = "<group>"; };
		690EE76B1772FAC3005C4451 /* AudioToolbox.framework */ = {isa = PBXFileReference; lastKnownFileType = wrapper.framework; name = AudioToolbox.framework; path = System/Library/Frameworks/AudioToolbox.framework; sourceTree = SDKROOT; };
		690EE77117748F66005C4451 /* RtpDepacketiser.h */ = {isa = PBXFileReference; fileEncoding = 4; lastKnownFileType = sourcecode.c.h; name = RtpDepacketiser.h; path = "AV Capture/RtpDepacketiser.h"; sourceTree = "<group>"; };
		690EE77217748F66005C4451 /* RtpDepacketiser.m */ = {isa = PBXFileReference; fileEncoding = 4; lastKnownFileType = sourcecode.c.objc; name = RtpDepacketiser.m; path = "AV Capture/RtpDepacketiser.m"; sourceTree = "<group>"; };
		690EE7741774915E005C4451 /* Vp8RtpDepacketiser.h */ = {isa = PBXFileReference; fileEncoding = 4; lastKnownFileType = sourcecode.c.h; name = Vp8RtpDepacketiser.h; path = "AV Capture/Vp8RtpDepacketiser.h"; sourceTree = "<group>"; };
		690EE7751774915E005C4451 /* Vp8RtpDepacketiser.m */ = {isa = PBXFileReference; fileEncoding = 4; lastKnownFileType = sourcecode.c.objc; name = Vp8RtpDepacketiser.m; path = "AV Capture/Vp8RtpDepacketiser.m"; sourceTree = "<group>"; };
		690EE777177495BE005C4451 /* iLBCRtpDepacketiser.h */ = {isa = PBXFileReference; fileEncoding = 4; lastKnownFileType = sourcecode.c.h; name = iLBCRtpDepacketiser.h; path = "AV Capture/iLBCRtpDepacketiser.h"; sourceTree = "<group>"; };
		690EE778177495BE005C4451 /* iLBCRtpDepacketiser.m */ = {isa = PBXFileReference; fileEncoding = 4; lastKnownFileType = sourcecode.c.objc; name = iLBCRtpDepacketiser.m; path = "AV Capture/iLBCRtpDepacketiser.m"; sourceTree = "<group>"; };
		690EE77B1774D4FC005C4451 /* AudioDevice.cpp */ = {isa = PBXFileReference; fileEncoding = 4; lastKnownFileType = sourcecode.cpp.cpp; path = AudioDevice.cpp; sourceTree = "<group>"; };
		690EE77C1774D4FC005C4451 /* AudioDevice.h */ = {isa = PBXFileReference; fileEncoding = 4; lastKnownFileType = sourcecode.c.h; path = AudioDevice.h; sourceTree = "<group>"; };
		690EE77D1774D4FC005C4451 /* FIFOBuffer.h */ = {isa = PBXFileReference; fileEncoding = 4; lastKnownFileType = sourcecode.c.h; path = FIFOBuffer.h; sourceTree = "<group>"; };
		690EE77E1774D4FC005C4451 /* FIFOBufferImpl.h */ = {isa = PBXFileReference; fileEncoding = 4; lastKnownFileType = sourcecode.c.h; path = FIFOBufferImpl.h; sourceTree = "<group>"; };
		690EE7801774DF24005C4451 /* Function.h */ = {isa = PBXFileReference; fileEncoding = 4; lastKnownFileType = sourcecode.c.h; path = Function.h; sourceTree = "<group>"; };
		690EE7811774DF24005C4451 /* FunctionTemplate.h */ = {isa = PBXFileReference; fileEncoding = 4; lastKnownFileType = sourcecode.c.h; path = FunctionTemplate.h; sourceTree = "<group>"; };
		690EE7821774F20D005C4451 /* AudioInputOutput.h */ = {isa = PBXFileReference; fileEncoding = 4; lastKnownFileType = sourcecode.c.h; name = AudioInputOutput.h; path = "AV Capture/AudioInputOutput.h"; sourceTree = "<group>"; };
		690EE7831774F20D005C4451 /* AudioInputOutput.mm */ = {isa = PBXFileReference; fileEncoding = 4; lastKnownFileType = sourcecode.cpp.objcpp; name = AudioInputOutput.mm; path = "AV Capture/AudioInputOutput.mm"; sourceTree = "<group>"; };
		693E8F6D176217A4007FD105 /* RtpPacketiser.h */ = {isa = PBXFileReference; fileEncoding = 4; lastKnownFileType = sourcecode.c.h; path = RtpPacketiser.h; sourceTree = "<group>"; };
		693E8F6E176217A4007FD105 /* RtpPacketiser.m */ = {isa = PBXFileReference; fileEncoding = 4; lastKnownFileType = sourcecode.c.objc; path = RtpPacketiser.m; sourceTree = "<group>"; };
		693E8F70176234FB007FD105 /* libilbc.a */ = {isa = PBXFileReference; lastKnownFileType = archive.ar; name = libilbc.a; path = ilbc/lib/libilbc.a; sourceTree = "<group>"; };
		693E8F7217623506007FD105 /* libvpx.a */ = {isa = PBXFileReference; lastKnownFileType = archive.ar; name = libvpx.a; path = vpx/lib/libvpx.a; sourceTree = "<group>"; };
		6942953C171EF039004FD74B /* yuv2yuv.frag */ = {isa = PBXFileReference; fileEncoding = 4; lastKnownFileType = sourcecode.glsl; path = yuv2yuv.frag; sourceTree = "<group>"; };
		6942953D171EF039004FD74B /* yuv2yuv.vert */ = {isa = PBXFileReference; fileEncoding = 4; lastKnownFileType = sourcecode.glsl; path = yuv2yuv.vert; sourceTree = "<group>"; };
		69429540171F3F52004FD74B /* yuv2bgr.frag */ = {isa = PBXFileReference; fileEncoding = 4; lastKnownFileType = sourcecode.glsl; path = yuv2bgr.frag; sourceTree = "<group>"; };
		69429541171F3F52004FD74B /* yuv2bgr.vert */ = {isa = PBXFileReference; fileEncoding = 4; lastKnownFileType = sourcecode.glsl; path = yuv2bgr.vert; sourceTree = "<group>"; };
		69CE8AFF1733C689006B1F98 /* y2planar.frag */ = {isa = PBXFileReference; fileEncoding = 4; lastKnownFileType = sourcecode.glsl; path = y2planar.frag; sourceTree = "<group>"; };
		69CE8B001733C689006B1F98 /* y2planar.vert */ = {isa = PBXFileReference; fileEncoding = 4; lastKnownFileType = sourcecode.glsl; path = y2planar.vert; sourceTree = "<group>"; };
		69EEA63A1734333D007E3EC9 /* u2planar.frag */ = {isa = PBXFileReference; fileEncoding = 4; lastKnownFileType = sourcecode.glsl; path = u2planar.frag; sourceTree = "<group>"; };
		69EEA63B1734333D007E3EC9 /* u2planar.vert */ = {isa = PBXFileReference; fileEncoding = 4; lastKnownFileType = sourcecode.glsl; path = u2planar.vert; sourceTree = "<group>"; };
		69EEA63C1734333D007E3EC9 /* v2planar.frag */ = {isa = PBXFileReference; fileEncoding = 4; lastKnownFileType = sourcecode.glsl; path = v2planar.frag; sourceTree = "<group>"; };
		69EEA63D1734333D007E3EC9 /* v2planar.vert */ = {isa = PBXFileReference; fileEncoding = 4; lastKnownFileType = sourcecode.glsl; path = v2planar.vert; sourceTree = "<group>"; };
		830C56B6177932A90058015E /* GalileoControl.framework */ = {isa = PBXFileReference; lastKnownFileType = wrapper.framework; name = GalileoControl.framework; path = "Galileo-iOS-SDK/frameworks/GalileoControl.framework"; sourceTree = "<group>"; };
		830C56B81779341B0058015E /* libxml2.dylib */ = {isa = PBXFileReference; lastKnownFileType = "compiled.mach-o.dylib"; name = libxml2.dylib; path = usr/lib/libxml2.dylib; sourceTree = SDKROOT; };
		830C56BA177934230058015E /* ExternalAccessory.framework */ = {isa = PBXFileReference; lastKnownFileType = wrapper.framework; name = ExternalAccessory.framework; path = System/Library/Frameworks/ExternalAccessory.framework; sourceTree = SDKROOT; };
		832FD5C316D5B379001CDF65 /* Default-568h@2x.png */ = {isa = PBXFileReference; lastKnownFileType = image.png; name = "Default-568h@2x.png"; path = "GalileoHD/en.lproj/Default-568h@2x.png"; sourceTree = "<group>"; };
/* End PBXFileReference section */

/* Begin PBXFrameworksBuildPhase section */
		302362D1158A8FEE00B2DF09 /* Frameworks */ = {
			isa = PBXFrameworksBuildPhase;
			buildActionMask = 2147483647;
			files = (
				830C56BB177934230058015E /* ExternalAccessory.framework in Frameworks */,
				830C56B91779341B0058015E /* libxml2.dylib in Frameworks */,
				690EE76C1772FAC4005C4451 /* AudioToolbox.framework in Frameworks */,
				309AAC8D158AFA2F007015A9 /* GameKit.framework in Frameworks */,
				309AAC8B158AFA18007015A9 /* CoreVideo.framework in Frameworks */,
				309AAC87158AF9EC007015A9 /* OpenGLES.framework in Frameworks */,
				309AAC85158AF9D9007015A9 /* QuartzCore.framework in Frameworks */,
				309AAC83158AF9CF007015A9 /* AssetsLibrary.framework in Frameworks */,
				309AAC81158AF9C4007015A9 /* AVFoundation.framework in Frameworks */,
				309AAC7F158AF9A9007015A9 /* CoreMedia.framework in Frameworks */,
				302362DD158A8FEE00B2DF09 /* CoreGraphics.framework in Frameworks */,
				302362D9158A8FEE00B2DF09 /* UIKit.framework in Frameworks */,
				302362DB158A8FEE00B2DF09 /* Foundation.framework in Frameworks */,
				693E8F71176234FB007FD105 /* libilbc.a in Frameworks */,
				693E8F7317623506007FD105 /* libvpx.a in Frameworks */,
				830C56B7177932A90058015E /* GalileoControl.framework in Frameworks */,
			);
			runOnlyForDeploymentPostprocessing = 0;
		};
/* End PBXFrameworksBuildPhase section */

/* Begin PBXGroup section */
		302362C9158A8FEE00B2DF09 = {
			isa = PBXGroup;
			children = (
				830C56B81779341B0058015E /* libxml2.dylib */,
				832FD5C316D5B379001CDF65 /* Default-568h@2x.png */,
				302362DE158A8FEE00B2DF09 /* Initialisation */,
				30236306158A946300B2DF09 /* Main */,
				309AAC61158AE960007015A9 /* Utilities */,
				302362DF158A8FEE00B2DF09 /* Supporting Files */,
				302362D7158A8FEE00B2DF09 /* Frameworks */,
				302362D5158A8FEE00B2DF09 /* Products */,
			);
			sourceTree = "<group>";
		};
		302362D5158A8FEE00B2DF09 /* Products */ = {
			isa = PBXGroup;
			children = (
				302362D4158A8FEE00B2DF09 /* GalileoHD.app */,
			);
			name = Products;
			sourceTree = "<group>";
		};
		302362D7158A8FEE00B2DF09 /* Frameworks */ = {
			isa = PBXGroup;
			children = (
				693E8F7217623506007FD105 /* libvpx.a */,
				693E8F70176234FB007FD105 /* libilbc.a */,
				830C56B6177932A90058015E /* GalileoControl.framework */,
				830C56BA177934230058015E /* ExternalAccessory.framework */,
				690EE76B1772FAC3005C4451 /* AudioToolbox.framework */,
				309AAC8C158AFA2F007015A9 /* GameKit.framework */,
				309AAC8A158AFA18007015A9 /* CoreVideo.framework */,
				309AAC88158AFA04007015A9 /* GLKit.framework */,
				309AAC86158AF9EC007015A9 /* OpenGLES.framework */,
				309AAC84158AF9D9007015A9 /* QuartzCore.framework */,
				309AAC82158AF9CE007015A9 /* AssetsLibrary.framework */,
				309AAC80158AF9C4007015A9 /* AVFoundation.framework */,
				309AAC7E158AF9A9007015A9 /* CoreMedia.framework */,
				302362D8158A8FEE00B2DF09 /* UIKit.framework */,
				302362DA158A8FEE00B2DF09 /* Foundation.framework */,
				302362DC158A8FEE00B2DF09 /* CoreGraphics.framework */,
			);
			name = Frameworks;
			sourceTree = "<group>";
		};
		302362DE158A8FEE00B2DF09 /* Initialisation */ = {
			isa = PBXGroup;
			children = (
				302362F3158A91C500B2DF09 /* AppDelegate.h */,
				302362F4158A91C500B2DF09 /* AppDelegate.m */,
				309AAC77158AF093007015A9 /* GKCommon.h */,
				302362F9158A933200B2DF09 /* RootViewController.h */,
				302362FA158A933200B2DF09 /* RootViewController.m */,
				302362FB158A933300B2DF09 /* GKSessionManager.h */,
				302362FC158A933300B2DF09 /* GKSessionManager.m */,
				302362F7158A933200B2DF09 /* GKLobbyViewController.h */,
				302362F8158A933200B2DF09 /* GKLobbyViewController.m */,
				3023630A158A957D00B2DF09 /* GKNetController.h */,
				3023630B158A957D00B2DF09 /* GKNetController.m */,
			);
			name = Initialisation;
			path = GalileoHD;
			sourceTree = "<group>";
		};
		302362DF158A8FEE00B2DF09 /* Supporting Files */ = {
			isa = PBXGroup;
			children = (
				302362E0158A8FEE00B2DF09 /* GalileoHD-Info.plist */,
				302362E1158A8FEE00B2DF09 /* InfoPlist.strings */,
				302362E4158A8FEE00B2DF09 /* main.m */,
				302362E6158A8FEE00B2DF09 /* GalileoHD-Prefix.pch */,
			);
			name = "Supporting Files";
			path = GalileoHD;
			sourceTree = "<group>";
		};
		30236306158A946300B2DF09 /* Main */ = {
			isa = PBXGroup;
			children = (
				693E8F6917620C36007FD105 /* Audio Tx */,
				30236304158A945C00B2DF09 /* GalileoCommon.h */,
				30236307158A94C400B2DF09 /* Galileo.h */,
				30236308158A94C400B2DF09 /* Galileo.mm */,
				306FC90D15A4049400FA5DA7 /* VideoTxRxCommon.h */,
				309AAC65158AE9F7007015A9 /* Video Tx */,
				306FC90815A3DFA600FA5DA7 /* Video Rx */,
				309AAC49158AD4BB007015A9 /* UserInputHandler.h */,
				309AAC4A158AD4BB007015A9 /* UserInputHandler.m */,
				309AAC51158AE2E8007015A9 /* DockConnectorController.h */,
				309AAC52158AE2E8007015A9 /* DockConnectorController.m */,
			);
			name = Main;
			path = GalileoHD;
			sourceTree = "<group>";
		};
		306FC90815A3DFA600FA5DA7 /* Video Rx */ = {
			isa = PBXGroup;
			children = (
				690EE7741774915E005C4451 /* Vp8RtpDepacketiser.h */,
				690EE7751774915E005C4451 /* Vp8RtpDepacketiser.m */,
				690EE77117748F66005C4451 /* RtpDepacketiser.h */,
				690EE77217748F66005C4451 /* RtpDepacketiser.m */,
				309AAC4E158AD560007015A9 /* VideoViewController.h */,
				309AAC4F158AD560007015A9 /* VideoViewController.m */,
				30E162B715A266E4009ED65A /* VideoDecoder.h */,
				30E162B815A266E4009ED65A /* VideoDecoder.m */,
				30DC070715A0038600D74E9F /* VideoView.h */,
				30DC070815A0038600D74E9F /* VideoView.m */,
			);
			name = "Video Rx";
			sourceTree = "<group>";
		};
		309AAC61158AE960007015A9 /* Utilities */ = {
			isa = PBXGroup;
			children = (
				30DC070415A0013000D74E9F /* OnscreenFBO.h */,
				30DC070515A0013000D74E9F /* OnscreenFBO.m */,
				309AAC7A158AF094007015A9 /* OffscreenFBO.h */,
				309AAC7B158AF094007015A9 /* OffscreenFBO.m */,
				309AAC62158AE960007015A9 /* ShaderUtilities.c */,
				309AAC63158AE960007015A9 /* ShaderUtilities.h */,
				3023630D158A9EEF00B2DF09 /* IpAddress.h */,
				309AAC90158AFD87007015A9 /* IpAddress.c */,
				309AAC56158AE331007015A9 /* UIDevice+ModelDetection.h */,
				309AAC53158AE2E8007015A9 /* UIDevice+ModelDetection.m */,
				69CE8AFF1733C689006B1F98 /* y2planar.frag */,
				69CE8B001733C689006B1F98 /* y2planar.vert */,
				69EEA63A1734333D007E3EC9 /* u2planar.frag */,
				69EEA63B1734333D007E3EC9 /* u2planar.vert */,
				69EEA63C1734333D007E3EC9 /* v2planar.frag */,
				69EEA63D1734333D007E3EC9 /* v2planar.vert */,
				6942953C171EF039004FD74B /* yuv2yuv.frag */,
				6942953D171EF039004FD74B /* yuv2yuv.vert */,
				69429540171F3F52004FD74B /* yuv2bgr.frag */,
				69429541171F3F52004FD74B /* yuv2bgr.vert */,
				309AAC93158AFE75007015A9 /* passThrough.vert */,
				309AAC92158AFE75007015A9 /* passThrough.frag */,
			);
			name = Utilities;
			path = GalileoHD/OpenGL;
			sourceTree = "<group>";
		};
		309AAC65158AE9F7007015A9 /* Video Tx */ = {
			isa = PBXGroup;
			children = (
				693E8F6D176217A4007FD105 /* RtpPacketiser.h */,
				693E8F6E176217A4007FD105 /* RtpPacketiser.m */,
				309AAC66158AE9F7007015A9 /* CameraInputHandler.h */,
				309AAC67158AE9F7007015A9 /* CameraInputHandler.m */,
				309AAC68158AE9F7007015A9 /* OpenGLProcessor.h */,
				309AAC69158AE9F7007015A9 /* OpenGLProcessor.m */,
				3069D8A315A16F4C0038DAAF /* Vp8Encoder.h */,
				3069D8A415A16F4C0038DAAF /* Vp8Encoder.m */,
				306FC90115A39B4A00FA5DA7 /* Vp8RtpPacketiser.h */,
				306FC90215A39B4A00FA5DA7 /* Vp8RtpPacketiser.m */,
				309AAC6C158AE9F7007015A9 /* PacketSender.h */,
				309AAC6D158AE9F7007015A9 /* PacketSender.m */,
			);
			name = "Video Tx";
			path = "AV Capture";
			sourceTree = "<group>";
		};
		690EE77A1774D4FC005C4451 /* AudioUtils */ = {
			isa = PBXGroup;
			children = (
				690EE7801774DF24005C4451 /* Function.h */,
				690EE7811774DF24005C4451 /* FunctionTemplate.h */,
				690EE77B1774D4FC005C4451 /* AudioDevice.cpp */,
				690EE77C1774D4FC005C4451 /* AudioDevice.h */,
				690EE77D1774D4FC005C4451 /* FIFOBuffer.h */,
				690EE77E1774D4FC005C4451 /* FIFOBufferImpl.h */,
			);
			name = AudioUtils;
			path = "AV Capture/AudioUtils";
			sourceTree = "<group>";
		};
		693E8F6917620C36007FD105 /* Audio Tx */ = {
			isa = PBXGroup;
			children = (
				690EE77A1774D4FC005C4451 /* AudioUtils */,
				690EE777177495BE005C4451 /* iLBCRtpDepacketiser.h */,
				690EE778177495BE005C4451 /* iLBCRtpDepacketiser.m */,
				690EE7821774F20D005C4451 /* AudioInputOutput.h */,
				690EE7831774F20D005C4451 /* AudioInputOutput.mm */,
			);
			name = "Audio Tx";
			sourceTree = "<group>";
		};
/* End PBXGroup section */

/* Begin PBXNativeTarget section */
		302362D3158A8FEE00B2DF09 /* GalileoHD */ = {
			isa = PBXNativeTarget;
			buildConfigurationList = 302362EC158A8FEE00B2DF09 /* Build configuration list for PBXNativeTarget "GalileoHD" */;
			buildPhases = (
				302362D0158A8FEE00B2DF09 /* Sources */,
				302362D1158A8FEE00B2DF09 /* Frameworks */,
				302362D2158A8FEE00B2DF09 /* Resources */,
			);
			buildRules = (
			);
			dependencies = (
			);
			name = GalileoHD;
			productName = GalileoHD;
			productReference = 302362D4158A8FEE00B2DF09 /* GalileoHD.app */;
			productType = "com.apple.product-type.application";
		};
/* End PBXNativeTarget section */

/* Begin PBXProject section */
		302362CB158A8FEE00B2DF09 /* Project object */ = {
			isa = PBXProject;
			attributes = {
				LastUpgradeCheck = 0460;
				ORGANIZATIONNAME = "Swift Navigation";
			};
			buildConfigurationList = 302362CE158A8FEE00B2DF09 /* Build configuration list for PBXProject "GalileoHD" */;
			compatibilityVersion = "Xcode 3.2";
			developmentRegion = English;
			hasScannedForEncodings = 0;
			knownRegions = (
				en,
			);
			mainGroup = 302362C9158A8FEE00B2DF09;
			productRefGroup = 302362D5158A8FEE00B2DF09 /* Products */;
			projectDirPath = "";
			projectRoot = "";
			targets = (
				302362D3158A8FEE00B2DF09 /* GalileoHD */,
			);
		};
/* End PBXProject section */

/* Begin PBXResourcesBuildPhase section */
		302362D2158A8FEE00B2DF09 /* Resources */ = {
			isa = PBXResourcesBuildPhase;
			buildActionMask = 2147483647;
			files = (
				302362E3158A8FEE00B2DF09 /* InfoPlist.strings in Resources */,
				309AAC94158AFE75007015A9 /* passThrough.frag in Resources */,
				309AAC95158AFE75007015A9 /* passThrough.vert in Resources */,
				69CE8B011733C689006B1F98 /* y2planar.frag in Resources */,
				69CE8B021733C689006B1F98 /* y2planar.vert in Resources */,
				69EEA63E1734333D007E3EC9 /* u2planar.frag in Resources */,
				69EEA63F1734333D007E3EC9 /* u2planar.vert in Resources */,
				69EEA6401734333D007E3EC9 /* v2planar.frag in Resources */,
				69EEA6411734333D007E3EC9 /* v2planar.vert in Resources */,
				69429542171F3F52004FD74B /* yuv2bgr.frag in Resources */,
				69429543171F3F52004FD74B /* yuv2bgr.vert in Resources */,
				6942953E171EF039004FD74B /* yuv2yuv.frag in Resources */,
				6942953F171EF039004FD74B /* yuv2yuv.vert in Resources */,
				832FD5C416D5B379001CDF65 /* Default-568h@2x.png in Resources */,
			);
			runOnlyForDeploymentPostprocessing = 0;
		};
/* End PBXResourcesBuildPhase section */

/* Begin PBXSourcesBuildPhase section */
		302362D0158A8FEE00B2DF09 /* Sources */ = {
			isa = PBXSourcesBuildPhase;
			buildActionMask = 2147483647;
			files = (
				302362E5158A8FEE00B2DF09 /* main.m in Sources */,
				302362F5158A91C500B2DF09 /* AppDelegate.m in Sources */,
				302362FD158A933300B2DF09 /* GKLobbyViewController.m in Sources */,
				302362FE158A933300B2DF09 /* RootViewController.m in Sources */,
				302362FF158A933300B2DF09 /* GKSessionManager.m in Sources */,
				30236309158A94C400B2DF09 /* Galileo.mm in Sources */,
				3023630C158A957D00B2DF09 /* GKNetController.m in Sources */,
				309AAC4C158AD4BB007015A9 /* UserInputHandler.m in Sources */,
				309AAC50158AD560007015A9 /* VideoViewController.m in Sources */,
				309AAC54158AE2E8007015A9 /* DockConnectorController.m in Sources */,
				309AAC55158AE2E8007015A9 /* UIDevice+ModelDetection.m in Sources */,
				309AAC64158AE960007015A9 /* ShaderUtilities.c in Sources */,
				309AAC6F158AE9F7007015A9 /* CameraInputHandler.m in Sources */,
				309AAC70158AE9F7007015A9 /* OpenGLProcessor.m in Sources */,
				309AAC72158AE9F7007015A9 /* PacketSender.m in Sources */,
				309AAC7D158AF094007015A9 /* OffscreenFBO.m in Sources */,
				309AAC91158AFD87007015A9 /* IpAddress.c in Sources */,
				30DC070615A0013000D74E9F /* OnscreenFBO.m in Sources */,
				30DC070915A0038600D74E9F /* VideoView.m in Sources */,
				3069D8A515A16F4C0038DAAF /* Vp8Encoder.m in Sources */,
				30E162B915A266E4009ED65A /* VideoDecoder.m in Sources */,
				306FC90315A39B4A00FA5DA7 /* Vp8RtpPacketiser.m in Sources */,
				693E8F6F176217A4007FD105 /* RtpPacketiser.m in Sources */,
				690EE77317748F66005C4451 /* RtpDepacketiser.m in Sources */,
				690EE7761774915E005C4451 /* Vp8RtpDepacketiser.m in Sources */,
				690EE779177495BE005C4451 /* iLBCRtpDepacketiser.m in Sources */,
				690EE77F1774D4FC005C4451 /* AudioDevice.cpp in Sources */,
				690EE7841774F20E005C4451 /* AudioInputOutput.mm in Sources */,
			);
			runOnlyForDeploymentPostprocessing = 0;
		};
/* End PBXSourcesBuildPhase section */

/* Begin PBXVariantGroup section */
		302362E1158A8FEE00B2DF09 /* InfoPlist.strings */ = {
			isa = PBXVariantGroup;
			children = (
				302362E2158A8FEE00B2DF09 /* en */,
			);
			name = InfoPlist.strings;
			sourceTree = "<group>";
		};
/* End PBXVariantGroup section */

/* Begin XCBuildConfiguration section */
		302362EA158A8FEE00B2DF09 /* Debug */ = {
			isa = XCBuildConfiguration;
			buildSettings = {
				ALWAYS_SEARCH_USER_PATHS = NO;
				ARCHS = armv7;
				CLANG_ENABLE_OBJC_ARC = YES;
				CLANG_WARN_CONSTANT_CONVERSION = YES;
				CLANG_WARN_ENUM_CONVERSION = YES;
				CLANG_WARN_INT_CONVERSION = YES;
				CLANG_WARN__DUPLICATE_METHOD_MATCH = YES;
				COPY_PHASE_STRIP = NO;
				GCC_C_LANGUAGE_STANDARD = gnu99;
				GCC_DYNAMIC_NO_PIC = NO;
				GCC_OPTIMIZATION_LEVEL = 0;
				GCC_PREPROCESSOR_DEFINITIONS = (
					"DEBUG=1",
					"$(inherited)",
				);
				GCC_SYMBOLS_PRIVATE_EXTERN = NO;
				GCC_VERSION = com.apple.compilers.llvm.clang.1_0;
				GCC_WARN_ABOUT_RETURN_TYPE = YES;
				GCC_WARN_UNINITIALIZED_AUTOS = YES;
				GCC_WARN_UNUSED_VARIABLE = YES;
				IPHONEOS_DEPLOYMENT_TARGET = 5.0;
				SDKROOT = iphoneos;
				TARGETED_DEVICE_FAMILY = "1,2";
				VALID_ARCHS = armv7;
			};
			name = Debug;
		};
		302362EB158A8FEE00B2DF09 /* Release */ = {
			isa = XCBuildConfiguration;
			buildSettings = {
				ALWAYS_SEARCH_USER_PATHS = NO;
				ARCHS = armv7;
				CLANG_ENABLE_OBJC_ARC = YES;
				CLANG_WARN_CONSTANT_CONVERSION = YES;
				CLANG_WARN_ENUM_CONVERSION = YES;
				CLANG_WARN_INT_CONVERSION = YES;
				CLANG_WARN__DUPLICATE_METHOD_MATCH = YES;
				COPY_PHASE_STRIP = YES;
				GCC_C_LANGUAGE_STANDARD = gnu99;
				GCC_VERSION = com.apple.compilers.llvm.clang.1_0;
				GCC_WARN_ABOUT_RETURN_TYPE = YES;
				GCC_WARN_UNINITIALIZED_AUTOS = YES;
				GCC_WARN_UNUSED_VARIABLE = YES;
				IPHONEOS_DEPLOYMENT_TARGET = 5.0;
				OTHER_CFLAGS = "-DNS_BLOCK_ASSERTIONS=1";
				SDKROOT = iphoneos;
				TARGETED_DEVICE_FAMILY = "1,2";
				VALIDATE_PRODUCT = YES;
				VALID_ARCHS = armv7;
			};
			name = Release;
		};
		302362ED158A8FEE00B2DF09 /* Debug */ = {
			isa = XCBuildConfiguration;
			buildSettings = {
				ALWAYS_SEARCH_USER_PATHS = YES;
				FRAMEWORK_SEARCH_PATHS = (
					"$(inherited)",
					"\"$(SRCROOT)/Galileo-iOS-SDK/frameworks\"",
				);
				GCC_PRECOMPILE_PREFIX_HEADER = YES;
				GCC_PREFIX_HEADER = "GalileoHD/GalileoHD-Prefix.pch";
				HEADER_SEARCH_PATHS = (
					vpx/include,
					ilbc/include,
				);
				INFOPLIST_FILE = "GalileoHD/GalileoHD-Info.plist";
				IPHONEOS_DEPLOYMENT_TARGET = 5.0;
				LIBRARY_SEARCH_PATHS = (
					vpx/lib,
					ilbc/lib,
					"\"$(SRCROOT)/ilbc/lib\"",
					"\"$(SRCROOT)/vpx/lib\"",
				);
				PRODUCT_NAME = "$(TARGET_NAME)";
				SDKROOT = iphoneos;
				WRAPPER_EXTENSION = app;
			};
			name = Debug;
		};
		302362EE158A8FEE00B2DF09 /* Release */ = {
			isa = XCBuildConfiguration;
			buildSettings = {
				ALWAYS_SEARCH_USER_PATHS = YES;
				FRAMEWORK_SEARCH_PATHS = (
					"$(inherited)",
					"\"$(SRCROOT)/Galileo-iOS-SDK/frameworks\"",
				);
				GCC_PRECOMPILE_PREFIX_HEADER = YES;
				GCC_PREFIX_HEADER = "GalileoHD/GalileoHD-Prefix.pch";
				HEADER_SEARCH_PATHS = (
					vpx/include,
					ilbc/include,
				);
				INFOPLIST_FILE = "GalileoHD/GalileoHD-Info.plist";
				IPHONEOS_DEPLOYMENT_TARGET = 5.0;
				LIBRARY_SEARCH_PATHS = (
					vpx/lib,
					ilbc/lib,
					"\"$(SRCROOT)/ilbc/lib\"",
					"\"$(SRCROOT)/vpx/lib\"",
				);
				PRODUCT_NAME = "$(TARGET_NAME)";
				SDKROOT = iphoneos;
				WRAPPER_EXTENSION = app;
			};
			name = Release;
		};
/* End XCBuildConfiguration section */

/* Begin XCConfigurationList section */
		302362CE158A8FEE00B2DF09 /* Build configuration list for PBXProject "GalileoHD" */ = {
			isa = XCConfigurationList;
			buildConfigurations = (
				302362EA158A8FEE00B2DF09 /* Debug */,
				302362EB158A8FEE00B2DF09 /* Release */,
			);
			defaultConfigurationIsVisible = 0;
			defaultConfigurationName = Release;
		};
		302362EC158A8FEE00B2DF09 /* Build configuration list for PBXNativeTarget "GalileoHD" */ = {
			isa = XCConfigurationList;
			buildConfigurations = (
				302362ED158A8FEE00B2DF09 /* Debug */,
				302362EE158A8FEE00B2DF09 /* Release */,
			);
			defaultConfigurationIsVisible = 0;
			defaultConfigurationName = Release;
		};
/* End XCConfigurationList section */
	};
	rootObject = 302362CB158A8FEE00B2DF09 /* Project object */;
}
