// !$*UTF8*$!
{
	archiveVersion = 1;
	classes = {
	};
	objectVersion = 46;
	objects = {

/* Begin PBXBuildFile section */
		302362D9158A8FEE00B2DF09 /* UIKit.framework in Frameworks */ = {isa = PBXBuildFile; fileRef = 302362D8158A8FEE00B2DF09 /* UIKit.framework */; };
		302362DB158A8FEE00B2DF09 /* Foundation.framework in Frameworks */ = {isa = PBXBuildFile; fileRef = 302362DA158A8FEE00B2DF09 /* Foundation.framework */; };
		302362DD158A8FEE00B2DF09 /* CoreGraphics.framework in Frameworks */ = {isa = PBXBuildFile; fileRef = 302362DC158A8FEE00B2DF09 /* CoreGraphics.framework */; };
		302362E3158A8FEE00B2DF09 /* InfoPlist.strings in Resources */ = {isa = PBXBuildFile; fileRef = 302362E1158A8FEE00B2DF09 /* InfoPlist.strings */; };
		302362E5158A8FEE00B2DF09 /* main.m in Sources */ = {isa = PBXBuildFile; fileRef = 302362E4158A8FEE00B2DF09 /* main.m */; };
		309AAC7F158AF9A9007015A9 /* CoreMedia.framework in Frameworks */ = {isa = PBXBuildFile; fileRef = 309AAC7E158AF9A9007015A9 /* CoreMedia.framework */; };
		309AAC81158AF9C4007015A9 /* AVFoundation.framework in Frameworks */ = {isa = PBXBuildFile; fileRef = 309AAC80158AF9C4007015A9 /* AVFoundation.framework */; };
		309AAC83158AF9CF007015A9 /* AssetsLibrary.framework in Frameworks */ = {isa = PBXBuildFile; fileRef = 309AAC82158AF9CE007015A9 /* AssetsLibrary.framework */; };
		309AAC85158AF9D9007015A9 /* QuartzCore.framework in Frameworks */ = {isa = PBXBuildFile; fileRef = 309AAC84158AF9D9007015A9 /* QuartzCore.framework */; };
		309AAC87158AF9EC007015A9 /* OpenGLES.framework in Frameworks */ = {isa = PBXBuildFile; fileRef = 309AAC86158AF9EC007015A9 /* OpenGLES.framework */; };
		309AAC8B158AFA18007015A9 /* CoreVideo.framework in Frameworks */ = {isa = PBXBuildFile; fileRef = 309AAC8A158AFA18007015A9 /* CoreVideo.framework */; };
		6907591318ABC42200BEF9B2 /* Hardware.cpp in Sources */ = {isa = PBXBuildFile; fileRef = 6907591118ABC42200BEF9B2 /* Hardware.cpp */; };
		690EE76C1772FAC4005C4451 /* AudioToolbox.framework in Frameworks */ = {isa = PBXBuildFile; fileRef = 690EE76B1772FAC3005C4451 /* AudioToolbox.framework */; };
		693E8F71176234FB007FD105 /* libilbc.a in Frameworks */ = {isa = PBXBuildFile; fileRef = 693E8F70176234FB007FD105 /* libilbc.a */; };
		693E8F7317623506007FD105 /* libvpx.a in Frameworks */ = {isa = PBXBuildFile; fileRef = 693E8F7217623506007FD105 /* libvpx.a */; };
		6942650F18A190DD0044697D /* GLUtils.cpp in Sources */ = {isa = PBXBuildFile; fileRef = 6942650D18A190DD0044697D /* GLUtils.cpp */; };
		69AC29A218EAF9B9006D3E65 /* jmutex.cpp in Sources */ = {isa = PBXBuildFile; fileRef = 69AC29A018EAF9B9006D3E65 /* jmutex.cpp */; };
		69AC29A318EAF9B9006D3E65 /* jthread.cpp in Sources */ = {isa = PBXBuildFile; fileRef = 69AC29A118EAF9B9006D3E65 /* jthread.cpp */; };
		69C1A3A817858B8B00E284F7 /* GLConstants.cpp in Sources */ = {isa = PBXBuildFile; fileRef = 69C1A39317858B8B00E284F7 /* GLConstants.cpp */; };
		69C1A3A917858B8B00E284F7 /* OffscreenFBO.m in Sources */ = {isa = PBXBuildFile; fileRef = 69C1A39617858B8B00E284F7 /* OffscreenFBO.m */; };
		69C1A3AA17858B8B00E284F7 /* OnscreenFBO.m in Sources */ = {isa = PBXBuildFile; fileRef = 69C1A39817858B8B00E284F7 /* OnscreenFBO.m */; };
		69C1A3AB17858B8B00E284F7 /* Shader.cpp in Sources */ = {isa = PBXBuildFile; fileRef = 69C1A39917858B8B00E284F7 /* Shader.cpp */; };
		69C1A3AC17858B8B00E284F7 /* passThrough.frag in Resources */ = {isa = PBXBuildFile; fileRef = 69C1A39C17858B8B00E284F7 /* passThrough.frag */; };
		69C1A3AD17858B8B00E284F7 /* passThrough.vert in Resources */ = {isa = PBXBuildFile; fileRef = 69C1A39D17858B8B00E284F7 /* passThrough.vert */; };
		69C1A3AE17858B8B00E284F7 /* u2planar.frag in Resources */ = {isa = PBXBuildFile; fileRef = 69C1A39E17858B8B00E284F7 /* u2planar.frag */; };
		69C1A3AF17858B8B00E284F7 /* u2planar.vert in Resources */ = {isa = PBXBuildFile; fileRef = 69C1A39F17858B8B00E284F7 /* u2planar.vert */; };
		69C1A3B017858B8B00E284F7 /* v2planar.frag in Resources */ = {isa = PBXBuildFile; fileRef = 69C1A3A017858B8B00E284F7 /* v2planar.frag */; };
		69C1A3B117858B8B00E284F7 /* v2planar.vert in Resources */ = {isa = PBXBuildFile; fileRef = 69C1A3A117858B8B00E284F7 /* v2planar.vert */; };
		69C1A3B217858B8B00E284F7 /* y2planar.frag in Resources */ = {isa = PBXBuildFile; fileRef = 69C1A3A217858B8B00E284F7 /* y2planar.frag */; };
		69C1A3B317858B8B00E284F7 /* y2planar.vert in Resources */ = {isa = PBXBuildFile; fileRef = 69C1A3A317858B8B00E284F7 /* y2planar.vert */; };
		69C1A3B417858B8B00E284F7 /* yuv2bgr.frag in Resources */ = {isa = PBXBuildFile; fileRef = 69C1A3A417858B8B00E284F7 /* yuv2bgr.frag */; };
		69C1A3B517858B8B00E284F7 /* yuv2bgr.vert in Resources */ = {isa = PBXBuildFile; fileRef = 69C1A3A517858B8B00E284F7 /* yuv2bgr.vert */; };
		69C1A3B617858B8B00E284F7 /* yuv2yuv.frag in Resources */ = {isa = PBXBuildFile; fileRef = 69C1A3A617858B8B00E284F7 /* yuv2yuv.frag */; };
		69C1A3B717858B8B00E284F7 /* yuv2yuv.vert in Resources */ = {isa = PBXBuildFile; fileRef = 69C1A3A717858B8B00E284F7 /* yuv2yuv.vert */; };
		69C1A3BC17858B9A00E284F7 /* MoveRecogniser.m in Sources */ = {isa = PBXBuildFile; fileRef = 69C1A3B917858B9A00E284F7 /* MoveRecogniser.m */; };
		69C1A3C917858BD300E284F7 /* AppDelegate.m in Sources */ = {isa = PBXBuildFile; fileRef = 69C1A3BF17858BD300E284F7 /* AppDelegate.m */; };
		69C1A3CA17858BD300E284F7 /* GKLobbyViewController.m in Sources */ = {isa = PBXBuildFile; fileRef = 69C1A3C217858BD300E284F7 /* GKLobbyViewController.m */; };
		69C1A3CB17858BD300E284F7 /* GKNetController.mm in Sources */ = {isa = PBXBuildFile; fileRef = 69C1A3C417858BD300E284F7 /* GKNetController.mm */; };
		69C1A3CC17858BD300E284F7 /* GKSessionManager.m in Sources */ = {isa = PBXBuildFile; fileRef = 69C1A3C617858BD300E284F7 /* GKSessionManager.m */; };
		69C1A3CD17858BD300E284F7 /* RootViewController.mm in Sources */ = {isa = PBXBuildFile; fileRef = 69C1A3C817858BD300E284F7 /* RootViewController.mm */; };
		69C1A3FA17858BE900E284F7 /* AudioDevice.cpp in Sources */ = {isa = PBXBuildFile; fileRef = 69C1A3D017858BE900E284F7 /* AudioDevice.cpp */; };
		69C1A3FB17858BE900E284F7 /* AudioInputOutput.mm in Sources */ = {isa = PBXBuildFile; fileRef = 69C1A3D417858BE900E284F7 /* AudioInputOutput.mm */; };
		69C1A3FC17858BE900E284F7 /* iLBCAudioDecoder.cpp in Sources */ = {isa = PBXBuildFile; fileRef = 69C1A3D517858BE900E284F7 /* iLBCAudioDecoder.cpp */; };
		69C1A3FD17858BE900E284F7 /* iLBCAudioEncoder.cpp in Sources */ = {isa = PBXBuildFile; fileRef = 69C1A3D717858BE900E284F7 /* iLBCAudioEncoder.cpp */; };
		69C1A3FE17858BE900E284F7 /* IpAddress.cpp in Sources */ = {isa = PBXBuildFile; fileRef = 69C1A3DF17858BE900E284F7 /* IpAddress.cpp */; };
		69C1A3FF17858BE900E284F7 /* Socket.cpp in Sources */ = {isa = PBXBuildFile; fileRef = 69C1A3E117858BE900E284F7 /* Socket.cpp */; };
		69C1A40217858BE900E284F7 /* CameraInput.mm in Sources */ = {isa = PBXBuildFile; fileRef = 69C1A3EA17858BE900E284F7 /* CameraInput.mm */; };
		69C1A40317858BE900E284F7 /* OpenGLProcessor.mm in Sources */ = {isa = PBXBuildFile; fileRef = 69C1A3EC17858BE900E284F7 /* OpenGLProcessor.mm */; };
		69C1A40417858BE900E284F7 /* VideoInputOutput.mm in Sources */ = {isa = PBXBuildFile; fileRef = 69C1A3F017858BE900E284F7 /* VideoInputOutput.mm */; };
		69C1A40717858BE900E284F7 /* Vp8VideoDecoder.cpp in Sources */ = {isa = PBXBuildFile; fileRef = 69C1A3F517858BE900E284F7 /* Vp8VideoDecoder.cpp */; };
		69C1A40817858BE900E284F7 /* Vp8VideoEncoder.cpp in Sources */ = {isa = PBXBuildFile; fileRef = 69C1A3F717858BE900E284F7 /* Vp8VideoEncoder.cpp */; };
		69C1A42B17858D8800E284F7 /* DockConnectorController.m in Sources */ = {isa = PBXBuildFile; fileRef = 69C1A42117858D8800E284F7 /* DockConnectorController.m */; };
		69C1A42C17858D8800E284F7 /* RemoteControlGalileo.mm in Sources */ = {isa = PBXBuildFile; fileRef = 69C1A42417858D8800E284F7 /* RemoteControlGalileo.mm */; };
		69C1A42D17858D8800E284F7 /* UserInputHandler.m in Sources */ = {isa = PBXBuildFile; fileRef = 69C1A42617858D8800E284F7 /* UserInputHandler.m */; };
		69C1A42E17858D8800E284F7 /* VideoView.mm in Sources */ = {isa = PBXBuildFile; fileRef = 69C1A42817858D8800E284F7 /* VideoView.mm */; };
		69C1A42F17858D8800E284F7 /* VideoViewController.mm in Sources */ = {isa = PBXBuildFile; fileRef = 69C1A42A17858D8800E284F7 /* VideoViewController.mm */; };
		830C56B7177932A90058015E /* GalileoControl.framework in Frameworks */ = {isa = PBXBuildFile; fileRef = 830C56B6177932A90058015E /* GalileoControl.framework */; };
		830C56B91779341B0058015E /* libxml2.dylib in Frameworks */ = {isa = PBXBuildFile; fileRef = 830C56B81779341B0058015E /* libxml2.dylib */; };
		830C56BB177934230058015E /* ExternalAccessory.framework in Frameworks */ = {isa = PBXBuildFile; fileRef = 830C56BA177934230058015E /* ExternalAccessory.framework */; };
		832FD5C416D5B379001CDF65 /* Default-568h@2x.png in Resources */ = {isa = PBXBuildFile; fileRef = 832FD5C316D5B379001CDF65 /* Default-568h@2x.png */; };
		83619CC9178ABFBF00B9EB20 /* CoreBluetooth.framework in Frameworks */ = {isa = PBXBuildFile; fileRef = 83619CC8178ABFBF00B9EB20 /* CoreBluetooth.framework */; };
		FA0EDE1118E49EB7008407B1 /* libc++.dylib in Frameworks */ = {isa = PBXBuildFile; fileRef = FA0EDE1018E49EB7008407B1 /* libc++.dylib */; };
		FA0EDE6F18E4A6C7008407B1 /* rtpfaketransmitter.cpp in Sources */ = {isa = PBXBuildFile; fileRef = FA0EDE1618E4A6C7008407B1 /* rtpfaketransmitter.cpp */; };
		FA0EDE7018E4A6C7008407B1 /* rtcpapppacket.cpp in Sources */ = {isa = PBXBuildFile; fileRef = FA0EDE1818E4A6C7008407B1 /* rtcpapppacket.cpp */; };
		FA0EDE7118E4A6C7008407B1 /* rtcpbyepacket.cpp in Sources */ = {isa = PBXBuildFile; fileRef = FA0EDE1A18E4A6C7008407B1 /* rtcpbyepacket.cpp */; };
		FA0EDE7218E4A6C7008407B1 /* rtcpcompoundpacket.cpp in Sources */ = {isa = PBXBuildFile; fileRef = FA0EDE1C18E4A6C7008407B1 /* rtcpcompoundpacket.cpp */; };
		FA0EDE7318E4A6C7008407B1 /* rtcpcompoundpacketbuilder.cpp in Sources */ = {isa = PBXBuildFile; fileRef = FA0EDE1E18E4A6C7008407B1 /* rtcpcompoundpacketbuilder.cpp */; };
		FA0EDE7418E4A6C7008407B1 /* rtcppacket.cpp in Sources */ = {isa = PBXBuildFile; fileRef = FA0EDE2018E4A6C7008407B1 /* rtcppacket.cpp */; };
		FA0EDE7518E4A6C7008407B1 /* rtcppacketbuilder.cpp in Sources */ = {isa = PBXBuildFile; fileRef = FA0EDE2218E4A6C7008407B1 /* rtcppacketbuilder.cpp */; };
		FA0EDE7618E4A6C7008407B1 /* rtcprrpacket.cpp in Sources */ = {isa = PBXBuildFile; fileRef = FA0EDE2418E4A6C7008407B1 /* rtcprrpacket.cpp */; };
		FA0EDE7718E4A6C7008407B1 /* rtcpscheduler.cpp in Sources */ = {isa = PBXBuildFile; fileRef = FA0EDE2618E4A6C7008407B1 /* rtcpscheduler.cpp */; };
		FA0EDE7818E4A6C7008407B1 /* rtcpsdesinfo.cpp in Sources */ = {isa = PBXBuildFile; fileRef = FA0EDE2818E4A6C7008407B1 /* rtcpsdesinfo.cpp */; };
		FA0EDE7918E4A6C7008407B1 /* rtcpsdespacket.cpp in Sources */ = {isa = PBXBuildFile; fileRef = FA0EDE2A18E4A6C7008407B1 /* rtcpsdespacket.cpp */; };
		FA0EDE7A18E4A6C7008407B1 /* rtcpsrpacket.cpp in Sources */ = {isa = PBXBuildFile; fileRef = FA0EDE2C18E4A6C7008407B1 /* rtcpsrpacket.cpp */; };
		FA0EDE7B18E4A6C7008407B1 /* rtpbyteaddress.cpp in Sources */ = {isa = PBXBuildFile; fileRef = FA0EDE3018E4A6C7008407B1 /* rtpbyteaddress.cpp */; };
		FA0EDE7C18E4A6C7008407B1 /* rtpcollisionlist.cpp in Sources */ = {isa = PBXBuildFile; fileRef = FA0EDE3218E4A6C7008407B1 /* rtpcollisionlist.cpp */; };
		FA0EDE7D18E4A6C7008407B1 /* rtpconfig.h.in in Resources */ = {isa = PBXBuildFile; fileRef = FA0EDE3418E4A6C7008407B1 /* rtpconfig.h.in */; };
		FA0EDE7E18E4A6C7008407B1 /* rtpdebug.cpp in Sources */ = {isa = PBXBuildFile; fileRef = FA0EDE3518E4A6C7008407B1 /* rtpdebug.cpp */; };
		FA0EDE7F18E4A6C7008407B1 /* rtperrors.cpp in Sources */ = {isa = PBXBuildFile; fileRef = FA0EDE3818E4A6C7008407B1 /* rtperrors.cpp */; };
		FA0EDE8018E4A6C7008407B1 /* rtpexternaltransmitter.cpp in Sources */ = {isa = PBXBuildFile; fileRef = FA0EDE3A18E4A6C7008407B1 /* rtpexternaltransmitter.cpp */; };
		FA0EDE8118E4A6C7008407B1 /* rtpinternalsourcedata.cpp in Sources */ = {isa = PBXBuildFile; fileRef = FA0EDE3D18E4A6C7008407B1 /* rtpinternalsourcedata.cpp */; };
		FA0EDE8218E4A6C7008407B1 /* rtpipv4address.cpp in Sources */ = {isa = PBXBuildFile; fileRef = FA0EDE3F18E4A6C7008407B1 /* rtpipv4address.cpp */; };
		FA0EDE8318E4A6C7008407B1 /* rtpipv6address.cpp in Sources */ = {isa = PBXBuildFile; fileRef = FA0EDE4218E4A6C7008407B1 /* rtpipv6address.cpp */; };
		FA0EDE8418E4A6C7008407B1 /* rtplibraryversion.cpp in Sources */ = {isa = PBXBuildFile; fileRef = FA0EDE4618E4A6C7008407B1 /* rtplibraryversion.cpp */; };
		FA0EDE8518E4A6C7008407B1 /* rtppacket.cpp in Sources */ = {isa = PBXBuildFile; fileRef = FA0EDE4A18E4A6C7008407B1 /* rtppacket.cpp */; };
		FA0EDE8618E4A6C7008407B1 /* rtppacketbuilder.cpp in Sources */ = {isa = PBXBuildFile; fileRef = FA0EDE4C18E4A6C7008407B1 /* rtppacketbuilder.cpp */; };
		FA0EDE8718E4A6C7008407B1 /* rtppollthread.cpp in Sources */ = {isa = PBXBuildFile; fileRef = FA0EDE4E18E4A6C7008407B1 /* rtppollthread.cpp */; };
		FA0EDE8818E4A6C7008407B1 /* rtprandom.cpp in Sources */ = {isa = PBXBuildFile; fileRef = FA0EDE5018E4A6C7008407B1 /* rtprandom.cpp */; };
		FA0EDE8918E4A6C7008407B1 /* rtprandomrand48.cpp in Sources */ = {isa = PBXBuildFile; fileRef = FA0EDE5218E4A6C7008407B1 /* rtprandomrand48.cpp */; };
		FA0EDE8A18E4A6C7008407B1 /* rtprandomrands.cpp in Sources */ = {isa = PBXBuildFile; fileRef = FA0EDE5418E4A6C7008407B1 /* rtprandomrands.cpp */; };
		FA0EDE8B18E4A6C7008407B1 /* rtprandomurandom.cpp in Sources */ = {isa = PBXBuildFile; fileRef = FA0EDE5618E4A6C7008407B1 /* rtprandomurandom.cpp */; };
		FA0EDE8C18E4A6C7008407B1 /* rtpsession.cpp in Sources */ = {isa = PBXBuildFile; fileRef = FA0EDE5918E4A6C7008407B1 /* rtpsession.cpp */; };
		FA0EDE8D18E4A6C7008407B1 /* rtpsessionparams.cpp in Sources */ = {isa = PBXBuildFile; fileRef = FA0EDE5B18E4A6C7008407B1 /* rtpsessionparams.cpp */; };
		FA0EDE8E18E4A6C7008407B1 /* rtpsessionsources.cpp in Sources */ = {isa = PBXBuildFile; fileRef = FA0EDE5D18E4A6C7008407B1 /* rtpsessionsources.cpp */; };
		FA0EDE8F18E4A6C7008407B1 /* rtpsourcedata.cpp in Sources */ = {isa = PBXBuildFile; fileRef = FA0EDE5F18E4A6C7008407B1 /* rtpsourcedata.cpp */; };
		FA0EDE9018E4A6C7008407B1 /* rtpsources.cpp in Sources */ = {isa = PBXBuildFile; fileRef = FA0EDE6118E4A6C7008407B1 /* rtpsources.cpp */; };
		FA0EDE9118E4A6C7008407B1 /* rtptimeutilities.cpp in Sources */ = {isa = PBXBuildFile; fileRef = FA0EDE6418E4A6C7008407B1 /* rtptimeutilities.cpp */; };
		FA0EDE9218E4A6C7008407B1 /* rtptypes.h.in in Resources */ = {isa = PBXBuildFile; fileRef = FA0EDE6718E4A6C7008407B1 /* rtptypes.h.in */; };
		FA0EDE9318E4A6C7008407B1 /* rtpudpv4transmitter.cpp in Sources */ = {isa = PBXBuildFile; fileRef = FA0EDE6918E4A6C7008407B1 /* rtpudpv4transmitter.cpp */; };
		FA0EDE9418E4A6C7008407B1 /* rtpudpv6transmitter.cpp in Sources */ = {isa = PBXBuildFile; fileRef = FA0EDE6B18E4A6C7008407B1 /* rtpudpv6transmitter.cpp */; };
		FA4A801C18F3723F00E9DD37 /* RtpSessionEx.cpp in Sources */ = {isa = PBXBuildFile; fileRef = FA4A801B18F3723F00E9DD37 /* RtpSessionEx.cpp */; };
		FA99DAD318CCF45300C15898 /* MediaOutput.mm in Sources */ = {isa = PBXBuildFile; fileRef = FA99DAD218CCF45300C15898 /* MediaOutput.mm */; };
		FADA235218F7191900961C35 /* GameKit.framework in Frameworks */ = {isa = PBXBuildFile; fileRef = FADA235118F7191900961C35 /* GameKit.framework */; };
/* End PBXBuildFile section */

/* Begin PBXFileReference section */
		302362D4158A8FEE00B2DF09 /* RemoteControlGalileo.app */ = {isa = PBXFileReference; explicitFileType = wrapper.application; includeInIndex = 0; path = RemoteControlGalileo.app; sourceTree = BUILT_PRODUCTS_DIR; };
		302362D8158A8FEE00B2DF09 /* UIKit.framework */ = {isa = PBXFileReference; lastKnownFileType = wrapper.framework; name = UIKit.framework; path = System/Library/Frameworks/UIKit.framework; sourceTree = SDKROOT; };
		302362DA158A8FEE00B2DF09 /* Foundation.framework */ = {isa = PBXFileReference; lastKnownFileType = wrapper.framework; name = Foundation.framework; path = System/Library/Frameworks/Foundation.framework; sourceTree = SDKROOT; };
		302362DC158A8FEE00B2DF09 /* CoreGraphics.framework */ = {isa = PBXFileReference; lastKnownFileType = wrapper.framework; name = CoreGraphics.framework; path = System/Library/Frameworks/CoreGraphics.framework; sourceTree = SDKROOT; };
		302362E0158A8FEE00B2DF09 /* RemoteControlGalileo-Info.plist */ = {isa = PBXFileReference; lastKnownFileType = text.plist.xml; path = "RemoteControlGalileo-Info.plist"; sourceTree = "<group>"; };
		302362E2158A8FEE00B2DF09 /* en */ = {isa = PBXFileReference; lastKnownFileType = text.plist.strings; name = en; path = en.lproj/InfoPlist.strings; sourceTree = "<group>"; };
		302362E4158A8FEE00B2DF09 /* main.m */ = {isa = PBXFileReference; lastKnownFileType = sourcecode.c.objc; path = main.m; sourceTree = "<group>"; };
		302362E6158A8FEE00B2DF09 /* RemoteControlGalileo-Prefix.pch */ = {isa = PBXFileReference; lastKnownFileType = sourcecode.c.h; path = "RemoteControlGalileo-Prefix.pch"; sourceTree = "<group>"; };
		309AAC7E158AF9A9007015A9 /* CoreMedia.framework */ = {isa = PBXFileReference; lastKnownFileType = wrapper.framework; name = CoreMedia.framework; path = System/Library/Frameworks/CoreMedia.framework; sourceTree = SDKROOT; };
		309AAC80158AF9C4007015A9 /* AVFoundation.framework */ = {isa = PBXFileReference; lastKnownFileType = wrapper.framework; name = AVFoundation.framework; path = System/Library/Frameworks/AVFoundation.framework; sourceTree = SDKROOT; };
		309AAC82158AF9CE007015A9 /* AssetsLibrary.framework */ = {isa = PBXFileReference; lastKnownFileType = wrapper.framework; name = AssetsLibrary.framework; path = System/Library/Frameworks/AssetsLibrary.framework; sourceTree = SDKROOT; };
		309AAC84158AF9D9007015A9 /* QuartzCore.framework */ = {isa = PBXFileReference; lastKnownFileType = wrapper.framework; name = QuartzCore.framework; path = System/Library/Frameworks/QuartzCore.framework; sourceTree = SDKROOT; };
		309AAC86158AF9EC007015A9 /* OpenGLES.framework */ = {isa = PBXFileReference; lastKnownFileType = wrapper.framework; name = OpenGLES.framework; path = System/Library/Frameworks/OpenGLES.framework; sourceTree = SDKROOT; };
		309AAC88158AFA04007015A9 /* GLKit.framework */ = {isa = PBXFileReference; lastKnownFileType = wrapper.framework; name = GLKit.framework; path = System/Library/Frameworks/GLKit.framework; sourceTree = SDKROOT; };
		309AAC8A158AFA18007015A9 /* CoreVideo.framework */ = {isa = PBXFileReference; lastKnownFileType = wrapper.framework; name = CoreVideo.framework; path = System/Library/Frameworks/CoreVideo.framework; sourceTree = SDKROOT; };
		6907591118ABC42200BEF9B2 /* Hardware.cpp */ = {isa = PBXFileReference; fileEncoding = 4; lastKnownFileType = sourcecode.cpp.cpp; path = Hardware.cpp; sourceTree = "<group>"; };
		6907591218ABC42200BEF9B2 /* Hardware.h */ = {isa = PBXFileReference; fileEncoding = 4; lastKnownFileType = sourcecode.c.h; path = Hardware.h; sourceTree = "<group>"; };
		690EE76B1772FAC3005C4451 /* AudioToolbox.framework */ = {isa = PBXFileReference; lastKnownFileType = wrapper.framework; name = AudioToolbox.framework; path = System/Library/Frameworks/AudioToolbox.framework; sourceTree = SDKROOT; };
		693E8F70176234FB007FD105 /* libilbc.a */ = {isa = PBXFileReference; lastKnownFileType = archive.ar; name = libilbc.a; path = ilbc/lib/libilbc.a; sourceTree = "<group>"; };
		693E8F7217623506007FD105 /* libvpx.a */ = {isa = PBXFileReference; lastKnownFileType = archive.ar; name = libvpx.a; path = vpx/lib/libvpx.a; sourceTree = "<group>"; };
		6942650D18A190DD0044697D /* GLUtils.cpp */ = {isa = PBXFileReference; fileEncoding = 4; lastKnownFileType = sourcecode.cpp.cpp; path = GLUtils.cpp; sourceTree = "<group>"; };
		6942650E18A190DD0044697D /* GLUtils.h */ = {isa = PBXFileReference; fileEncoding = 4; lastKnownFileType = sourcecode.c.h; path = GLUtils.h; sourceTree = "<group>"; };
		69AC299B18EAF9B9006D3E65 /* jmutex.h */ = {isa = PBXFileReference; fileEncoding = 4; lastKnownFileType = sourcecode.c.h; path = jmutex.h; sourceTree = "<group>"; };
		69AC299C18EAF9B9006D3E65 /* jmutexautolock.h */ = {isa = PBXFileReference; fileEncoding = 4; lastKnownFileType = sourcecode.c.h; path = jmutexautolock.h; sourceTree = "<group>"; };
		69AC299D18EAF9B9006D3E65 /* jthread.h */ = {isa = PBXFileReference; fileEncoding = 4; lastKnownFileType = sourcecode.c.h; path = jthread.h; sourceTree = "<group>"; };
		69AC299E18EAF9B9006D3E65 /* jthreadconfig.h */ = {isa = PBXFileReference; fileEncoding = 4; lastKnownFileType = sourcecode.c.h; path = jthreadconfig.h; sourceTree = "<group>"; };
		69AC29A018EAF9B9006D3E65 /* jmutex.cpp */ = {isa = PBXFileReference; fileEncoding = 4; lastKnownFileType = sourcecode.cpp.cpp; path = jmutex.cpp; sourceTree = "<group>"; };
		69AC29A118EAF9B9006D3E65 /* jthread.cpp */ = {isa = PBXFileReference; fileEncoding = 4; lastKnownFileType = sourcecode.cpp.cpp; path = jthread.cpp; sourceTree = "<group>"; };
		69AC29A518EB5936006D3E65 /* Vp8RTPExtension.h */ = {isa = PBXFileReference; fileEncoding = 4; lastKnownFileType = sourcecode.c.h; path = Vp8RTPExtension.h; sourceTree = "<group>"; };
		69AC29A618EB77DA006D3E65 /* RtpSessionEx.h */ = {isa = PBXFileReference; fileEncoding = 4; lastKnownFileType = sourcecode.c.h; name = RtpSessionEx.h; path = "AV Capture/RtpSessionEx.h"; sourceTree = "<group>"; };
		69C1A39317858B8B00E284F7 /* GLConstants.cpp */ = {isa = PBXFileReference; fileEncoding = 4; lastKnownFileType = sourcecode.cpp.cpp; path = GLConstants.cpp; sourceTree = "<group>"; };
		69C1A39417858B8B00E284F7 /* GLConstants.h */ = {isa = PBXFileReference; fileEncoding = 4; lastKnownFileType = sourcecode.c.h; path = GLConstants.h; sourceTree = "<group>"; };
		69C1A39517858B8B00E284F7 /* OffscreenFBO.h */ = {isa = PBXFileReference; fileEncoding = 4; lastKnownFileType = sourcecode.c.h; path = OffscreenFBO.h; sourceTree = "<group>"; };
		69C1A39617858B8B00E284F7 /* OffscreenFBO.m */ = {isa = PBXFileReference; fileEncoding = 4; lastKnownFileType = sourcecode.c.objc; path = OffscreenFBO.m; sourceTree = "<group>"; };
		69C1A39717858B8B00E284F7 /* OnscreenFBO.h */ = {isa = PBXFileReference; fileEncoding = 4; lastKnownFileType = sourcecode.c.h; path = OnscreenFBO.h; sourceTree = "<group>"; };
		69C1A39817858B8B00E284F7 /* OnscreenFBO.m */ = {isa = PBXFileReference; fileEncoding = 4; lastKnownFileType = sourcecode.c.objc; path = OnscreenFBO.m; sourceTree = "<group>"; };
		69C1A39917858B8B00E284F7 /* Shader.cpp */ = {isa = PBXFileReference; fileEncoding = 4; lastKnownFileType = sourcecode.cpp.cpp; path = Shader.cpp; sourceTree = "<group>"; };
		69C1A39A17858B8B00E284F7 /* Shader.h */ = {isa = PBXFileReference; fileEncoding = 4; lastKnownFileType = sourcecode.c.h; path = Shader.h; sourceTree = "<group>"; };
		69C1A39C17858B8B00E284F7 /* passThrough.frag */ = {isa = PBXFileReference; fileEncoding = 4; lastKnownFileType = sourcecode.glsl; path = passThrough.frag; sourceTree = "<group>"; };
		69C1A39D17858B8B00E284F7 /* passThrough.vert */ = {isa = PBXFileReference; fileEncoding = 4; lastKnownFileType = sourcecode.glsl; path = passThrough.vert; sourceTree = "<group>"; };
		69C1A39E17858B8B00E284F7 /* u2planar.frag */ = {isa = PBXFileReference; fileEncoding = 4; lastKnownFileType = sourcecode.glsl; path = u2planar.frag; sourceTree = "<group>"; };
		69C1A39F17858B8B00E284F7 /* u2planar.vert */ = {isa = PBXFileReference; fileEncoding = 4; lastKnownFileType = sourcecode.glsl; path = u2planar.vert; sourceTree = "<group>"; };
		69C1A3A017858B8B00E284F7 /* v2planar.frag */ = {isa = PBXFileReference; fileEncoding = 4; lastKnownFileType = sourcecode.glsl; path = v2planar.frag; sourceTree = "<group>"; };
		69C1A3A117858B8B00E284F7 /* v2planar.vert */ = {isa = PBXFileReference; fileEncoding = 4; lastKnownFileType = sourcecode.glsl; path = v2planar.vert; sourceTree = "<group>"; };
		69C1A3A217858B8B00E284F7 /* y2planar.frag */ = {isa = PBXFileReference; fileEncoding = 4; lastKnownFileType = sourcecode.glsl; path = y2planar.frag; sourceTree = "<group>"; };
		69C1A3A317858B8B00E284F7 /* y2planar.vert */ = {isa = PBXFileReference; fileEncoding = 4; lastKnownFileType = sourcecode.glsl; path = y2planar.vert; sourceTree = "<group>"; };
		69C1A3A417858B8B00E284F7 /* yuv2bgr.frag */ = {isa = PBXFileReference; fileEncoding = 4; lastKnownFileType = sourcecode.glsl; path = yuv2bgr.frag; sourceTree = "<group>"; };
		69C1A3A517858B8B00E284F7 /* yuv2bgr.vert */ = {isa = PBXFileReference; fileEncoding = 4; lastKnownFileType = sourcecode.glsl; path = yuv2bgr.vert; sourceTree = "<group>"; };
		69C1A3A617858B8B00E284F7 /* yuv2yuv.frag */ = {isa = PBXFileReference; fileEncoding = 4; lastKnownFileType = sourcecode.glsl; path = yuv2yuv.frag; sourceTree = "<group>"; };
		69C1A3A717858B8B00E284F7 /* yuv2yuv.vert */ = {isa = PBXFileReference; fileEncoding = 4; lastKnownFileType = sourcecode.glsl; path = yuv2yuv.vert; sourceTree = "<group>"; };
		69C1A3B817858B9A00E284F7 /* MoveRecogniser.h */ = {isa = PBXFileReference; fileEncoding = 4; lastKnownFileType = sourcecode.c.h; name = MoveRecogniser.h; path = RemoteControlGalileo/Utils/MoveRecogniser.h; sourceTree = SOURCE_ROOT; };
		69C1A3B917858B9A00E284F7 /* MoveRecogniser.m */ = {isa = PBXFileReference; fileEncoding = 4; lastKnownFileType = sourcecode.c.objc; name = MoveRecogniser.m; path = RemoteControlGalileo/Utils/MoveRecogniser.m; sourceTree = SOURCE_ROOT; };
		69C1A3BE17858BD300E284F7 /* AppDelegate.h */ = {isa = PBXFileReference; fileEncoding = 4; lastKnownFileType = sourcecode.c.h; name = AppDelegate.h; path = Initialisation/AppDelegate.h; sourceTree = "<group>"; };
		69C1A3BF17858BD300E284F7 /* AppDelegate.m */ = {isa = PBXFileReference; fileEncoding = 4; lastKnownFileType = sourcecode.c.objc; name = AppDelegate.m; path = Initialisation/AppDelegate.m; sourceTree = "<group>"; };
		69C1A3C017858BD300E284F7 /* GKCommon.h */ = {isa = PBXFileReference; fileEncoding = 4; lastKnownFileType = sourcecode.c.h; name = GKCommon.h; path = Initialisation/GKCommon.h; sourceTree = "<group>"; };
		69C1A3C117858BD300E284F7 /* GKLobbyViewController.h */ = {isa = PBXFileReference; fileEncoding = 4; lastKnownFileType = sourcecode.c.h; name = GKLobbyViewController.h; path = Initialisation/GKLobbyViewController.h; sourceTree = "<group>"; };
		69C1A3C217858BD300E284F7 /* GKLobbyViewController.m */ = {isa = PBXFileReference; fileEncoding = 4; lastKnownFileType = sourcecode.c.objc; name = GKLobbyViewController.m; path = Initialisation/GKLobbyViewController.m; sourceTree = "<group>"; };
		69C1A3C317858BD300E284F7 /* GKNetController.h */ = {isa = PBXFileReference; fileEncoding = 4; lastKnownFileType = sourcecode.c.h; name = GKNetController.h; path = Initialisation/GKNetController.h; sourceTree = "<group>"; };
		69C1A3C417858BD300E284F7 /* GKNetController.mm */ = {isa = PBXFileReference; fileEncoding = 4; lastKnownFileType = sourcecode.cpp.objcpp; name = GKNetController.mm; path = Initialisation/GKNetController.mm; sourceTree = "<group>"; };
		69C1A3C517858BD300E284F7 /* GKSessionManager.h */ = {isa = PBXFileReference; fileEncoding = 4; lastKnownFileType = sourcecode.c.h; name = GKSessionManager.h; path = Initialisation/GKSessionManager.h; sourceTree = "<group>"; };
		69C1A3C617858BD300E284F7 /* GKSessionManager.m */ = {isa = PBXFileReference; fileEncoding = 4; lastKnownFileType = sourcecode.c.objc; name = GKSessionManager.m; path = Initialisation/GKSessionManager.m; sourceTree = "<group>"; };
		69C1A3C717858BD300E284F7 /* RootViewController.h */ = {isa = PBXFileReference; fileEncoding = 4; lastKnownFileType = sourcecode.c.h; name = RootViewController.h; path = Initialisation/RootViewController.h; sourceTree = "<group>"; };
		69C1A3C817858BD300E284F7 /* RootViewController.mm */ = {isa = PBXFileReference; fileEncoding = 4; lastKnownFileType = sourcecode.cpp.objcpp; name = RootViewController.mm; path = Initialisation/RootViewController.mm; sourceTree = "<group>"; };
		69C1A3CF17858BE900E284F7 /* AudioDecoder.h */ = {isa = PBXFileReference; fileEncoding = 4; lastKnownFileType = sourcecode.c.h; path = AudioDecoder.h; sourceTree = "<group>"; };
		69C1A3D017858BE900E284F7 /* AudioDevice.cpp */ = {isa = PBXFileReference; fileEncoding = 4; lastKnownFileType = sourcecode.cpp.cpp; path = AudioDevice.cpp; sourceTree = "<group>"; };
		69C1A3D117858BE900E284F7 /* AudioDevice.h */ = {isa = PBXFileReference; fileEncoding = 4; lastKnownFileType = sourcecode.c.h; path = AudioDevice.h; sourceTree = "<group>"; };
		69C1A3D217858BE900E284F7 /* AudioEncoder.h */ = {isa = PBXFileReference; fileEncoding = 4; lastKnownFileType = sourcecode.c.h; path = AudioEncoder.h; sourceTree = "<group>"; };
		69C1A3D317858BE900E284F7 /* AudioInputOutput.h */ = {isa = PBXFileReference; fileEncoding = 4; lastKnownFileType = sourcecode.c.h; path = AudioInputOutput.h; sourceTree = "<group>"; };
		69C1A3D417858BE900E284F7 /* AudioInputOutput.mm */ = {isa = PBXFileReference; fileEncoding = 4; lastKnownFileType = sourcecode.cpp.objcpp; path = AudioInputOutput.mm; sourceTree = "<group>"; };
		69C1A3D517858BE900E284F7 /* iLBCAudioDecoder.cpp */ = {isa = PBXFileReference; fileEncoding = 4; lastKnownFileType = sourcecode.cpp.cpp; path = iLBCAudioDecoder.cpp; sourceTree = "<group>"; };
		69C1A3D617858BE900E284F7 /* iLBCAudioDecoder.h */ = {isa = PBXFileReference; fileEncoding = 4; lastKnownFileType = sourcecode.c.h; path = iLBCAudioDecoder.h; sourceTree = "<group>"; };
		69C1A3D717858BE900E284F7 /* iLBCAudioEncoder.cpp */ = {isa = PBXFileReference; fileEncoding = 4; lastKnownFileType = sourcecode.cpp.cpp; path = iLBCAudioEncoder.cpp; sourceTree = "<group>"; };
		69C1A3D817858BE900E284F7 /* iLBCAudioEncoder.h */ = {isa = PBXFileReference; fileEncoding = 4; lastKnownFileType = sourcecode.c.h; path = iLBCAudioEncoder.h; sourceTree = "<group>"; };
		69C1A3DA17858BE900E284F7 /* Buffer.h */ = {isa = PBXFileReference; fileEncoding = 4; lastKnownFileType = sourcecode.c.h; path = Buffer.h; sourceTree = "<group>"; };
		69C1A3DB17858BE900E284F7 /* FIFOBuffer.h */ = {isa = PBXFileReference; fileEncoding = 4; lastKnownFileType = sourcecode.c.h; path = FIFOBuffer.h; sourceTree = "<group>"; };
		69C1A3DC17858BE900E284F7 /* FIFOBufferImpl.h */ = {isa = PBXFileReference; fileEncoding = 4; lastKnownFileType = sourcecode.c.h; path = FIFOBufferImpl.h; sourceTree = "<group>"; };
		69C1A3DD17858BE900E284F7 /* Function.h */ = {isa = PBXFileReference; fileEncoding = 4; lastKnownFileType = sourcecode.c.h; path = Function.h; sourceTree = "<group>"; };
		69C1A3DE17858BE900E284F7 /* FunctionTemplate.h */ = {isa = PBXFileReference; fileEncoding = 4; lastKnownFileType = sourcecode.c.h; path = FunctionTemplate.h; sourceTree = "<group>"; };
		69C1A3DF17858BE900E284F7 /* IpAddress.cpp */ = {isa = PBXFileReference; fileEncoding = 4; lastKnownFileType = sourcecode.cpp.cpp; path = IpAddress.cpp; sourceTree = "<group>"; };
		69C1A3E017858BE900E284F7 /* IpAddress.h */ = {isa = PBXFileReference; fileEncoding = 4; lastKnownFileType = sourcecode.c.h; path = IpAddress.h; sourceTree = "<group>"; };
		69C1A3E117858BE900E284F7 /* Socket.cpp */ = {isa = PBXFileReference; fileEncoding = 4; lastKnownFileType = sourcecode.cpp.cpp; path = Socket.cpp; sourceTree = "<group>"; };
		69C1A3E217858BE900E284F7 /* Socket.h */ = {isa = PBXFileReference; fileEncoding = 4; lastKnownFileType = sourcecode.c.h; path = Socket.h; sourceTree = "<group>"; };
		69C1A3E317858BE900E284F7 /* Timer.h */ = {isa = PBXFileReference; fileEncoding = 4; lastKnownFileType = sourcecode.c.h; path = Timer.h; sourceTree = "<group>"; };
		69C1A3E917858BE900E284F7 /* CameraInput.h */ = {isa = PBXFileReference; fileEncoding = 4; lastKnownFileType = sourcecode.c.h; path = CameraInput.h; sourceTree = "<group>"; };
		69C1A3EA17858BE900E284F7 /* CameraInput.mm */ = {isa = PBXFileReference; fileEncoding = 4; lastKnownFileType = sourcecode.cpp.objcpp; path = CameraInput.mm; sourceTree = "<group>"; };
		69C1A3EB17858BE900E284F7 /* OpenGLProcessor.h */ = {isa = PBXFileReference; fileEncoding = 4; lastKnownFileType = sourcecode.c.h; path = OpenGLProcessor.h; sourceTree = "<group>"; };
		69C1A3EC17858BE900E284F7 /* OpenGLProcessor.mm */ = {isa = PBXFileReference; fileEncoding = 4; lastKnownFileType = sourcecode.cpp.objcpp; path = OpenGLProcessor.mm; sourceTree = "<group>"; };
		69C1A3ED17858BE900E284F7 /* VideoDecoder.h */ = {isa = PBXFileReference; fileEncoding = 4; lastKnownFileType = sourcecode.c.h; path = VideoDecoder.h; sourceTree = "<group>"; };
		69C1A3EE17858BE900E284F7 /* VideoEncoder.h */ = {isa = PBXFileReference; fileEncoding = 4; lastKnownFileType = sourcecode.c.h; path = VideoEncoder.h; sourceTree = "<group>"; };
		69C1A3EF17858BE900E284F7 /* VideoInputOutput.h */ = {isa = PBXFileReference; fileEncoding = 4; lastKnownFileType = sourcecode.c.h; path = VideoInputOutput.h; sourceTree = "<group>"; };
		69C1A3F017858BE900E284F7 /* VideoInputOutput.mm */ = {isa = PBXFileReference; fileEncoding = 4; lastKnownFileType = sourcecode.cpp.objcpp; path = VideoInputOutput.mm; sourceTree = "<group>"; };
		69C1A3F517858BE900E284F7 /* Vp8VideoDecoder.cpp */ = {isa = PBXFileReference; fileEncoding = 4; lastKnownFileType = sourcecode.cpp.cpp; path = Vp8VideoDecoder.cpp; sourceTree = "<group>"; };
		69C1A3F617858BE900E284F7 /* Vp8VideoDecoder.h */ = {isa = PBXFileReference; fileEncoding = 4; lastKnownFileType = sourcecode.c.h; path = Vp8VideoDecoder.h; sourceTree = "<group>"; };
		69C1A3F717858BE900E284F7 /* Vp8VideoEncoder.cpp */ = {isa = PBXFileReference; fileEncoding = 4; lastKnownFileType = sourcecode.cpp.cpp; path = Vp8VideoEncoder.cpp; sourceTree = "<group>"; };
		69C1A3F817858BE900E284F7 /* Vp8VideoEncoder.h */ = {isa = PBXFileReference; fileEncoding = 4; lastKnownFileType = sourcecode.c.h; path = Vp8VideoEncoder.h; sourceTree = "<group>"; };
		69C1A3F917858BE900E284F7 /* VideoTxRxCommon.h */ = {isa = PBXFileReference; fileEncoding = 4; lastKnownFileType = sourcecode.c.h; name = VideoTxRxCommon.h; path = "AV Capture/VideoTxRxCommon.h"; sourceTree = "<group>"; };
		69C1A42017858D8800E284F7 /* DockConnectorController.h */ = {isa = PBXFileReference; fileEncoding = 4; lastKnownFileType = sourcecode.c.h; name = DockConnectorController.h; path = RemoteControlGalileo/Main/DockConnectorController.h; sourceTree = "<group>"; };
		69C1A42117858D8800E284F7 /* DockConnectorController.m */ = {isa = PBXFileReference; fileEncoding = 4; lastKnownFileType = sourcecode.c.objc; name = DockConnectorController.m; path = RemoteControlGalileo/Main/DockConnectorController.m; sourceTree = "<group>"; };
		69C1A42217858D8800E284F7 /* GalileoCommon.h */ = {isa = PBXFileReference; fileEncoding = 4; lastKnownFileType = sourcecode.c.h; name = GalileoCommon.h; path = RemoteControlGalileo/Main/GalileoCommon.h; sourceTree = "<group>"; };
		69C1A42317858D8800E284F7 /* RemoteControlGalileo.h */ = {isa = PBXFileReference; fileEncoding = 4; lastKnownFileType = sourcecode.c.h; name = RemoteControlGalileo.h; path = RemoteControlGalileo/Main/RemoteControlGalileo.h; sourceTree = "<group>"; };
		69C1A42417858D8800E284F7 /* RemoteControlGalileo.mm */ = {isa = PBXFileReference; fileEncoding = 4; lastKnownFileType = sourcecode.cpp.objcpp; name = RemoteControlGalileo.mm; path = RemoteControlGalileo/Main/RemoteControlGalileo.mm; sourceTree = "<group>"; };
		69C1A42517858D8800E284F7 /* UserInputHandler.h */ = {isa = PBXFileReference; fileEncoding = 4; lastKnownFileType = sourcecode.c.h; name = UserInputHandler.h; path = RemoteControlGalileo/Main/UserInputHandler.h; sourceTree = "<group>"; };
		69C1A42617858D8800E284F7 /* UserInputHandler.m */ = {isa = PBXFileReference; fileEncoding = 4; lastKnownFileType = sourcecode.c.objc; name = UserInputHandler.m; path = RemoteControlGalileo/Main/UserInputHandler.m; sourceTree = "<group>"; };
		69C1A42717858D8800E284F7 /* VideoView.h */ = {isa = PBXFileReference; fileEncoding = 4; lastKnownFileType = sourcecode.c.h; name = VideoView.h; path = RemoteControlGalileo/Main/VideoView.h; sourceTree = "<group>"; };
		69C1A42817858D8800E284F7 /* VideoView.mm */ = {isa = PBXFileReference; fileEncoding = 4; lastKnownFileType = sourcecode.cpp.objcpp; name = VideoView.mm; path = RemoteControlGalileo/Main/VideoView.mm; sourceTree = "<group>"; };
		69C1A42917858D8800E284F7 /* VideoViewController.h */ = {isa = PBXFileReference; fileEncoding = 4; lastKnownFileType = sourcecode.c.h; name = VideoViewController.h; path = RemoteControlGalileo/Main/VideoViewController.h; sourceTree = "<group>"; };
		69C1A42A17858D8800E284F7 /* VideoViewController.mm */ = {isa = PBXFileReference; fileEncoding = 4; lastKnownFileType = sourcecode.cpp.objcpp; name = VideoViewController.mm; path = RemoteControlGalileo/Main/VideoViewController.mm; sourceTree = "<group>"; };
		830C56B6177932A90058015E /* GalileoControl.framework */ = {isa = PBXFileReference; lastKnownFileType = wrapper.framework; name = GalileoControl.framework; path = "Galileo-iOS-SDK/frameworks/GalileoControl.framework"; sourceTree = "<group>"; };
		830C56B81779341B0058015E /* libxml2.dylib */ = {isa = PBXFileReference; lastKnownFileType = "compiled.mach-o.dylib"; name = libxml2.dylib; path = usr/lib/libxml2.dylib; sourceTree = SDKROOT; };
		830C56BA177934230058015E /* ExternalAccessory.framework */ = {isa = PBXFileReference; lastKnownFileType = wrapper.framework; name = ExternalAccessory.framework; path = System/Library/Frameworks/ExternalAccessory.framework; sourceTree = SDKROOT; };
		832FD5C316D5B379001CDF65 /* Default-568h@2x.png */ = {isa = PBXFileReference; lastKnownFileType = image.png; name = "Default-568h@2x.png"; path = "en.lproj/Default-568h@2x.png"; sourceTree = "<group>"; };
		83619CC8178ABFBF00B9EB20 /* CoreBluetooth.framework */ = {isa = PBXFileReference; lastKnownFileType = wrapper.framework; name = CoreBluetooth.framework; path = System/Library/Frameworks/CoreBluetooth.framework; sourceTree = SDKROOT; };
		FA0EDE1018E49EB7008407B1 /* libc++.dylib */ = {isa = PBXFileReference; lastKnownFileType = "compiled.mach-o.dylib"; name = "libc++.dylib"; path = "usr/lib/libc++.dylib"; sourceTree = SDKROOT; };
		FA0EDE1618E4A6C7008407B1 /* rtpfaketransmitter.cpp */ = {isa = PBXFileReference; fileEncoding = 4; lastKnownFileType = sourcecode.cpp.cpp; path = rtpfaketransmitter.cpp; sourceTree = "<group>"; };
		FA0EDE1718E4A6C7008407B1 /* rtpfaketransmitter.h */ = {isa = PBXFileReference; fileEncoding = 4; lastKnownFileType = sourcecode.c.h; path = rtpfaketransmitter.h; sourceTree = "<group>"; };
		FA0EDE1818E4A6C7008407B1 /* rtcpapppacket.cpp */ = {isa = PBXFileReference; fileEncoding = 4; lastKnownFileType = sourcecode.cpp.cpp; path = rtcpapppacket.cpp; sourceTree = "<group>"; };
		FA0EDE1918E4A6C7008407B1 /* rtcpapppacket.h */ = {isa = PBXFileReference; fileEncoding = 4; lastKnownFileType = sourcecode.c.h; path = rtcpapppacket.h; sourceTree = "<group>"; };
		FA0EDE1A18E4A6C7008407B1 /* rtcpbyepacket.cpp */ = {isa = PBXFileReference; fileEncoding = 4; lastKnownFileType = sourcecode.cpp.cpp; path = rtcpbyepacket.cpp; sourceTree = "<group>"; };
		FA0EDE1B18E4A6C7008407B1 /* rtcpbyepacket.h */ = {isa = PBXFileReference; fileEncoding = 4; lastKnownFileType = sourcecode.c.h; path = rtcpbyepacket.h; sourceTree = "<group>"; };
		FA0EDE1C18E4A6C7008407B1 /* rtcpcompoundpacket.cpp */ = {isa = PBXFileReference; fileEncoding = 4; lastKnownFileType = sourcecode.cpp.cpp; path = rtcpcompoundpacket.cpp; sourceTree = "<group>"; };
		FA0EDE1D18E4A6C7008407B1 /* rtcpcompoundpacket.h */ = {isa = PBXFileReference; fileEncoding = 4; lastKnownFileType = sourcecode.c.h; path = rtcpcompoundpacket.h; sourceTree = "<group>"; };
		FA0EDE1E18E4A6C7008407B1 /* rtcpcompoundpacketbuilder.cpp */ = {isa = PBXFileReference; fileEncoding = 4; lastKnownFileType = sourcecode.cpp.cpp; path = rtcpcompoundpacketbuilder.cpp; sourceTree = "<group>"; };
		FA0EDE1F18E4A6C7008407B1 /* rtcpcompoundpacketbuilder.h */ = {isa = PBXFileReference; fileEncoding = 4; lastKnownFileType = sourcecode.c.h; path = rtcpcompoundpacketbuilder.h; sourceTree = "<group>"; };
		FA0EDE2018E4A6C7008407B1 /* rtcppacket.cpp */ = {isa = PBXFileReference; fileEncoding = 4; lastKnownFileType = sourcecode.cpp.cpp; path = rtcppacket.cpp; sourceTree = "<group>"; };
		FA0EDE2118E4A6C7008407B1 /* rtcppacket.h */ = {isa = PBXFileReference; fileEncoding = 4; lastKnownFileType = sourcecode.c.h; path = rtcppacket.h; sourceTree = "<group>"; };
		FA0EDE2218E4A6C7008407B1 /* rtcppacketbuilder.cpp */ = {isa = PBXFileReference; fileEncoding = 4; lastKnownFileType = sourcecode.cpp.cpp; path = rtcppacketbuilder.cpp; sourceTree = "<group>"; };
		FA0EDE2318E4A6C7008407B1 /* rtcppacketbuilder.h */ = {isa = PBXFileReference; fileEncoding = 4; lastKnownFileType = sourcecode.c.h; path = rtcppacketbuilder.h; sourceTree = "<group>"; };
		FA0EDE2418E4A6C7008407B1 /* rtcprrpacket.cpp */ = {isa = PBXFileReference; fileEncoding = 4; lastKnownFileType = sourcecode.cpp.cpp; path = rtcprrpacket.cpp; sourceTree = "<group>"; };
		FA0EDE2518E4A6C7008407B1 /* rtcprrpacket.h */ = {isa = PBXFileReference; fileEncoding = 4; lastKnownFileType = sourcecode.c.h; path = rtcprrpacket.h; sourceTree = "<group>"; };
		FA0EDE2618E4A6C7008407B1 /* rtcpscheduler.cpp */ = {isa = PBXFileReference; fileEncoding = 4; lastKnownFileType = sourcecode.cpp.cpp; path = rtcpscheduler.cpp; sourceTree = "<group>"; };
		FA0EDE2718E4A6C7008407B1 /* rtcpscheduler.h */ = {isa = PBXFileReference; fileEncoding = 4; lastKnownFileType = sourcecode.c.h; path = rtcpscheduler.h; sourceTree = "<group>"; };
		FA0EDE2818E4A6C7008407B1 /* rtcpsdesinfo.cpp */ = {isa = PBXFileReference; fileEncoding = 4; lastKnownFileType = sourcecode.cpp.cpp; path = rtcpsdesinfo.cpp; sourceTree = "<group>"; };
		FA0EDE2918E4A6C7008407B1 /* rtcpsdesinfo.h */ = {isa = PBXFileReference; fileEncoding = 4; lastKnownFileType = sourcecode.c.h; path = rtcpsdesinfo.h; sourceTree = "<group>"; };
		FA0EDE2A18E4A6C7008407B1 /* rtcpsdespacket.cpp */ = {isa = PBXFileReference; fileEncoding = 4; lastKnownFileType = sourcecode.cpp.cpp; path = rtcpsdespacket.cpp; sourceTree = "<group>"; };
		FA0EDE2B18E4A6C7008407B1 /* rtcpsdespacket.h */ = {isa = PBXFileReference; fileEncoding = 4; lastKnownFileType = sourcecode.c.h; path = rtcpsdespacket.h; sourceTree = "<group>"; };
		FA0EDE2C18E4A6C7008407B1 /* rtcpsrpacket.cpp */ = {isa = PBXFileReference; fileEncoding = 4; lastKnownFileType = sourcecode.cpp.cpp; path = rtcpsrpacket.cpp; sourceTree = "<group>"; };
		FA0EDE2D18E4A6C7008407B1 /* rtcpsrpacket.h */ = {isa = PBXFileReference; fileEncoding = 4; lastKnownFileType = sourcecode.c.h; path = rtcpsrpacket.h; sourceTree = "<group>"; };
		FA0EDE2E18E4A6C7008407B1 /* rtcpunknownpacket.h */ = {isa = PBXFileReference; fileEncoding = 4; lastKnownFileType = sourcecode.c.h; path = rtcpunknownpacket.h; sourceTree = "<group>"; };
		FA0EDE2F18E4A6C7008407B1 /* rtpaddress.h */ = {isa = PBXFileReference; fileEncoding = 4; lastKnownFileType = sourcecode.c.h; path = rtpaddress.h; sourceTree = "<group>"; };
		FA0EDE3018E4A6C7008407B1 /* rtpbyteaddress.cpp */ = {isa = PBXFileReference; fileEncoding = 4; lastKnownFileType = sourcecode.cpp.cpp; path = rtpbyteaddress.cpp; sourceTree = "<group>"; };
		FA0EDE3118E4A6C7008407B1 /* rtpbyteaddress.h */ = {isa = PBXFileReference; fileEncoding = 4; lastKnownFileType = sourcecode.c.h; path = rtpbyteaddress.h; sourceTree = "<group>"; };
		FA0EDE3218E4A6C7008407B1 /* rtpcollisionlist.cpp */ = {isa = PBXFileReference; fileEncoding = 4; lastKnownFileType = sourcecode.cpp.cpp; path = rtpcollisionlist.cpp; sourceTree = "<group>"; };
		FA0EDE3318E4A6C7008407B1 /* rtpcollisionlist.h */ = {isa = PBXFileReference; fileEncoding = 4; lastKnownFileType = sourcecode.c.h; path = rtpcollisionlist.h; sourceTree = "<group>"; };
		FA0EDE3418E4A6C7008407B1 /* rtpconfig.h.in */ = {isa = PBXFileReference; fileEncoding = 4; lastKnownFileType = text; path = rtpconfig.h.in; sourceTree = "<group>"; };
		FA0EDE3518E4A6C7008407B1 /* rtpdebug.cpp */ = {isa = PBXFileReference; fileEncoding = 4; lastKnownFileType = sourcecode.cpp.cpp; path = rtpdebug.cpp; sourceTree = "<group>"; };
		FA0EDE3618E4A6C7008407B1 /* rtpdebug.h */ = {isa = PBXFileReference; fileEncoding = 4; lastKnownFileType = sourcecode.c.h; path = rtpdebug.h; sourceTree = "<group>"; };
		FA0EDE3718E4A6C7008407B1 /* rtpdefines.h */ = {isa = PBXFileReference; fileEncoding = 4; lastKnownFileType = sourcecode.c.h; path = rtpdefines.h; sourceTree = "<group>"; };
		FA0EDE3818E4A6C7008407B1 /* rtperrors.cpp */ = {isa = PBXFileReference; fileEncoding = 4; lastKnownFileType = sourcecode.cpp.cpp; path = rtperrors.cpp; sourceTree = "<group>"; };
		FA0EDE3918E4A6C7008407B1 /* rtperrors.h */ = {isa = PBXFileReference; fileEncoding = 4; lastKnownFileType = sourcecode.c.h; path = rtperrors.h; sourceTree = "<group>"; };
		FA0EDE3A18E4A6C7008407B1 /* rtpexternaltransmitter.cpp */ = {isa = PBXFileReference; fileEncoding = 4; lastKnownFileType = sourcecode.cpp.cpp; path = rtpexternaltransmitter.cpp; sourceTree = "<group>"; };
		FA0EDE3B18E4A6C7008407B1 /* rtpexternaltransmitter.h */ = {isa = PBXFileReference; fileEncoding = 4; lastKnownFileType = sourcecode.c.h; path = rtpexternaltransmitter.h; sourceTree = "<group>"; };
		FA0EDE3C18E4A6C7008407B1 /* rtphashtable.h */ = {isa = PBXFileReference; fileEncoding = 4; lastKnownFileType = sourcecode.c.h; path = rtphashtable.h; sourceTree = "<group>"; };
		FA0EDE3D18E4A6C7008407B1 /* rtpinternalsourcedata.cpp */ = {isa = PBXFileReference; fileEncoding = 4; lastKnownFileType = sourcecode.cpp.cpp; path = rtpinternalsourcedata.cpp; sourceTree = "<group>"; };
		FA0EDE3E18E4A6C7008407B1 /* rtpinternalsourcedata.h */ = {isa = PBXFileReference; fileEncoding = 4; lastKnownFileType = sourcecode.c.h; path = rtpinternalsourcedata.h; sourceTree = "<group>"; };
		FA0EDE3F18E4A6C7008407B1 /* rtpipv4address.cpp */ = {isa = PBXFileReference; fileEncoding = 4; lastKnownFileType = sourcecode.cpp.cpp; path = rtpipv4address.cpp; sourceTree = "<group>"; };
		FA0EDE4018E4A6C7008407B1 /* rtpipv4address.h */ = {isa = PBXFileReference; fileEncoding = 4; lastKnownFileType = sourcecode.c.h; path = rtpipv4address.h; sourceTree = "<group>"; };
		FA0EDE4118E4A6C7008407B1 /* rtpipv4destination.h */ = {isa = PBXFileReference; fileEncoding = 4; lastKnownFileType = sourcecode.c.h; path = rtpipv4destination.h; sourceTree = "<group>"; };
		FA0EDE4218E4A6C7008407B1 /* rtpipv6address.cpp */ = {isa = PBXFileReference; fileEncoding = 4; lastKnownFileType = sourcecode.cpp.cpp; path = rtpipv6address.cpp; sourceTree = "<group>"; };
		FA0EDE4318E4A6C7008407B1 /* rtpipv6address.h */ = {isa = PBXFileReference; fileEncoding = 4; lastKnownFileType = sourcecode.c.h; path = rtpipv6address.h; sourceTree = "<group>"; };
		FA0EDE4418E4A6C7008407B1 /* rtpipv6destination.h */ = {isa = PBXFileReference; fileEncoding = 4; lastKnownFileType = sourcecode.c.h; path = rtpipv6destination.h; sourceTree = "<group>"; };
		FA0EDE4518E4A6C7008407B1 /* rtpkeyhashtable.h */ = {isa = PBXFileReference; fileEncoding = 4; lastKnownFileType = sourcecode.c.h; path = rtpkeyhashtable.h; sourceTree = "<group>"; };
		FA0EDE4618E4A6C7008407B1 /* rtplibraryversion.cpp */ = {isa = PBXFileReference; fileEncoding = 4; lastKnownFileType = sourcecode.cpp.cpp; path = rtplibraryversion.cpp; sourceTree = "<group>"; };
		FA0EDE4718E4A6C7008407B1 /* rtplibraryversion.h */ = {isa = PBXFileReference; fileEncoding = 4; lastKnownFileType = sourcecode.c.h; path = rtplibraryversion.h; sourceTree = "<group>"; };
		FA0EDE4818E4A6C7008407B1 /* rtpmemorymanager.h */ = {isa = PBXFileReference; fileEncoding = 4; lastKnownFileType = sourcecode.c.h; path = rtpmemorymanager.h; sourceTree = "<group>"; };
		FA0EDE4918E4A6C7008407B1 /* rtpmemoryobject.h */ = {isa = PBXFileReference; fileEncoding = 4; lastKnownFileType = sourcecode.c.h; path = rtpmemoryobject.h; sourceTree = "<group>"; };
		FA0EDE4A18E4A6C7008407B1 /* rtppacket.cpp */ = {isa = PBXFileReference; fileEncoding = 4; lastKnownFileType = sourcecode.cpp.cpp; path = rtppacket.cpp; sourceTree = "<group>"; };
		FA0EDE4B18E4A6C7008407B1 /* rtppacket.h */ = {isa = PBXFileReference; fileEncoding = 4; lastKnownFileType = sourcecode.c.h; path = rtppacket.h; sourceTree = "<group>"; };
		FA0EDE4C18E4A6C7008407B1 /* rtppacketbuilder.cpp */ = {isa = PBXFileReference; fileEncoding = 4; lastKnownFileType = sourcecode.cpp.cpp; path = rtppacketbuilder.cpp; sourceTree = "<group>"; };
		FA0EDE4D18E4A6C7008407B1 /* rtppacketbuilder.h */ = {isa = PBXFileReference; fileEncoding = 4; lastKnownFileType = sourcecode.c.h; path = rtppacketbuilder.h; sourceTree = "<group>"; };
		FA0EDE4E18E4A6C7008407B1 /* rtppollthread.cpp */ = {isa = PBXFileReference; fileEncoding = 4; lastKnownFileType = sourcecode.cpp.cpp; path = rtppollthread.cpp; sourceTree = "<group>"; };
		FA0EDE4F18E4A6C7008407B1 /* rtppollthread.h */ = {isa = PBXFileReference; fileEncoding = 4; lastKnownFileType = sourcecode.c.h; path = rtppollthread.h; sourceTree = "<group>"; };
		FA0EDE5018E4A6C7008407B1 /* rtprandom.cpp */ = {isa = PBXFileReference; fileEncoding = 4; lastKnownFileType = sourcecode.cpp.cpp; path = rtprandom.cpp; sourceTree = "<group>"; };
		FA0EDE5118E4A6C7008407B1 /* rtprandom.h */ = {isa = PBXFileReference; fileEncoding = 4; lastKnownFileType = sourcecode.c.h; path = rtprandom.h; sourceTree = "<group>"; };
		FA0EDE5218E4A6C7008407B1 /* rtprandomrand48.cpp */ = {isa = PBXFileReference; fileEncoding = 4; lastKnownFileType = sourcecode.cpp.cpp; path = rtprandomrand48.cpp; sourceTree = "<group>"; };
		FA0EDE5318E4A6C7008407B1 /* rtprandomrand48.h */ = {isa = PBXFileReference; fileEncoding = 4; lastKnownFileType = sourcecode.c.h; path = rtprandomrand48.h; sourceTree = "<group>"; };
		FA0EDE5418E4A6C7008407B1 /* rtprandomrands.cpp */ = {isa = PBXFileReference; fileEncoding = 4; lastKnownFileType = sourcecode.cpp.cpp; path = rtprandomrands.cpp; sourceTree = "<group>"; };
		FA0EDE5518E4A6C7008407B1 /* rtprandomrands.h */ = {isa = PBXFileReference; fileEncoding = 4; lastKnownFileType = sourcecode.c.h; path = rtprandomrands.h; sourceTree = "<group>"; };
		FA0EDE5618E4A6C7008407B1 /* rtprandomurandom.cpp */ = {isa = PBXFileReference; fileEncoding = 4; lastKnownFileType = sourcecode.cpp.cpp; path = rtprandomurandom.cpp; sourceTree = "<group>"; };
		FA0EDE5718E4A6C7008407B1 /* rtprandomurandom.h */ = {isa = PBXFileReference; fileEncoding = 4; lastKnownFileType = sourcecode.c.h; path = rtprandomurandom.h; sourceTree = "<group>"; };
		FA0EDE5818E4A6C7008407B1 /* rtprawpacket.h */ = {isa = PBXFileReference; fileEncoding = 4; lastKnownFileType = sourcecode.c.h; path = rtprawpacket.h; sourceTree = "<group>"; };
		FA0EDE5918E4A6C7008407B1 /* rtpsession.cpp */ = {isa = PBXFileReference; fileEncoding = 4; lastKnownFileType = sourcecode.cpp.cpp; path = rtpsession.cpp; sourceTree = "<group>"; };
		FA0EDE5A18E4A6C7008407B1 /* rtpsession.h */ = {isa = PBXFileReference; fileEncoding = 4; lastKnownFileType = sourcecode.c.h; path = rtpsession.h; sourceTree = "<group>"; };
		FA0EDE5B18E4A6C7008407B1 /* rtpsessionparams.cpp */ = {isa = PBXFileReference; fileEncoding = 4; lastKnownFileType = sourcecode.cpp.cpp; path = rtpsessionparams.cpp; sourceTree = "<group>"; };
		FA0EDE5C18E4A6C7008407B1 /* rtpsessionparams.h */ = {isa = PBXFileReference; fileEncoding = 4; lastKnownFileType = sourcecode.c.h; path = rtpsessionparams.h; sourceTree = "<group>"; };
		FA0EDE5D18E4A6C7008407B1 /* rtpsessionsources.cpp */ = {isa = PBXFileReference; fileEncoding = 4; lastKnownFileType = sourcecode.cpp.cpp; path = rtpsessionsources.cpp; sourceTree = "<group>"; };
		FA0EDE5E18E4A6C7008407B1 /* rtpsessionsources.h */ = {isa = PBXFileReference; fileEncoding = 4; lastKnownFileType = sourcecode.c.h; path = rtpsessionsources.h; sourceTree = "<group>"; };
		FA0EDE5F18E4A6C7008407B1 /* rtpsourcedata.cpp */ = {isa = PBXFileReference; fileEncoding = 4; lastKnownFileType = sourcecode.cpp.cpp; path = rtpsourcedata.cpp; sourceTree = "<group>"; };
		FA0EDE6018E4A6C7008407B1 /* rtpsourcedata.h */ = {isa = PBXFileReference; fileEncoding = 4; lastKnownFileType = sourcecode.c.h; path = rtpsourcedata.h; sourceTree = "<group>"; };
		FA0EDE6118E4A6C7008407B1 /* rtpsources.cpp */ = {isa = PBXFileReference; fileEncoding = 4; lastKnownFileType = sourcecode.cpp.cpp; path = rtpsources.cpp; sourceTree = "<group>"; };
		FA0EDE6218E4A6C7008407B1 /* rtpsources.h */ = {isa = PBXFileReference; fileEncoding = 4; lastKnownFileType = sourcecode.c.h; path = rtpsources.h; sourceTree = "<group>"; };
		FA0EDE6318E4A6C7008407B1 /* rtpstructs.h */ = {isa = PBXFileReference; fileEncoding = 4; lastKnownFileType = sourcecode.c.h; path = rtpstructs.h; sourceTree = "<group>"; };
		FA0EDE6418E4A6C7008407B1 /* rtptimeutilities.cpp */ = {isa = PBXFileReference; fileEncoding = 4; lastKnownFileType = sourcecode.cpp.cpp; path = rtptimeutilities.cpp; sourceTree = "<group>"; };
		FA0EDE6518E4A6C7008407B1 /* rtptimeutilities.h */ = {isa = PBXFileReference; fileEncoding = 4; lastKnownFileType = sourcecode.c.h; path = rtptimeutilities.h; sourceTree = "<group>"; };
		FA0EDE6618E4A6C7008407B1 /* rtptransmitter.h */ = {isa = PBXFileReference; fileEncoding = 4; lastKnownFileType = sourcecode.c.h; path = rtptransmitter.h; sourceTree = "<group>"; };
		FA0EDE6718E4A6C7008407B1 /* rtptypes.h.in */ = {isa = PBXFileReference; fileEncoding = 4; lastKnownFileType = text; path = rtptypes.h.in; sourceTree = "<group>"; };
		FA0EDE6818E4A6C7008407B1 /* rtptypes_win.h */ = {isa = PBXFileReference; fileEncoding = 4; lastKnownFileType = sourcecode.c.h; path = rtptypes_win.h; sourceTree = "<group>"; };
		FA0EDE6918E4A6C7008407B1 /* rtpudpv4transmitter.cpp */ = {isa = PBXFileReference; fileEncoding = 4; lastKnownFileType = sourcecode.cpp.cpp; path = rtpudpv4transmitter.cpp; sourceTree = "<group>"; };
		FA0EDE6A18E4A6C7008407B1 /* rtpudpv4transmitter.h */ = {isa = PBXFileReference; fileEncoding = 4; lastKnownFileType = sourcecode.c.h; path = rtpudpv4transmitter.h; sourceTree = "<group>"; };
		FA0EDE6B18E4A6C7008407B1 /* rtpudpv6transmitter.cpp */ = {isa = PBXFileReference; fileEncoding = 4; lastKnownFileType = sourcecode.cpp.cpp; path = rtpudpv6transmitter.cpp; sourceTree = "<group>"; };
		FA0EDE6C18E4A6C7008407B1 /* rtpudpv6transmitter.h */ = {isa = PBXFileReference; fileEncoding = 4; lastKnownFileType = sourcecode.c.h; path = rtpudpv6transmitter.h; sourceTree = "<group>"; };
		FA4A801B18F3723F00E9DD37 /* RtpSessionEx.cpp */ = {isa = PBXFileReference; fileEncoding = 4; lastKnownFileType = sourcecode.cpp.cpp; name = RtpSessionEx.cpp; path = "AV Capture/RtpSessionEx.cpp"; sourceTree = "<group>"; };
		FA4A801D18F3930A00E9DD37 /* rtpconfig.h */ = {isa = PBXFileReference; fileEncoding = 4; lastKnownFileType = sourcecode.c.h; name = rtpconfig.h; path = ../../../.Trash/jrtplib/include/rtpconfig.h; sourceTree = "<group>"; };
		FA4A801E18F3930A00E9DD37 /* rtptypes.h */ = {isa = PBXFileReference; fileEncoding = 4; lastKnownFileType = sourcecode.c.h; name = rtptypes.h; path = ../../../.Trash/jrtplib/include/rtptypes.h; sourceTree = "<group>"; };
		FA4A801F18F56D7600E9DD37 /* RTCPAPPVideoDescription.h */ = {isa = PBXFileReference; lastKnownFileType = sourcecode.c.h; name = RTCPAPPVideoDescription.h; path = "AV Capture/RTCPAPPVideoDescription.h"; sourceTree = "<group>"; };
		FA4A802018F5E7A300E9DD37 /* RTCPAPPAudioDescription.h */ = {isa = PBXFileReference; lastKnownFileType = sourcecode.c.h; name = RTCPAPPAudioDescription.h; path = "AV Capture/RTCPAPPAudioDescription.h"; sourceTree = "<group>"; };
		FA99DAD118CCF45300C15898 /* MediaOutput.h */ = {isa = PBXFileReference; fileEncoding = 4; lastKnownFileType = sourcecode.c.h; path = MediaOutput.h; sourceTree = "<group>"; };
		FA99DAD218CCF45300C15898 /* MediaOutput.mm */ = {isa = PBXFileReference; fileEncoding = 4; lastKnownFileType = sourcecode.cpp.objcpp; path = MediaOutput.mm; sourceTree = "<group>"; };
		FAAA341918D24FE600ECF869 /* Atomic.h */ = {isa = PBXFileReference; fileEncoding = 4; lastKnownFileType = sourcecode.c.h; path = Atomic.h; sourceTree = "<group>"; };
		FAAA341A18D24FE600ECF869 /* RingBuffer.h */ = {isa = PBXFileReference; fileEncoding = 4; lastKnownFileType = sourcecode.c.h; path = RingBuffer.h; sourceTree = "<group>"; };
		FAAA341B18D24FE600ECF869 /* RingBufferImpl.h */ = {isa = PBXFileReference; fileEncoding = 4; lastKnownFileType = sourcecode.c.h; path = RingBufferImpl.h; sourceTree = "<group>"; };
		FADA235118F7191900961C35 /* GameKit.framework */ = {isa = PBXFileReference; lastKnownFileType = wrapper.framework; name = GameKit.framework; path = System/Library/Frameworks/GameKit.framework; sourceTree = SDKROOT; };
		FADA235518F8450C00961C35 /* RTCPPingDescription.h */ = {isa = PBXFileReference; lastKnownFileType = sourcecode.c.h; name = RTCPPingDescription.h; path = "AV Capture/RTCPPingDescription.h"; sourceTree = "<group>"; };
/* End PBXFileReference section */

/* Begin PBXFrameworksBuildPhase section */
		302362D1158A8FEE00B2DF09 /* Frameworks */ = {
			isa = PBXFrameworksBuildPhase;
			buildActionMask = 2147483647;
			files = (
				FADA235218F7191900961C35 /* GameKit.framework in Frameworks */,
				FA0EDE1118E49EB7008407B1 /* libc++.dylib in Frameworks */,
				309AAC83158AF9CF007015A9 /* AssetsLibrary.framework in Frameworks */,
				83619CC9178ABFBF00B9EB20 /* CoreBluetooth.framework in Frameworks */,
				830C56BB177934230058015E /* ExternalAccessory.framework in Frameworks */,
				830C56B91779341B0058015E /* libxml2.dylib in Frameworks */,
				690EE76C1772FAC4005C4451 /* AudioToolbox.framework in Frameworks */,
				309AAC8B158AFA18007015A9 /* CoreVideo.framework in Frameworks */,
				309AAC87158AF9EC007015A9 /* OpenGLES.framework in Frameworks */,
				309AAC85158AF9D9007015A9 /* QuartzCore.framework in Frameworks */,
				309AAC81158AF9C4007015A9 /* AVFoundation.framework in Frameworks */,
				309AAC7F158AF9A9007015A9 /* CoreMedia.framework in Frameworks */,
				302362DD158A8FEE00B2DF09 /* CoreGraphics.framework in Frameworks */,
				302362D9158A8FEE00B2DF09 /* UIKit.framework in Frameworks */,
				302362DB158A8FEE00B2DF09 /* Foundation.framework in Frameworks */,
				693E8F71176234FB007FD105 /* libilbc.a in Frameworks */,
				693E8F7317623506007FD105 /* libvpx.a in Frameworks */,
				830C56B7177932A90058015E /* GalileoControl.framework in Frameworks */,
			);
			runOnlyForDeploymentPostprocessing = 0;
		};
/* End PBXFrameworksBuildPhase section */

/* Begin PBXGroup section */
		302362C9158A8FEE00B2DF09 = {
			isa = PBXGroup;
			children = (
				69AC299A18EAF9B9006D3E65 /* jthread */,
				FA0EDE1218E4A6C7008407B1 /* jrtp */,
				302362DE158A8FEE00B2DF09 /* Initialisation */,
				30236306158A946300B2DF09 /* AV Capture */,
				69C1A40917858C3400E284F7 /* Main */,
				830C56BF177A404D0058015E /* OpenGL */,
				309AAC61158AE960007015A9 /* Utilities */,
				302362DF158A8FEE00B2DF09 /* Supporting Files */,
				302362D7158A8FEE00B2DF09 /* Frameworks */,
				302362D5158A8FEE00B2DF09 /* Products */,
			);
			sourceTree = "<group>";
		};
		302362D5158A8FEE00B2DF09 /* Products */ = {
			isa = PBXGroup;
			children = (
				302362D4158A8FEE00B2DF09 /* RemoteControlGalileo.app */,
			);
			name = Products;
			sourceTree = "<group>";
		};
		302362D7158A8FEE00B2DF09 /* Frameworks */ = {
			isa = PBXGroup;
			children = (
				FADA235118F7191900961C35 /* GameKit.framework */,
				FA0EDE1018E49EB7008407B1 /* libc++.dylib */,
				693E8F7217623506007FD105 /* libvpx.a */,
				693E8F70176234FB007FD105 /* libilbc.a */,
				830C56B81779341B0058015E /* libxml2.dylib */,
				83619CC8178ABFBF00B9EB20 /* CoreBluetooth.framework */,
				830C56B6177932A90058015E /* GalileoControl.framework */,
				830C56BA177934230058015E /* ExternalAccessory.framework */,
				690EE76B1772FAC3005C4451 /* AudioToolbox.framework */,
				309AAC8A158AFA18007015A9 /* CoreVideo.framework */,
				309AAC88158AFA04007015A9 /* GLKit.framework */,
				309AAC86158AF9EC007015A9 /* OpenGLES.framework */,
				309AAC84158AF9D9007015A9 /* QuartzCore.framework */,
				309AAC82158AF9CE007015A9 /* AssetsLibrary.framework */,
				309AAC80158AF9C4007015A9 /* AVFoundation.framework */,
				309AAC7E158AF9A9007015A9 /* CoreMedia.framework */,
				302362D8158A8FEE00B2DF09 /* UIKit.framework */,
				302362DA158A8FEE00B2DF09 /* Foundation.framework */,
				302362DC158A8FEE00B2DF09 /* CoreGraphics.framework */,
			);
			name = Frameworks;
			sourceTree = "<group>";
		};
		302362DE158A8FEE00B2DF09 /* Initialisation */ = {
			isa = PBXGroup;
			children = (
				69C1A3BE17858BD300E284F7 /* AppDelegate.h */,
				69C1A3BF17858BD300E284F7 /* AppDelegate.m */,
				69C1A3C017858BD300E284F7 /* GKCommon.h */,
				69C1A3C117858BD300E284F7 /* GKLobbyViewController.h */,
				69C1A3C217858BD300E284F7 /* GKLobbyViewController.m */,
				69C1A3C317858BD300E284F7 /* GKNetController.h */,
				69C1A3C417858BD300E284F7 /* GKNetController.mm */,
				69C1A3C517858BD300E284F7 /* GKSessionManager.h */,
				69C1A3C617858BD300E284F7 /* GKSessionManager.m */,
				69C1A3C717858BD300E284F7 /* RootViewController.h */,
				69C1A3C817858BD300E284F7 /* RootViewController.mm */,
			);
			name = Initialisation;
			path = RemoteControlGalileo;
			sourceTree = "<group>";
		};
		302362DF158A8FEE00B2DF09 /* Supporting Files */ = {
			isa = PBXGroup;
			children = (
				302362E0158A8FEE00B2DF09 /* RemoteControlGalileo-Info.plist */,
				302362E1158A8FEE00B2DF09 /* InfoPlist.strings */,
				302362E4158A8FEE00B2DF09 /* main.m */,
				302362E6158A8FEE00B2DF09 /* RemoteControlGalileo-Prefix.pch */,
				832FD5C316D5B379001CDF65 /* Default-568h@2x.png */,
			);
			name = "Supporting Files";
			path = RemoteControlGalileo;
			sourceTree = "<group>";
		};
		30236306158A946300B2DF09 /* AV Capture */ = {
			isa = PBXGroup;
			children = (
				69C1A3CE17858BE900E284F7 /* Audio */,
				69C1A3D917858BE900E284F7 /* Kernel */,
				69C1A3E817858BE900E284F7 /* Video */,
				69C1A3F917858BE900E284F7 /* VideoTxRxCommon.h */,
				69AC29A618EB77DA006D3E65 /* RtpSessionEx.h */,
				FA4A801B18F3723F00E9DD37 /* RtpSessionEx.cpp */,
				FA4A801F18F56D7600E9DD37 /* RTCPAPPVideoDescription.h */,
				FA4A802018F5E7A300E9DD37 /* RTCPAPPAudioDescription.h */,
				FADA235518F8450C00961C35 /* RTCPPingDescription.h */,
			);
			name = "AV Capture";
			path = RemoteControlGalileo;
			sourceTree = "<group>";
		};
		309AAC61158AE960007015A9 /* Utilities */ = {
			isa = PBXGroup;
			children = (
				69C1A3B817858B9A00E284F7 /* MoveRecogniser.h */,
				69C1A3B917858B9A00E284F7 /* MoveRecogniser.m */,
			);
			name = Utilities;
			path = RemoteControlGalileo/OpenGL;
			sourceTree = "<group>";
		};
		69AC299A18EAF9B9006D3E65 /* jthread */ = {
			isa = PBXGroup;
			children = (
				69AC299B18EAF9B9006D3E65 /* jmutex.h */,
				69AC299C18EAF9B9006D3E65 /* jmutexautolock.h */,
				69AC299D18EAF9B9006D3E65 /* jthread.h */,
				69AC299E18EAF9B9006D3E65 /* jthreadconfig.h */,
				69AC299F18EAF9B9006D3E65 /* pthread */,
			);
			path = jthread;
			sourceTree = "<group>";
		};
		69AC299F18EAF9B9006D3E65 /* pthread */ = {
			isa = PBXGroup;
			children = (
				69AC29A018EAF9B9006D3E65 /* jmutex.cpp */,
				69AC29A118EAF9B9006D3E65 /* jthread.cpp */,
			);
			path = pthread;
			sourceTree = "<group>";
		};
		69C1A39B17858B8B00E284F7 /* Shaders */ = {
			isa = PBXGroup;
			children = (
				69C1A39C17858B8B00E284F7 /* passThrough.frag */,
				69C1A39D17858B8B00E284F7 /* passThrough.vert */,
				69C1A39E17858B8B00E284F7 /* u2planar.frag */,
				69C1A39F17858B8B00E284F7 /* u2planar.vert */,
				69C1A3A017858B8B00E284F7 /* v2planar.frag */,
				69C1A3A117858B8B00E284F7 /* v2planar.vert */,
				69C1A3A217858B8B00E284F7 /* y2planar.frag */,
				69C1A3A317858B8B00E284F7 /* y2planar.vert */,
				69C1A3A417858B8B00E284F7 /* yuv2bgr.frag */,
				69C1A3A517858B8B00E284F7 /* yuv2bgr.vert */,
				69C1A3A617858B8B00E284F7 /* yuv2yuv.frag */,
				69C1A3A717858B8B00E284F7 /* yuv2yuv.vert */,
			);
			path = Shaders;
			sourceTree = "<group>";
		};
		69C1A3CE17858BE900E284F7 /* Audio */ = {
			isa = PBXGroup;
			children = (
				69C1A3CF17858BE900E284F7 /* AudioDecoder.h */,
				69C1A3D017858BE900E284F7 /* AudioDevice.cpp */,
				69C1A3D117858BE900E284F7 /* AudioDevice.h */,
				69C1A3D217858BE900E284F7 /* AudioEncoder.h */,
				69C1A3D317858BE900E284F7 /* AudioInputOutput.h */,
				69C1A3D417858BE900E284F7 /* AudioInputOutput.mm */,
				69C1A3D517858BE900E284F7 /* iLBCAudioDecoder.cpp */,
				69C1A3D617858BE900E284F7 /* iLBCAudioDecoder.h */,
				69C1A3D717858BE900E284F7 /* iLBCAudioEncoder.cpp */,
				69C1A3D817858BE900E284F7 /* iLBCAudioEncoder.h */,
			);
			name = Audio;
			path = "AV Capture/Audio";
			sourceTree = "<group>";
		};
		69C1A3D917858BE900E284F7 /* Kernel */ = {
			isa = PBXGroup;
			children = (
				FAAA341918D24FE600ECF869 /* Atomic.h */,
				FAAA341A18D24FE600ECF869 /* RingBuffer.h */,
				FAAA341B18D24FE600ECF869 /* RingBufferImpl.h */,
				69C1A3DA17858BE900E284F7 /* Buffer.h */,
				69C1A3DB17858BE900E284F7 /* FIFOBuffer.h */,
				69C1A3DC17858BE900E284F7 /* FIFOBufferImpl.h */,
				69C1A3DD17858BE900E284F7 /* Function.h */,
				69C1A3DE17858BE900E284F7 /* FunctionTemplate.h */,
				6907591118ABC42200BEF9B2 /* Hardware.cpp */,
				6907591218ABC42200BEF9B2 /* Hardware.h */,
				69C1A3DF17858BE900E284F7 /* IpAddress.cpp */,
				69C1A3E017858BE900E284F7 /* IpAddress.h */,
				69C1A3E117858BE900E284F7 /* Socket.cpp */,
				69C1A3E217858BE900E284F7 /* Socket.h */,
				69C1A3E317858BE900E284F7 /* Timer.h */,
			);
			name = Kernel;
			path = "AV Capture/Kernel";
			sourceTree = "<group>";
		};
		69C1A3E817858BE900E284F7 /* Video */ = {
			isa = PBXGroup;
			children = (
				69AC29A518EB5936006D3E65 /* Vp8RTPExtension.h */,
				69C1A3E917858BE900E284F7 /* CameraInput.h */,
				69C1A3EA17858BE900E284F7 /* CameraInput.mm */,
				FA99DAD118CCF45300C15898 /* MediaOutput.h */,
				FA99DAD218CCF45300C15898 /* MediaOutput.mm */,
				69C1A3EB17858BE900E284F7 /* OpenGLProcessor.h */,
				69C1A3EC17858BE900E284F7 /* OpenGLProcessor.mm */,
				69C1A3ED17858BE900E284F7 /* VideoDecoder.h */,
				69C1A3EE17858BE900E284F7 /* VideoEncoder.h */,
				69C1A3EF17858BE900E284F7 /* VideoInputOutput.h */,
				69C1A3F017858BE900E284F7 /* VideoInputOutput.mm */,
				69C1A3F517858BE900E284F7 /* Vp8VideoDecoder.cpp */,
				69C1A3F617858BE900E284F7 /* Vp8VideoDecoder.h */,
				69C1A3F717858BE900E284F7 /* Vp8VideoEncoder.cpp */,
				69C1A3F817858BE900E284F7 /* Vp8VideoEncoder.h */,
			);
			name = Video;
			path = "AV Capture/Video";
			sourceTree = "<group>";
		};
		69C1A40917858C3400E284F7 /* Main */ = {
			isa = PBXGroup;
			children = (
				69C1A42017858D8800E284F7 /* DockConnectorController.h */,
				69C1A42117858D8800E284F7 /* DockConnectorController.m */,
				69C1A42217858D8800E284F7 /* GalileoCommon.h */,
				69C1A42317858D8800E284F7 /* RemoteControlGalileo.h */,
				69C1A42417858D8800E284F7 /* RemoteControlGalileo.mm */,
				69C1A42517858D8800E284F7 /* UserInputHandler.h */,
				69C1A42617858D8800E284F7 /* UserInputHandler.m */,
				69C1A42717858D8800E284F7 /* VideoView.h */,
				69C1A42817858D8800E284F7 /* VideoView.mm */,
				69C1A42917858D8800E284F7 /* VideoViewController.h */,
				69C1A42A17858D8800E284F7 /* VideoViewController.mm */,
			);
			name = Main;
			sourceTree = "<group>";
		};
		830C56BF177A404D0058015E /* OpenGL */ = {
			isa = PBXGroup;
			children = (
				69C1A39B17858B8B00E284F7 /* Shaders */,
				69C1A39317858B8B00E284F7 /* GLConstants.cpp */,
				69C1A39417858B8B00E284F7 /* GLConstants.h */,
				6942650D18A190DD0044697D /* GLUtils.cpp */,
				6942650E18A190DD0044697D /* GLUtils.h */,
				69C1A39517858B8B00E284F7 /* OffscreenFBO.h */,
				69C1A39617858B8B00E284F7 /* OffscreenFBO.m */,
				69C1A39717858B8B00E284F7 /* OnscreenFBO.h */,
				69C1A39817858B8B00E284F7 /* OnscreenFBO.m */,
				69C1A39917858B8B00E284F7 /* Shader.cpp */,
				69C1A39A17858B8B00E284F7 /* Shader.h */,
			);
			name = OpenGL;
			path = RemoteControlGalileo/OpenGL;
			sourceTree = "<group>";
		};
		FA0EDE1218E4A6C7008407B1 /* jrtp */ = {
			isa = PBXGroup;
			children = (
				FA0EDE1518E4A6C7008407B1 /* extratransmitters */,
				FA4A801D18F3930A00E9DD37 /* rtpconfig.h */,
				FA4A801E18F3930A00E9DD37 /* rtptypes.h */,
				FA0EDE1818E4A6C7008407B1 /* rtcpapppacket.cpp */,
				FA0EDE1918E4A6C7008407B1 /* rtcpapppacket.h */,
				FA0EDE1A18E4A6C7008407B1 /* rtcpbyepacket.cpp */,
				FA0EDE1B18E4A6C7008407B1 /* rtcpbyepacket.h */,
				FA0EDE1C18E4A6C7008407B1 /* rtcpcompoundpacket.cpp */,
				FA0EDE1D18E4A6C7008407B1 /* rtcpcompoundpacket.h */,
				FA0EDE1E18E4A6C7008407B1 /* rtcpcompoundpacketbuilder.cpp */,
				FA0EDE1F18E4A6C7008407B1 /* rtcpcompoundpacketbuilder.h */,
				FA0EDE2018E4A6C7008407B1 /* rtcppacket.cpp */,
				FA0EDE2118E4A6C7008407B1 /* rtcppacket.h */,
				FA0EDE2218E4A6C7008407B1 /* rtcppacketbuilder.cpp */,
				FA0EDE2318E4A6C7008407B1 /* rtcppacketbuilder.h */,
				FA0EDE2418E4A6C7008407B1 /* rtcprrpacket.cpp */,
				FA0EDE2518E4A6C7008407B1 /* rtcprrpacket.h */,
				FA0EDE2618E4A6C7008407B1 /* rtcpscheduler.cpp */,
				FA0EDE2718E4A6C7008407B1 /* rtcpscheduler.h */,
				FA0EDE2818E4A6C7008407B1 /* rtcpsdesinfo.cpp */,
				FA0EDE2918E4A6C7008407B1 /* rtcpsdesinfo.h */,
				FA0EDE2A18E4A6C7008407B1 /* rtcpsdespacket.cpp */,
				FA0EDE2B18E4A6C7008407B1 /* rtcpsdespacket.h */,
				FA0EDE2C18E4A6C7008407B1 /* rtcpsrpacket.cpp */,
				FA0EDE2D18E4A6C7008407B1 /* rtcpsrpacket.h */,
				FA0EDE2E18E4A6C7008407B1 /* rtcpunknownpacket.h */,
				FA0EDE2F18E4A6C7008407B1 /* rtpaddress.h */,
				FA0EDE3018E4A6C7008407B1 /* rtpbyteaddress.cpp */,
				FA0EDE3118E4A6C7008407B1 /* rtpbyteaddress.h */,
				FA0EDE3218E4A6C7008407B1 /* rtpcollisionlist.cpp */,
				FA0EDE3318E4A6C7008407B1 /* rtpcollisionlist.h */,
				FA0EDE3418E4A6C7008407B1 /* rtpconfig.h.in */,
				FA0EDE3518E4A6C7008407B1 /* rtpdebug.cpp */,
				FA0EDE3618E4A6C7008407B1 /* rtpdebug.h */,
				FA0EDE3718E4A6C7008407B1 /* rtpdefines.h */,
				FA0EDE3818E4A6C7008407B1 /* rtperrors.cpp */,
				FA0EDE3918E4A6C7008407B1 /* rtperrors.h */,
				FA0EDE3A18E4A6C7008407B1 /* rtpexternaltransmitter.cpp */,
				FA0EDE3B18E4A6C7008407B1 /* rtpexternaltransmitter.h */,
				FA0EDE3C18E4A6C7008407B1 /* rtphashtable.h */,
				FA0EDE3D18E4A6C7008407B1 /* rtpinternalsourcedata.cpp */,
				FA0EDE3E18E4A6C7008407B1 /* rtpinternalsourcedata.h */,
				FA0EDE3F18E4A6C7008407B1 /* rtpipv4address.cpp */,
				FA0EDE4018E4A6C7008407B1 /* rtpipv4address.h */,
				FA0EDE4118E4A6C7008407B1 /* rtpipv4destination.h */,
				FA0EDE4218E4A6C7008407B1 /* rtpipv6address.cpp */,
				FA0EDE4318E4A6C7008407B1 /* rtpipv6address.h */,
				FA0EDE4418E4A6C7008407B1 /* rtpipv6destination.h */,
				FA0EDE4518E4A6C7008407B1 /* rtpkeyhashtable.h */,
				FA0EDE4618E4A6C7008407B1 /* rtplibraryversion.cpp */,
				FA0EDE4718E4A6C7008407B1 /* rtplibraryversion.h */,
				FA0EDE4818E4A6C7008407B1 /* rtpmemorymanager.h */,
				FA0EDE4918E4A6C7008407B1 /* rtpmemoryobject.h */,
				FA0EDE4A18E4A6C7008407B1 /* rtppacket.cpp */,
				FA0EDE4B18E4A6C7008407B1 /* rtppacket.h */,
				FA0EDE4C18E4A6C7008407B1 /* rtppacketbuilder.cpp */,
				FA0EDE4D18E4A6C7008407B1 /* rtppacketbuilder.h */,
				FA0EDE4E18E4A6C7008407B1 /* rtppollthread.cpp */,
				FA0EDE4F18E4A6C7008407B1 /* rtppollthread.h */,
				FA0EDE5018E4A6C7008407B1 /* rtprandom.cpp */,
				FA0EDE5118E4A6C7008407B1 /* rtprandom.h */,
				FA0EDE5218E4A6C7008407B1 /* rtprandomrand48.cpp */,
				FA0EDE5318E4A6C7008407B1 /* rtprandomrand48.h */,
				FA0EDE5418E4A6C7008407B1 /* rtprandomrands.cpp */,
				FA0EDE5518E4A6C7008407B1 /* rtprandomrands.h */,
				FA0EDE5618E4A6C7008407B1 /* rtprandomurandom.cpp */,
				FA0EDE5718E4A6C7008407B1 /* rtprandomurandom.h */,
				FA0EDE5818E4A6C7008407B1 /* rtprawpacket.h */,
				FA0EDE5918E4A6C7008407B1 /* rtpsession.cpp */,
				FA0EDE5A18E4A6C7008407B1 /* rtpsession.h */,
				FA0EDE5B18E4A6C7008407B1 /* rtpsessionparams.cpp */,
				FA0EDE5C18E4A6C7008407B1 /* rtpsessionparams.h */,
				FA0EDE5D18E4A6C7008407B1 /* rtpsessionsources.cpp */,
				FA0EDE5E18E4A6C7008407B1 /* rtpsessionsources.h */,
				FA0EDE5F18E4A6C7008407B1 /* rtpsourcedata.cpp */,
				FA0EDE6018E4A6C7008407B1 /* rtpsourcedata.h */,
				FA0EDE6118E4A6C7008407B1 /* rtpsources.cpp */,
				FA0EDE6218E4A6C7008407B1 /* rtpsources.h */,
				FA0EDE6318E4A6C7008407B1 /* rtpstructs.h */,
				FA0EDE6418E4A6C7008407B1 /* rtptimeutilities.cpp */,
				FA0EDE6518E4A6C7008407B1 /* rtptimeutilities.h */,
				FA0EDE6618E4A6C7008407B1 /* rtptransmitter.h */,
				FA0EDE6718E4A6C7008407B1 /* rtptypes.h.in */,
				FA0EDE6818E4A6C7008407B1 /* rtptypes_win.h */,
				FA0EDE6918E4A6C7008407B1 /* rtpudpv4transmitter.cpp */,
				FA0EDE6A18E4A6C7008407B1 /* rtpudpv4transmitter.h */,
				FA0EDE6B18E4A6C7008407B1 /* rtpudpv6transmitter.cpp */,
				FA0EDE6C18E4A6C7008407B1 /* rtpudpv6transmitter.h */,
			);
			path = jrtp;
			sourceTree = "<group>";
		};
		FA0EDE1518E4A6C7008407B1 /* extratransmitters */ = {
			isa = PBXGroup;
			children = (
				FA0EDE1618E4A6C7008407B1 /* rtpfaketransmitter.cpp */,
				FA0EDE1718E4A6C7008407B1 /* rtpfaketransmitter.h */,
			);
			path = extratransmitters;
			sourceTree = "<group>";
		};
/* End PBXGroup section */

/* Begin PBXNativeTarget section */
		302362D3158A8FEE00B2DF09 /* RemoteControlGalileo */ = {
			isa = PBXNativeTarget;
			buildConfigurationList = 302362EC158A8FEE00B2DF09 /* Build configuration list for PBXNativeTarget "RemoteControlGalileo" */;
			buildPhases = (
				302362D0158A8FEE00B2DF09 /* Sources */,
				302362D1158A8FEE00B2DF09 /* Frameworks */,
				302362D2158A8FEE00B2DF09 /* Resources */,
			);
			buildRules = (
			);
			dependencies = (
			);
			name = RemoteControlGalileo;
			productName = RemoteControlGalileo;
			productReference = 302362D4158A8FEE00B2DF09 /* RemoteControlGalileo.app */;
			productType = "com.apple.product-type.application";
		};
/* End PBXNativeTarget section */

/* Begin PBXProject section */
		302362CB158A8FEE00B2DF09 /* Project object */ = {
			isa = PBXProject;
			attributes = {
				LastUpgradeCheck = 0510;
				ORGANIZATIONNAME = "Swift Navigation";
				TargetAttributes = {
					302362D3158A8FEE00B2DF09 = {
						DevelopmentTeam = 797Z2AUN37;
					};
				};
			};
			buildConfigurationList = 302362CE158A8FEE00B2DF09 /* Build configuration list for PBXProject "RemoteControlGalileo" */;
			compatibilityVersion = "Xcode 3.2";
			developmentRegion = English;
			hasScannedForEncodings = 0;
			knownRegions = (
				en,
			);
			mainGroup = 302362C9158A8FEE00B2DF09;
			productRefGroup = 302362D5158A8FEE00B2DF09 /* Products */;
			projectDirPath = "";
			projectRoot = "";
			targets = (
				302362D3158A8FEE00B2DF09 /* RemoteControlGalileo */,
			);
		};
/* End PBXProject section */

/* Begin PBXResourcesBuildPhase section */
		302362D2158A8FEE00B2DF09 /* Resources */ = {
			isa = PBXResourcesBuildPhase;
			buildActionMask = 2147483647;
			files = (
				69C1A3AC17858B8B00E284F7 /* passThrough.frag in Resources */,
				69C1A3AD17858B8B00E284F7 /* passThrough.vert in Resources */,
				69C1A3AE17858B8B00E284F7 /* u2planar.frag in Resources */,
				69C1A3AF17858B8B00E284F7 /* u2planar.vert in Resources */,
				69C1A3B017858B8B00E284F7 /* v2planar.frag in Resources */,
				69C1A3B117858B8B00E284F7 /* v2planar.vert in Resources */,
				69C1A3B217858B8B00E284F7 /* y2planar.frag in Resources */,
				69C1A3B317858B8B00E284F7 /* y2planar.vert in Resources */,
				69C1A3B417858B8B00E284F7 /* yuv2bgr.frag in Resources */,
				FA0EDE7D18E4A6C7008407B1 /* rtpconfig.h.in in Resources */,
				69C1A3B517858B8B00E284F7 /* yuv2bgr.vert in Resources */,
				69C1A3B617858B8B00E284F7 /* yuv2yuv.frag in Resources */,
				69C1A3B717858B8B00E284F7 /* yuv2yuv.vert in Resources */,
				302362E3158A8FEE00B2DF09 /* InfoPlist.strings in Resources */,
				FA0EDE9218E4A6C7008407B1 /* rtptypes.h.in in Resources */,
				832FD5C416D5B379001CDF65 /* Default-568h@2x.png in Resources */,
			);
			runOnlyForDeploymentPostprocessing = 0;
		};
/* End PBXResourcesBuildPhase section */

/* Begin PBXSourcesBuildPhase section */
		302362D0158A8FEE00B2DF09 /* Sources */ = {
			isa = PBXSourcesBuildPhase;
			buildActionMask = 2147483647;
			files = (
				FA0EDE7418E4A6C7008407B1 /* rtcppacket.cpp in Sources */,
				6942650F18A190DD0044697D /* GLUtils.cpp in Sources */,
				FA0EDE7318E4A6C7008407B1 /* rtcpcompoundpacketbuilder.cpp in Sources */,
				302362E5158A8FEE00B2DF09 /* main.m in Sources */,
				FA0EDE8018E4A6C7008407B1 /* rtpexternaltransmitter.cpp in Sources */,
				69C1A3A817858B8B00E284F7 /* GLConstants.cpp in Sources */,
				69AC29A318EAF9B9006D3E65 /* jthread.cpp in Sources */,
				FA0EDE8318E4A6C7008407B1 /* rtpipv6address.cpp in Sources */,
				FA0EDE7218E4A6C7008407B1 /* rtcpcompoundpacket.cpp in Sources */,
				FA0EDE7718E4A6C7008407B1 /* rtcpscheduler.cpp in Sources */,
				FA99DAD318CCF45300C15898 /* MediaOutput.mm in Sources */,
				69C1A3A917858B8B00E284F7 /* OffscreenFBO.m in Sources */,
				69AC29A218EAF9B9006D3E65 /* jmutex.cpp in Sources */,
				FA0EDE7518E4A6C7008407B1 /* rtcppacketbuilder.cpp in Sources */,
				6907591318ABC42200BEF9B2 /* Hardware.cpp in Sources */,
				69C1A3AA17858B8B00E284F7 /* OnscreenFBO.m in Sources */,
				FA0EDE7E18E4A6C7008407B1 /* rtpdebug.cpp in Sources */,
				FA0EDE7118E4A6C7008407B1 /* rtcpbyepacket.cpp in Sources */,
				FA0EDE8218E4A6C7008407B1 /* rtpipv4address.cpp in Sources */,
				FA0EDE7B18E4A6C7008407B1 /* rtpbyteaddress.cpp in Sources */,
				69C1A3AB17858B8B00E284F7 /* Shader.cpp in Sources */,
				FA0EDE8818E4A6C7008407B1 /* rtprandom.cpp in Sources */,
				69C1A3BC17858B9A00E284F7 /* MoveRecogniser.m in Sources */,
				FA0EDE8518E4A6C7008407B1 /* rtppacket.cpp in Sources */,
				FA0EDE9118E4A6C7008407B1 /* rtptimeutilities.cpp in Sources */,
				FA0EDE8718E4A6C7008407B1 /* rtppollthread.cpp in Sources */,
				69C1A3C917858BD300E284F7 /* AppDelegate.m in Sources */,
				69C1A3CA17858BD300E284F7 /* GKLobbyViewController.m in Sources */,
				FA0EDE8118E4A6C7008407B1 /* rtpinternalsourcedata.cpp in Sources */,
				FA0EDE8E18E4A6C7008407B1 /* rtpsessionsources.cpp in Sources */,
				FA0EDE7F18E4A6C7008407B1 /* rtperrors.cpp in Sources */,
				FA0EDE8A18E4A6C7008407B1 /* rtprandomrands.cpp in Sources */,
				FA0EDE7A18E4A6C7008407B1 /* rtcpsrpacket.cpp in Sources */,
				FA0EDE7C18E4A6C7008407B1 /* rtpcollisionlist.cpp in Sources */,
				69C1A3CB17858BD300E284F7 /* GKNetController.mm in Sources */,
				69C1A3CC17858BD300E284F7 /* GKSessionManager.m in Sources */,
				69C1A3CD17858BD300E284F7 /* RootViewController.mm in Sources */,
				69C1A3FA17858BE900E284F7 /* AudioDevice.cpp in Sources */,
				FA0EDE8F18E4A6C7008407B1 /* rtpsourcedata.cpp in Sources */,
				69C1A3FB17858BE900E284F7 /* AudioInputOutput.mm in Sources */,
				FA0EDE8D18E4A6C7008407B1 /* rtpsessionparams.cpp in Sources */,
				69C1A3FC17858BE900E284F7 /* iLBCAudioDecoder.cpp in Sources */,
				FA0EDE8B18E4A6C7008407B1 /* rtprandomurandom.cpp in Sources */,
				69C1A3FD17858BE900E284F7 /* iLBCAudioEncoder.cpp in Sources */,
				FA0EDE9418E4A6C7008407B1 /* rtpudpv6transmitter.cpp in Sources */,
				FA0EDE8918E4A6C7008407B1 /* rtprandomrand48.cpp in Sources */,
				69C1A3FE17858BE900E284F7 /* IpAddress.cpp in Sources */,
				FA0EDE9318E4A6C7008407B1 /* rtpudpv4transmitter.cpp in Sources */,
				FA4A801C18F3723F00E9DD37 /* RtpSessionEx.cpp in Sources */,
				FA0EDE8618E4A6C7008407B1 /* rtppacketbuilder.cpp in Sources */,
				69C1A3FF17858BE900E284F7 /* Socket.cpp in Sources */,
				69C1A40217858BE900E284F7 /* CameraInput.mm in Sources */,
				FA0EDE7818E4A6C7008407B1 /* rtcpsdesinfo.cpp in Sources */,
				FA0EDE7618E4A6C7008407B1 /* rtcprrpacket.cpp in Sources */,
				69C1A40317858BE900E284F7 /* OpenGLProcessor.mm in Sources */,
				69C1A40417858BE900E284F7 /* VideoInputOutput.mm in Sources */,
				FA0EDE8C18E4A6C7008407B1 /* rtpsession.cpp in Sources */,
				FA0EDE6F18E4A6C7008407B1 /* rtpfaketransmitter.cpp in Sources */,
				FA0EDE7918E4A6C7008407B1 /* rtcpsdespacket.cpp in Sources */,
				FA0EDE7018E4A6C7008407B1 /* rtcpapppacket.cpp in Sources */,
				69C1A40717858BE900E284F7 /* Vp8VideoDecoder.cpp in Sources */,
				FA0EDE8418E4A6C7008407B1 /* rtplibraryversion.cpp in Sources */,
				FA0EDE9018E4A6C7008407B1 /* rtpsources.cpp in Sources */,
				69C1A40817858BE900E284F7 /* Vp8VideoEncoder.cpp in Sources */,
				69C1A42B17858D8800E284F7 /* DockConnectorController.m in Sources */,
				69C1A42C17858D8800E284F7 /* RemoteControlGalileo.mm in Sources */,
				69C1A42D17858D8800E284F7 /* UserInputHandler.m in Sources */,
				69C1A42E17858D8800E284F7 /* VideoView.mm in Sources */,
				69C1A42F17858D8800E284F7 /* VideoViewController.mm in Sources */,
			);
			runOnlyForDeploymentPostprocessing = 0;
		};
/* End PBXSourcesBuildPhase section */

/* Begin PBXVariantGroup section */
		302362E1158A8FEE00B2DF09 /* InfoPlist.strings */ = {
			isa = PBXVariantGroup;
			children = (
				302362E2158A8FEE00B2DF09 /* en */,
			);
			name = InfoPlist.strings;
			sourceTree = "<group>";
		};
/* End PBXVariantGroup section */

/* Begin XCBuildConfiguration section */
		302362EA158A8FEE00B2DF09 /* Debug */ = {
			isa = XCBuildConfiguration;
			buildSettings = {
				ALWAYS_SEARCH_USER_PATHS = NO;
				CLANG_CXX_LIBRARY = "compiler-default";
				CLANG_ENABLE_OBJC_ARC = YES;
				CLANG_WARN_BOOL_CONVERSION = YES;
				CLANG_WARN_CONSTANT_CONVERSION = YES;
				CLANG_WARN_EMPTY_BODY = YES;
				CLANG_WARN_ENUM_CONVERSION = YES;
				CLANG_WARN_INT_CONVERSION = YES;
				CLANG_WARN__DUPLICATE_METHOD_MATCH = YES;
				CODE_SIGN_IDENTITY = "iPhone Developer: Christopher Harding (M42667LZAH)";
				COPY_PHASE_STRIP = NO;
				GCC_C_LANGUAGE_STANDARD = gnu99;
				GCC_DYNAMIC_NO_PIC = NO;
				GCC_OPTIMIZATION_LEVEL = 0;
				GCC_PREPROCESSOR_DEFINITIONS = (
					"DEBUG=1",
					"$(inherited)",
				);
				GCC_SYMBOLS_PRIVATE_EXTERN = NO;
				GCC_VERSION = com.apple.compilers.llvm.clang.1_0;
				GCC_WARN_64_TO_32_BIT_CONVERSION = YES;
				GCC_WARN_ABOUT_RETURN_TYPE = YES;
				GCC_WARN_UNDECLARED_SELECTOR = YES;
				GCC_WARN_UNINITIALIZED_AUTOS = YES;
				GCC_WARN_UNUSED_FUNCTION = YES;
				GCC_WARN_UNUSED_VARIABLE = YES;
				IPHONEOS_DEPLOYMENT_TARGET = 6.0;
				ONLY_ACTIVE_ARCH = NO;
				SDKROOT = iphoneos;
				TARGETED_DEVICE_FAMILY = "1,2";
				VALID_ARCHS = armv7;
			};
			name = Debug;
		};
		302362EB158A8FEE00B2DF09 /* Release */ = {
			isa = XCBuildConfiguration;
			buildSettings = {
				ALWAYS_SEARCH_USER_PATHS = NO;
				CLANG_CXX_LIBRARY = "compiler-default";
				CLANG_ENABLE_OBJC_ARC = YES;
				CLANG_WARN_BOOL_CONVERSION = YES;
				CLANG_WARN_CONSTANT_CONVERSION = YES;
				CLANG_WARN_EMPTY_BODY = YES;
				CLANG_WARN_ENUM_CONVERSION = YES;
				CLANG_WARN_INT_CONVERSION = YES;
				CLANG_WARN__DUPLICATE_METHOD_MATCH = YES;
				CODE_SIGN_IDENTITY = "iPhone Distribution: Motrr, LLC (B4TTX87949)";
				COPY_PHASE_STRIP = YES;
				GCC_C_LANGUAGE_STANDARD = gnu99;
				GCC_VERSION = com.apple.compilers.llvm.clang.1_0;
				GCC_WARN_64_TO_32_BIT_CONVERSION = YES;
				GCC_WARN_ABOUT_RETURN_TYPE = YES;
				GCC_WARN_UNDECLARED_SELECTOR = YES;
				GCC_WARN_UNINITIALIZED_AUTOS = YES;
				GCC_WARN_UNUSED_FUNCTION = YES;
				GCC_WARN_UNUSED_VARIABLE = YES;
				IPHONEOS_DEPLOYMENT_TARGET = 6.0;
				OTHER_CFLAGS = "-DNS_BLOCK_ASSERTIONS=1";
				SDKROOT = iphoneos;
				TARGETED_DEVICE_FAMILY = "1,2";
				VALIDATE_PRODUCT = YES;
				VALID_ARCHS = armv7;
			};
			name = Release;
		};
		302362ED158A8FEE00B2DF09 /* Debug */ = {
			isa = XCBuildConfiguration;
			buildSettings = {
				ALWAYS_SEARCH_USER_PATHS = YES;
				CLANG_CXX_LIBRARY = "compiler-default";
				FRAMEWORK_SEARCH_PATHS = (
					"$(inherited)",
					"\"$(SRCROOT)/Galileo-iOS-SDK/frameworks\"",
				);
				GCC_INPUT_FILETYPE = sourcecode.cpp.objcpp;
				GCC_PRECOMPILE_PREFIX_HEADER = YES;
				GCC_PREFIX_HEADER = "RemoteControlGalileo/RemoteControlGalileo-Prefix.pch";
				HEADER_SEARCH_PATHS = (
					vpx/include,
					ilbc/include,
					jrtplib/include,
					"$(SRCROOT)",
				);
				INFOPLIST_FILE = "RemoteControlGalileo/RemoteControlGalileo-Info.plist";
				IPHONEOS_DEPLOYMENT_TARGET = 6.0;
				LIBRARY_SEARCH_PATHS = (
					"$(PROJECT_DIR)/ilbc/lib",
					"$(PROJECT_DIR)/vpx/lib",
				);
				PRODUCT_NAME = RemoteControlGalileo;
				SDKROOT = iphoneos;
				VALID_ARCHS = "armv7 armv7s";
				WRAPPER_EXTENSION = app;
			};
			name = Debug;
		};
		302362EE158A8FEE00B2DF09 /* Release */ = {
			isa = XCBuildConfiguration;
			buildSettings = {
				ALWAYS_SEARCH_USER_PATHS = YES;
				CLANG_CXX_LIBRARY = "compiler-default";
				FRAMEWORK_SEARCH_PATHS = (
					"$(inherited)",
					"\"$(SRCROOT)/Galileo-iOS-SDK/frameworks\"",
				);
				GCC_INPUT_FILETYPE = sourcecode.cpp.objcpp;
				GCC_PRECOMPILE_PREFIX_HEADER = YES;
				GCC_PREFIX_HEADER = "RemoteControlGalileo/RemoteControlGalileo-Prefix.pch";
				HEADER_SEARCH_PATHS = (
					vpx/include,
					ilbc/include,
					jrtplib/include,
					"$(SRCROOT)",
				);
				INFOPLIST_FILE = "RemoteControlGalileo/RemoteControlGalileo-Info.plist";
				IPHONEOS_DEPLOYMENT_TARGET = 6.0;
				LIBRARY_SEARCH_PATHS = (
					"$(PROJECT_DIR)/ilbc/lib",
					"$(PROJECT_DIR)/vpx/lib",
				);
				PRODUCT_NAME = RemoteControlGalileo;
				SDKROOT = iphoneos;
				VALID_ARCHS = "armv7 armv7s";
				WRAPPER_EXTENSION = app;
			};
			name = Release;
		};
/* End XCBuildConfiguration section */

/* Begin XCConfigurationList section */
		302362CE158A8FEE00B2DF09 /* Build configuration list for PBXProject "RemoteControlGalileo" */ = {
			isa = XCConfigurationList;
			buildConfigurations = (
				302362EA158A8FEE00B2DF09 /* Debug */,
				302362EB158A8FEE00B2DF09 /* Release */,
			);
			defaultConfigurationIsVisible = 0;
			defaultConfigurationName = Release;
		};
		302362EC158A8FEE00B2DF09 /* Build configuration list for PBXNativeTarget "RemoteControlGalileo" */ = {
			isa = XCConfigurationList;
			buildConfigurations = (
				302362ED158A8FEE00B2DF09 /* Debug */,
				302362EE158A8FEE00B2DF09 /* Release */,
			);
			defaultConfigurationIsVisible = 0;
			defaultConfigurationName = Release;
		};
/* End XCConfigurationList section */
	};
	rootObject = 302362CB158A8FEE00B2DF09 /* Project object */;
}
