// !$*UTF8*$!
{
	archiveVersion = 1;
	classes = {
	};
	objectVersion = 46;
	objects = {

/* Begin PBXBuildFile section */
		302362D9158A8FEE00B2DF09 /* UIKit.framework in Frameworks */ = {isa = PBXBuildFile; fileRef = 302362D8158A8FEE00B2DF09 /* UIKit.framework */; };
		302362DB158A8FEE00B2DF09 /* Foundation.framework in Frameworks */ = {isa = PBXBuildFile; fileRef = 302362DA158A8FEE00B2DF09 /* Foundation.framework */; };
		302362DD158A8FEE00B2DF09 /* CoreGraphics.framework in Frameworks */ = {isa = PBXBuildFile; fileRef = 302362DC158A8FEE00B2DF09 /* CoreGraphics.framework */; };
		302362E3158A8FEE00B2DF09 /* InfoPlist.strings in Resources */ = {isa = PBXBuildFile; fileRef = 302362E1158A8FEE00B2DF09 /* InfoPlist.strings */; };
		302362E5158A8FEE00B2DF09 /* main.m in Sources */ = {isa = PBXBuildFile; fileRef = 302362E4158A8FEE00B2DF09 /* main.m */; };
		309AAC7F158AF9A9007015A9 /* CoreMedia.framework in Frameworks */ = {isa = PBXBuildFile; fileRef = 309AAC7E158AF9A9007015A9 /* CoreMedia.framework */; };
		309AAC81158AF9C4007015A9 /* AVFoundation.framework in Frameworks */ = {isa = PBXBuildFile; fileRef = 309AAC80158AF9C4007015A9 /* AVFoundation.framework */; };
		309AAC83158AF9CF007015A9 /* AssetsLibrary.framework in Frameworks */ = {isa = PBXBuildFile; fileRef = 309AAC82158AF9CE007015A9 /* AssetsLibrary.framework */; };
		309AAC85158AF9D9007015A9 /* QuartzCore.framework in Frameworks */ = {isa = PBXBuildFile; fileRef = 309AAC84158AF9D9007015A9 /* QuartzCore.framework */; };
		309AAC87158AF9EC007015A9 /* OpenGLES.framework in Frameworks */ = {isa = PBXBuildFile; fileRef = 309AAC86158AF9EC007015A9 /* OpenGLES.framework */; };
		309AAC8B158AFA18007015A9 /* CoreVideo.framework in Frameworks */ = {isa = PBXBuildFile; fileRef = 309AAC8A158AFA18007015A9 /* CoreVideo.framework */; };
		309AAC8D158AFA2F007015A9 /* GameKit.framework in Frameworks */ = {isa = PBXBuildFile; fileRef = 309AAC8C158AFA2F007015A9 /* GameKit.framework */; };
		690EE76C1772FAC4005C4451 /* AudioToolbox.framework in Frameworks */ = {isa = PBXBuildFile; fileRef = 690EE76B1772FAC3005C4451 /* AudioToolbox.framework */; };
		693E8F71176234FB007FD105 /* libilbc.a in Frameworks */ = {isa = PBXBuildFile; fileRef = 693E8F70176234FB007FD105 /* libilbc.a */; };
		693E8F7317623506007FD105 /* libvpx.a in Frameworks */ = {isa = PBXBuildFile; fileRef = 693E8F7217623506007FD105 /* libvpx.a */; };
		69C1A3A817858B8B00E284F7 /* GLConstants.cpp in Sources */ = {isa = PBXBuildFile; fileRef = 69C1A39317858B8B00E284F7 /* GLConstants.cpp */; };
		69C1A3A917858B8B00E284F7 /* OffscreenFBO.m in Sources */ = {isa = PBXBuildFile; fileRef = 69C1A39617858B8B00E284F7 /* OffscreenFBO.m */; };
		69C1A3AA17858B8B00E284F7 /* OnscreenFBO.m in Sources */ = {isa = PBXBuildFile; fileRef = 69C1A39817858B8B00E284F7 /* OnscreenFBO.m */; };
		69C1A3AB17858B8B00E284F7 /* Shader.cpp in Sources */ = {isa = PBXBuildFile; fileRef = 69C1A39917858B8B00E284F7 /* Shader.cpp */; };
		69C1A3AC17858B8B00E284F7 /* passThrough.frag in Resources */ = {isa = PBXBuildFile; fileRef = 69C1A39C17858B8B00E284F7 /* passThrough.frag */; };
		69C1A3AD17858B8B00E284F7 /* passThrough.vert in Resources */ = {isa = PBXBuildFile; fileRef = 69C1A39D17858B8B00E284F7 /* passThrough.vert */; };
		69C1A3AE17858B8B00E284F7 /* u2planar.frag in Resources */ = {isa = PBXBuildFile; fileRef = 69C1A39E17858B8B00E284F7 /* u2planar.frag */; };
		69C1A3AF17858B8B00E284F7 /* u2planar.vert in Resources */ = {isa = PBXBuildFile; fileRef = 69C1A39F17858B8B00E284F7 /* u2planar.vert */; };
		69C1A3B017858B8B00E284F7 /* v2planar.frag in Resources */ = {isa = PBXBuildFile; fileRef = 69C1A3A017858B8B00E284F7 /* v2planar.frag */; };
		69C1A3B117858B8B00E284F7 /* v2planar.vert in Resources */ = {isa = PBXBuildFile; fileRef = 69C1A3A117858B8B00E284F7 /* v2planar.vert */; };
		69C1A3B217858B8B00E284F7 /* y2planar.frag in Resources */ = {isa = PBXBuildFile; fileRef = 69C1A3A217858B8B00E284F7 /* y2planar.frag */; };
		69C1A3B317858B8B00E284F7 /* y2planar.vert in Resources */ = {isa = PBXBuildFile; fileRef = 69C1A3A317858B8B00E284F7 /* y2planar.vert */; };
		69C1A3B417858B8B00E284F7 /* yuv2bgr.frag in Resources */ = {isa = PBXBuildFile; fileRef = 69C1A3A417858B8B00E284F7 /* yuv2bgr.frag */; };
		69C1A3B517858B8B00E284F7 /* yuv2bgr.vert in Resources */ = {isa = PBXBuildFile; fileRef = 69C1A3A517858B8B00E284F7 /* yuv2bgr.vert */; };
		69C1A3B617858B8B00E284F7 /* yuv2yuv.frag in Resources */ = {isa = PBXBuildFile; fileRef = 69C1A3A617858B8B00E284F7 /* yuv2yuv.frag */; };
		69C1A3B717858B8B00E284F7 /* yuv2yuv.vert in Resources */ = {isa = PBXBuildFile; fileRef = 69C1A3A717858B8B00E284F7 /* yuv2yuv.vert */; };
		69C1A3BC17858B9A00E284F7 /* MoveRecogniser.m in Sources */ = {isa = PBXBuildFile; fileRef = 69C1A3B917858B9A00E284F7 /* MoveRecogniser.m */; };
		69C1A3C917858BD300E284F7 /* AppDelegate.m in Sources */ = {isa = PBXBuildFile; fileRef = 69C1A3BF17858BD300E284F7 /* AppDelegate.m */; };
		69C1A3CA17858BD300E284F7 /* GKLobbyViewController.m in Sources */ = {isa = PBXBuildFile; fileRef = 69C1A3C217858BD300E284F7 /* GKLobbyViewController.m */; };
		69C1A3CB17858BD300E284F7 /* GKNetController.mm in Sources */ = {isa = PBXBuildFile; fileRef = 69C1A3C417858BD300E284F7 /* GKNetController.mm */; };
		69C1A3CC17858BD300E284F7 /* GKSessionManager.m in Sources */ = {isa = PBXBuildFile; fileRef = 69C1A3C617858BD300E284F7 /* GKSessionManager.m */; };
		69C1A3CD17858BD300E284F7 /* RootViewController.m in Sources */ = {isa = PBXBuildFile; fileRef = 69C1A3C817858BD300E284F7 /* RootViewController.m */; };
		69C1A3FA17858BE900E284F7 /* AudioDevice.cpp in Sources */ = {isa = PBXBuildFile; fileRef = 69C1A3D017858BE900E284F7 /* AudioDevice.cpp */; };
		69C1A3FB17858BE900E284F7 /* AudioInputOutput.mm in Sources */ = {isa = PBXBuildFile; fileRef = 69C1A3D417858BE900E284F7 /* AudioInputOutput.mm */; };
		69C1A3FC17858BE900E284F7 /* iLBCAudioDecoder.cpp in Sources */ = {isa = PBXBuildFile; fileRef = 69C1A3D517858BE900E284F7 /* iLBCAudioDecoder.cpp */; };
		69C1A3FD17858BE900E284F7 /* iLBCAudioEncoder.cpp in Sources */ = {isa = PBXBuildFile; fileRef = 69C1A3D717858BE900E284F7 /* iLBCAudioEncoder.cpp */; };
		69C1A3FE17858BE900E284F7 /* IpAddress.cpp in Sources */ = {isa = PBXBuildFile; fileRef = 69C1A3DF17858BE900E284F7 /* IpAddress.cpp */; };
		69C1A3FF17858BE900E284F7 /* Socket.cpp in Sources */ = {isa = PBXBuildFile; fileRef = 69C1A3E117858BE900E284F7 /* Socket.cpp */; };
		69C1A40017858BE900E284F7 /* RtpDepacketiser.m in Sources */ = {isa = PBXBuildFile; fileRef = 69C1A3E517858BE900E284F7 /* RtpDepacketiser.m */; };
		69C1A40117858BE900E284F7 /* RtpPacketiser.cpp in Sources */ = {isa = PBXBuildFile; fileRef = 69C1A3E617858BE900E284F7 /* RtpPacketiser.cpp */; };
		69C1A40217858BE900E284F7 /* CameraInput.mm in Sources */ = {isa = PBXBuildFile; fileRef = 69C1A3EA17858BE900E284F7 /* CameraInput.mm */; };
		69C1A40317858BE900E284F7 /* OpenGLProcessor.mm in Sources */ = {isa = PBXBuildFile; fileRef = 69C1A3EC17858BE900E284F7 /* OpenGLProcessor.mm */; };
		69C1A40417858BE900E284F7 /* VideoInputOutput.mm in Sources */ = {isa = PBXBuildFile; fileRef = 69C1A3F017858BE900E284F7 /* VideoInputOutput.mm */; };
		69C1A40517858BE900E284F7 /* Vp8RtpDepacketiser.mm in Sources */ = {isa = PBXBuildFile; fileRef = 69C1A3F217858BE900E284F7 /* Vp8RtpDepacketiser.mm */; };
		69C1A40617858BE900E284F7 /* Vp8RtpPacketiser.cpp in Sources */ = {isa = PBXBuildFile; fileRef = 69C1A3F317858BE900E284F7 /* Vp8RtpPacketiser.cpp */; };
		69C1A40717858BE900E284F7 /* Vp8VideoDecoder.cpp in Sources */ = {isa = PBXBuildFile; fileRef = 69C1A3F517858BE900E284F7 /* Vp8VideoDecoder.cpp */; };
		69C1A40817858BE900E284F7 /* Vp8VideoEncoder.cpp in Sources */ = {isa = PBXBuildFile; fileRef = 69C1A3F717858BE900E284F7 /* Vp8VideoEncoder.cpp */; };
		69C1A42B17858D8800E284F7 /* DockConnectorController.m in Sources */ = {isa = PBXBuildFile; fileRef = 69C1A42117858D8800E284F7 /* DockConnectorController.m */; };
		69C1A42C17858D8800E284F7 /* RemoteControlGalileo.mm in Sources */ = {isa = PBXBuildFile; fileRef = 69C1A42417858D8800E284F7 /* RemoteControlGalileo.mm */; };
		69C1A42D17858D8800E284F7 /* UserInputHandler.m in Sources */ = {isa = PBXBuildFile; fileRef = 69C1A42617858D8800E284F7 /* UserInputHandler.m */; };
		69C1A42E17858D8800E284F7 /* VideoView.mm in Sources */ = {isa = PBXBuildFile; fileRef = 69C1A42817858D8800E284F7 /* VideoView.mm */; };
		69C1A42F17858D8800E284F7 /* VideoViewController.mm in Sources */ = {isa = PBXBuildFile; fileRef = 69C1A42A17858D8800E284F7 /* VideoViewController.mm */; };
		830C56B7177932A90058015E /* GalileoControl.framework in Frameworks */ = {isa = PBXBuildFile; fileRef = 830C56B6177932A90058015E /* GalileoControl.framework */; };
		830C56B91779341B0058015E /* libxml2.dylib in Frameworks */ = {isa = PBXBuildFile; fileRef = 830C56B81779341B0058015E /* libxml2.dylib */; };
		830C56BB177934230058015E /* ExternalAccessory.framework in Frameworks */ = {isa = PBXBuildFile; fileRef = 830C56BA177934230058015E /* ExternalAccessory.framework */; };
		832FD5C416D5B379001CDF65 /* Default-568h@2x.png in Resources */ = {isa = PBXBuildFile; fileRef = 832FD5C316D5B379001CDF65 /* Default-568h@2x.png */; };
		83619CC9178ABFBF00B9EB20 /* CoreBluetooth.framework in Frameworks */ = {isa = PBXBuildFile; fileRef = 83619CC8178ABFBF00B9EB20 /* CoreBluetooth.framework */; };
/* End PBXBuildFile section */

/* Begin PBXFileReference section */
		302362D4158A8FEE00B2DF09 /* RemoteControlGalileo.app */ = {isa = PBXFileReference; explicitFileType = wrapper.application; includeInIndex = 0; path = RemoteControlGalileo.app; sourceTree = BUILT_PRODUCTS_DIR; };
		302362D8158A8FEE00B2DF09 /* UIKit.framework */ = {isa = PBXFileReference; lastKnownFileType = wrapper.framework; name = UIKit.framework; path = System/Library/Frameworks/UIKit.framework; sourceTree = SDKROOT; };
		302362DA158A8FEE00B2DF09 /* Foundation.framework */ = {isa = PBXFileReference; lastKnownFileType = wrapper.framework; name = Foundation.framework; path = System/Library/Frameworks/Foundation.framework; sourceTree = SDKROOT; };
		302362DC158A8FEE00B2DF09 /* CoreGraphics.framework */ = {isa = PBXFileReference; lastKnownFileType = wrapper.framework; name = CoreGraphics.framework; path = System/Library/Frameworks/CoreGraphics.framework; sourceTree = SDKROOT; };
		302362E0158A8FEE00B2DF09 /* RemoteControlGalileo-Info.plist */ = {isa = PBXFileReference; lastKnownFileType = text.plist.xml; path = "RemoteControlGalileo-Info.plist"; sourceTree = "<group>"; };
		302362E2158A8FEE00B2DF09 /* en */ = {isa = PBXFileReference; lastKnownFileType = text.plist.strings; name = en; path = en.lproj/InfoPlist.strings; sourceTree = "<group>"; };
		302362E4158A8FEE00B2DF09 /* main.m */ = {isa = PBXFileReference; lastKnownFileType = sourcecode.c.objc; path = main.m; sourceTree = "<group>"; };
		302362E6158A8FEE00B2DF09 /* RemoteControlGalileo-Prefix.pch */ = {isa = PBXFileReference; lastKnownFileType = sourcecode.c.h; path = "RemoteControlGalileo-Prefix.pch"; sourceTree = "<group>"; };
		309AAC7E158AF9A9007015A9 /* CoreMedia.framework */ = {isa = PBXFileReference; lastKnownFileType = wrapper.framework; name = CoreMedia.framework; path = System/Library/Frameworks/CoreMedia.framework; sourceTree = SDKROOT; };
		309AAC80158AF9C4007015A9 /* AVFoundation.framework */ = {isa = PBXFileReference; lastKnownFileType = wrapper.framework; name = AVFoundation.framework; path = System/Library/Frameworks/AVFoundation.framework; sourceTree = SDKROOT; };
		309AAC82158AF9CE007015A9 /* AssetsLibrary.framework */ = {isa = PBXFileReference; lastKnownFileType = wrapper.framework; name = AssetsLibrary.framework; path = System/Library/Frameworks/AssetsLibrary.framework; sourceTree = SDKROOT; };
		309AAC84158AF9D9007015A9 /* QuartzCore.framework */ = {isa = PBXFileReference; lastKnownFileType = wrapper.framework; name = QuartzCore.framework; path = System/Library/Frameworks/QuartzCore.framework; sourceTree = SDKROOT; };
		309AAC86158AF9EC007015A9 /* OpenGLES.framework */ = {isa = PBXFileReference; lastKnownFileType = wrapper.framework; name = OpenGLES.framework; path = System/Library/Frameworks/OpenGLES.framework; sourceTree = SDKROOT; };
		309AAC88158AFA04007015A9 /* GLKit.framework */ = {isa = PBXFileReference; lastKnownFileType = wrapper.framework; name = GLKit.framework; path = System/Library/Frameworks/GLKit.framework; sourceTree = SDKROOT; };
		309AAC8A158AFA18007015A9 /* CoreVideo.framework */ = {isa = PBXFileReference; lastKnownFileType = wrapper.framework; name = CoreVideo.framework; path = System/Library/Frameworks/CoreVideo.framework; sourceTree = SDKROOT; };
		309AAC8C158AFA2F007015A9 /* GameKit.framework */ = {isa = PBXFileReference; lastKnownFileType = wrapper.framework; name = GameKit.framework; path = System/Library/Frameworks/GameKit.framework; sourceTree = SDKROOT; };
		690EE76B1772FAC3005C4451 /* AudioToolbox.framework */ = {isa = PBXFileReference; lastKnownFileType = wrapper.framework; name = AudioToolbox.framework; path = System/Library/Frameworks/AudioToolbox.framework; sourceTree = SDKROOT; };
		693E8F70176234FB007FD105 /* libilbc.a */ = {isa = PBXFileReference; lastKnownFileType = archive.ar; name = libilbc.a; path = ilbc/lib/libilbc.a; sourceTree = "<group>"; };
		693E8F7217623506007FD105 /* libvpx.a */ = {isa = PBXFileReference; lastKnownFileType = archive.ar; name = libvpx.a; path = vpx/lib/libvpx.a; sourceTree = "<group>"; };
		69C1A39317858B8B00E284F7 /* GLConstants.cpp */ = {isa = PBXFileReference; fileEncoding = 4; lastKnownFileType = sourcecode.cpp.cpp; path = GLConstants.cpp; sourceTree = "<group>"; };
		69C1A39417858B8B00E284F7 /* GLConstants.h */ = {isa = PBXFileReference; fileEncoding = 4; lastKnownFileType = sourcecode.c.h; path = GLConstants.h; sourceTree = "<group>"; };
		69C1A39517858B8B00E284F7 /* OffscreenFBO.h */ = {isa = PBXFileReference; fileEncoding = 4; lastKnownFileType = sourcecode.c.h; path = OffscreenFBO.h; sourceTree = "<group>"; };
		69C1A39617858B8B00E284F7 /* OffscreenFBO.m */ = {isa = PBXFileReference; fileEncoding = 4; lastKnownFileType = sourcecode.c.objc; path = OffscreenFBO.m; sourceTree = "<group>"; };
		69C1A39717858B8B00E284F7 /* OnscreenFBO.h */ = {isa = PBXFileReference; fileEncoding = 4; lastKnownFileType = sourcecode.c.h; path = OnscreenFBO.h; sourceTree = "<group>"; };
		69C1A39817858B8B00E284F7 /* OnscreenFBO.m */ = {isa = PBXFileReference; fileEncoding = 4; lastKnownFileType = sourcecode.c.objc; path = OnscreenFBO.m; sourceTree = "<group>"; };
		69C1A39917858B8B00E284F7 /* Shader.cpp */ = {isa = PBXFileReference; fileEncoding = 4; lastKnownFileType = sourcecode.cpp.cpp; path = Shader.cpp; sourceTree = "<group>"; };
		69C1A39A17858B8B00E284F7 /* Shader.h */ = {isa = PBXFileReference; fileEncoding = 4; lastKnownFileType = sourcecode.c.h; path = Shader.h; sourceTree = "<group>"; };
		69C1A39C17858B8B00E284F7 /* passThrough.frag */ = {isa = PBXFileReference; fileEncoding = 4; lastKnownFileType = sourcecode.glsl; path = passThrough.frag; sourceTree = "<group>"; };
		69C1A39D17858B8B00E284F7 /* passThrough.vert */ = {isa = PBXFileReference; fileEncoding = 4; lastKnownFileType = sourcecode.glsl; path = passThrough.vert; sourceTree = "<group>"; };
		69C1A39E17858B8B00E284F7 /* u2planar.frag */ = {isa = PBXFileReference; fileEncoding = 4; lastKnownFileType = sourcecode.glsl; path = u2planar.frag; sourceTree = "<group>"; };
		69C1A39F17858B8B00E284F7 /* u2planar.vert */ = {isa = PBXFileReference; fileEncoding = 4; lastKnownFileType = sourcecode.glsl; path = u2planar.vert; sourceTree = "<group>"; };
		69C1A3A017858B8B00E284F7 /* v2planar.frag */ = {isa = PBXFileReference; fileEncoding = 4; lastKnownFileType = sourcecode.glsl; path = v2planar.frag; sourceTree = "<group>"; };
		69C1A3A117858B8B00E284F7 /* v2planar.vert */ = {isa = PBXFileReference; fileEncoding = 4; lastKnownFileType = sourcecode.glsl; path = v2planar.vert; sourceTree = "<group>"; };
		69C1A3A217858B8B00E284F7 /* y2planar.frag */ = {isa = PBXFileReference; fileEncoding = 4; lastKnownFileType = sourcecode.glsl; path = y2planar.frag; sourceTree = "<group>"; };
		69C1A3A317858B8B00E284F7 /* y2planar.vert */ = {isa = PBXFileReference; fileEncoding = 4; lastKnownFileType = sourcecode.glsl; path = y2planar.vert; sourceTree = "<group>"; };
		69C1A3A417858B8B00E284F7 /* yuv2bgr.frag */ = {isa = PBXFileReference; fileEncoding = 4; lastKnownFileType = sourcecode.glsl; path = yuv2bgr.frag; sourceTree = "<group>"; };
		69C1A3A517858B8B00E284F7 /* yuv2bgr.vert */ = {isa = PBXFileReference; fileEncoding = 4; lastKnownFileType = sourcecode.glsl; path = yuv2bgr.vert; sourceTree = "<group>"; };
		69C1A3A617858B8B00E284F7 /* yuv2yuv.frag */ = {isa = PBXFileReference; fileEncoding = 4; lastKnownFileType = sourcecode.glsl; path = yuv2yuv.frag; sourceTree = "<group>"; };
		69C1A3A717858B8B00E284F7 /* yuv2yuv.vert */ = {isa = PBXFileReference; fileEncoding = 4; lastKnownFileType = sourcecode.glsl; path = yuv2yuv.vert; sourceTree = "<group>"; };
		69C1A3B817858B9A00E284F7 /* MoveRecogniser.h */ = {isa = PBXFileReference; fileEncoding = 4; lastKnownFileType = sourcecode.c.h; name = MoveRecogniser.h; path = RemoteControlGalileo/Utils/MoveRecogniser.h; sourceTree = SOURCE_ROOT; };
		69C1A3B917858B9A00E284F7 /* MoveRecogniser.m */ = {isa = PBXFileReference; fileEncoding = 4; lastKnownFileType = sourcecode.c.objc; name = MoveRecogniser.m; path = RemoteControlGalileo/Utils/MoveRecogniser.m; sourceTree = SOURCE_ROOT; };
		69C1A3BE17858BD300E284F7 /* AppDelegate.h */ = {isa = PBXFileReference; fileEncoding = 4; lastKnownFileType = sourcecode.c.h; name = AppDelegate.h; path = Initialisation/AppDelegate.h; sourceTree = "<group>"; };
		69C1A3BF17858BD300E284F7 /* AppDelegate.m */ = {isa = PBXFileReference; fileEncoding = 4; lastKnownFileType = sourcecode.c.objc; name = AppDelegate.m; path = Initialisation/AppDelegate.m; sourceTree = "<group>"; };
		69C1A3C017858BD300E284F7 /* GKCommon.h */ = {isa = PBXFileReference; fileEncoding = 4; lastKnownFileType = sourcecode.c.h; name = GKCommon.h; path = Initialisation/GKCommon.h; sourceTree = "<group>"; };
		69C1A3C117858BD300E284F7 /* GKLobbyViewController.h */ = {isa = PBXFileReference; fileEncoding = 4; lastKnownFileType = sourcecode.c.h; name = GKLobbyViewController.h; path = Initialisation/GKLobbyViewController.h; sourceTree = "<group>"; };
		69C1A3C217858BD300E284F7 /* GKLobbyViewController.m */ = {isa = PBXFileReference; fileEncoding = 4; lastKnownFileType = sourcecode.c.objc; name = GKLobbyViewController.m; path = Initialisation/GKLobbyViewController.m; sourceTree = "<group>"; };
		69C1A3C317858BD300E284F7 /* GKNetController.h */ = {isa = PBXFileReference; fileEncoding = 4; lastKnownFileType = sourcecode.c.h; name = GKNetController.h; path = Initialisation/GKNetController.h; sourceTree = "<group>"; };
		69C1A3C417858BD300E284F7 /* GKNetController.mm */ = {isa = PBXFileReference; fileEncoding = 4; lastKnownFileType = sourcecode.cpp.objcpp; name = GKNetController.mm; path = Initialisation/GKNetController.mm; sourceTree = "<group>"; };
		69C1A3C517858BD300E284F7 /* GKSessionManager.h */ = {isa = PBXFileReference; fileEncoding = 4; lastKnownFileType = sourcecode.c.h; name = GKSessionManager.h; path = Initialisation/GKSessionManager.h; sourceTree = "<group>"; };
		69C1A3C617858BD300E284F7 /* GKSessionManager.m */ = {isa = PBXFileReference; fileEncoding = 4; lastKnownFileType = sourcecode.c.objc; name = GKSessionManager.m; path = Initialisation/GKSessionManager.m; sourceTree = "<group>"; };
		69C1A3C717858BD300E284F7 /* RootViewController.h */ = {isa = PBXFileReference; fileEncoding = 4; lastKnownFileType = sourcecode.c.h; name = RootViewController.h; path = Initialisation/RootViewController.h; sourceTree = "<group>"; };
		69C1A3C817858BD300E284F7 /* RootViewController.m */ = {isa = PBXFileReference; fileEncoding = 4; lastKnownFileType = sourcecode.c.objc; name = RootViewController.m; path = Initialisation/RootViewController.m; sourceTree = "<group>"; };
		69C1A3CF17858BE900E284F7 /* AudioDecoder.h */ = {isa = PBXFileReference; fileEncoding = 4; lastKnownFileType = sourcecode.c.h; path = AudioDecoder.h; sourceTree = "<group>"; };
		69C1A3D017858BE900E284F7 /* AudioDevice.cpp */ = {isa = PBXFileReference; fileEncoding = 4; lastKnownFileType = sourcecode.cpp.cpp; path = AudioDevice.cpp; sourceTree = "<group>"; };
		69C1A3D117858BE900E284F7 /* AudioDevice.h */ = {isa = PBXFileReference; fileEncoding = 4; lastKnownFileType = sourcecode.c.h; path = AudioDevice.h; sourceTree = "<group>"; };
		69C1A3D217858BE900E284F7 /* AudioEncoder.h */ = {isa = PBXFileReference; fileEncoding = 4; lastKnownFileType = sourcecode.c.h; path = AudioEncoder.h; sourceTree = "<group>"; };
		69C1A3D317858BE900E284F7 /* AudioInputOutput.h */ = {isa = PBXFileReference; fileEncoding = 4; lastKnownFileType = sourcecode.c.h; path = AudioInputOutput.h; sourceTree = "<group>"; };
		69C1A3D417858BE900E284F7 /* AudioInputOutput.mm */ = {isa = PBXFileReference; fileEncoding = 4; lastKnownFileType = sourcecode.cpp.objcpp; path = AudioInputOutput.mm; sourceTree = "<group>"; };
		69C1A3D517858BE900E284F7 /* iLBCAudioDecoder.cpp */ = {isa = PBXFileReference; fileEncoding = 4; lastKnownFileType = sourcecode.cpp.cpp; path = iLBCAudioDecoder.cpp; sourceTree = "<group>"; };
		69C1A3D617858BE900E284F7 /* iLBCAudioDecoder.h */ = {isa = PBXFileReference; fileEncoding = 4; lastKnownFileType = sourcecode.c.h; path = iLBCAudioDecoder.h; sourceTree = "<group>"; };
		69C1A3D717858BE900E284F7 /* iLBCAudioEncoder.cpp */ = {isa = PBXFileReference; fileEncoding = 4; lastKnownFileType = sourcecode.cpp.cpp; path = iLBCAudioEncoder.cpp; sourceTree = "<group>"; };
		69C1A3D817858BE900E284F7 /* iLBCAudioEncoder.h */ = {isa = PBXFileReference; fileEncoding = 4; lastKnownFileType = sourcecode.c.h; path = iLBCAudioEncoder.h; sourceTree = "<group>"; };
		69C1A3DA17858BE900E284F7 /* Buffer.h */ = {isa = PBXFileReference; fileEncoding = 4; lastKnownFileType = sourcecode.c.h; path = Buffer.h; sourceTree = "<group>"; };
		69C1A3DB17858BE900E284F7 /* FIFOBuffer.h */ = {isa = PBXFileReference; fileEncoding = 4; lastKnownFileType = sourcecode.c.h; path = FIFOBuffer.h; sourceTree = "<group>"; };
		69C1A3DC17858BE900E284F7 /* FIFOBufferImpl.h */ = {isa = PBXFileReference; fileEncoding = 4; lastKnownFileType = sourcecode.c.h; path = FIFOBufferImpl.h; sourceTree = "<group>"; };
		69C1A3DD17858BE900E284F7 /* Function.h */ = {isa = PBXFileReference; fileEncoding = 4; lastKnownFileType = sourcecode.c.h; path = Function.h; sourceTree = "<group>"; };
		69C1A3DE17858BE900E284F7 /* FunctionTemplate.h */ = {isa = PBXFileReference; fileEncoding = 4; lastKnownFileType = sourcecode.c.h; path = FunctionTemplate.h; sourceTree = "<group>"; };
		69C1A3DF17858BE900E284F7 /* IpAddress.cpp */ = {isa = PBXFileReference; fileEncoding = 4; lastKnownFileType = sourcecode.cpp.cpp; path = IpAddress.cpp; sourceTree = "<group>"; };
		69C1A3E017858BE900E284F7 /* IpAddress.h */ = {isa = PBXFileReference; fileEncoding = 4; lastKnownFileType = sourcecode.c.h; path = IpAddress.h; sourceTree = "<group>"; };
		69C1A3E117858BE900E284F7 /* Socket.cpp */ = {isa = PBXFileReference; fileEncoding = 4; lastKnownFileType = sourcecode.cpp.cpp; path = Socket.cpp; sourceTree = "<group>"; };
		69C1A3E217858BE900E284F7 /* Socket.h */ = {isa = PBXFileReference; fileEncoding = 4; lastKnownFileType = sourcecode.c.h; path = Socket.h; sourceTree = "<group>"; };
		69C1A3E317858BE900E284F7 /* Timer.h */ = {isa = PBXFileReference; fileEncoding = 4; lastKnownFileType = sourcecode.c.h; path = Timer.h; sourceTree = "<group>"; };
		69C1A3E417858BE900E284F7 /* RtpDepacketiser.h */ = {isa = PBXFileReference; fileEncoding = 4; lastKnownFileType = sourcecode.c.h; name = RtpDepacketiser.h; path = "AV Capture/RtpDepacketiser.h"; sourceTree = "<group>"; };
		69C1A3E517858BE900E284F7 /* RtpDepacketiser.m */ = {isa = PBXFileReference; fileEncoding = 4; lastKnownFileType = sourcecode.c.objc; name = RtpDepacketiser.m; path = "AV Capture/RtpDepacketiser.m"; sourceTree = "<group>"; };
		69C1A3E617858BE900E284F7 /* RtpPacketiser.cpp */ = {isa = PBXFileReference; fileEncoding = 4; lastKnownFileType = sourcecode.cpp.cpp; name = RtpPacketiser.cpp; path = "AV Capture/RtpPacketiser.cpp"; sourceTree = "<group>"; };
		69C1A3E717858BE900E284F7 /* RtpPacketiser.h */ = {isa = PBXFileReference; fileEncoding = 4; lastKnownFileType = sourcecode.c.h; name = RtpPacketiser.h; path = "AV Capture/RtpPacketiser.h"; sourceTree = "<group>"; };
		69C1A3E917858BE900E284F7 /* CameraInput.h */ = {isa = PBXFileReference; fileEncoding = 4; lastKnownFileType = sourcecode.c.h; path = CameraInput.h; sourceTree = "<group>"; };
		69C1A3EA17858BE900E284F7 /* CameraInput.mm */ = {isa = PBXFileReference; fileEncoding = 4; lastKnownFileType = sourcecode.cpp.objcpp; path = CameraInput.mm; sourceTree = "<group>"; };
		69C1A3EB17858BE900E284F7 /* OpenGLProcessor.h */ = {isa = PBXFileReference; fileEncoding = 4; lastKnownFileType = sourcecode.c.h; path = OpenGLProcessor.h; sourceTree = "<group>"; };
		69C1A3EC17858BE900E284F7 /* OpenGLProcessor.mm */ = {isa = PBXFileReference; fileEncoding = 4; lastKnownFileType = sourcecode.cpp.objcpp; path = OpenGLProcessor.mm; sourceTree = "<group>"; };
		69C1A3ED17858BE900E284F7 /* VideoDecoder.h */ = {isa = PBXFileReference; fileEncoding = 4; lastKnownFileType = sourcecode.c.h; path = VideoDecoder.h; sourceTree = "<group>"; };
		69C1A3EE17858BE900E284F7 /* VideoEncoder.h */ = {isa = PBXFileReference; fileEncoding = 4; lastKnownFileType = sourcecode.c.h; path = VideoEncoder.h; sourceTree = "<group>"; };
		69C1A3EF17858BE900E284F7 /* VideoInputOutput.h */ = {isa = PBXFileReference; fileEncoding = 4; lastKnownFileType = sourcecode.c.h; path = VideoInputOutput.h; sourceTree = "<group>"; };
		69C1A3F017858BE900E284F7 /* VideoInputOutput.mm */ = {isa = PBXFileReference; fileEncoding = 4; lastKnownFileType = sourcecode.cpp.objcpp; path = VideoInputOutput.mm; sourceTree = "<group>"; };
		69C1A3F117858BE900E284F7 /* Vp8RtpDepacketiser.h */ = {isa = PBXFileReference; fileEncoding = 4; lastKnownFileType = sourcecode.c.h; path = Vp8RtpDepacketiser.h; sourceTree = "<group>"; };
		69C1A3F217858BE900E284F7 /* Vp8RtpDepacketiser.mm */ = {isa = PBXFileReference; fileEncoding = 4; lastKnownFileType = sourcecode.cpp.objcpp; path = Vp8RtpDepacketiser.mm; sourceTree = "<group>"; };
		69C1A3F317858BE900E284F7 /* Vp8RtpPacketiser.cpp */ = {isa = PBXFileReference; fileEncoding = 4; lastKnownFileType = sourcecode.cpp.cpp; path = Vp8RtpPacketiser.cpp; sourceTree = "<group>"; };
		69C1A3F417858BE900E284F7 /* Vp8RtpPacketiser.h */ = {isa = PBXFileReference; fileEncoding = 4; lastKnownFileType = sourcecode.c.h; path = Vp8RtpPacketiser.h; sourceTree = "<group>"; };
		69C1A3F517858BE900E284F7 /* Vp8VideoDecoder.cpp */ = {isa = PBXFileReference; fileEncoding = 4; lastKnownFileType = sourcecode.cpp.cpp; path = Vp8VideoDecoder.cpp; sourceTree = "<group>"; };
		69C1A3F617858BE900E284F7 /* Vp8VideoDecoder.h */ = {isa = PBXFileReference; fileEncoding = 4; lastKnownFileType = sourcecode.c.h; path = Vp8VideoDecoder.h; sourceTree = "<group>"; };
		69C1A3F717858BE900E284F7 /* Vp8VideoEncoder.cpp */ = {isa = PBXFileReference; fileEncoding = 4; lastKnownFileType = sourcecode.cpp.cpp; path = Vp8VideoEncoder.cpp; sourceTree = "<group>"; };
		69C1A3F817858BE900E284F7 /* Vp8VideoEncoder.h */ = {isa = PBXFileReference; fileEncoding = 4; lastKnownFileType = sourcecode.c.h; path = Vp8VideoEncoder.h; sourceTree = "<group>"; };
		69C1A3F917858BE900E284F7 /* VideoTxRxCommon.h */ = {isa = PBXFileReference; fileEncoding = 4; lastKnownFileType = sourcecode.c.h; name = VideoTxRxCommon.h; path = "AV Capture/VideoTxRxCommon.h"; sourceTree = "<group>"; };
		69C1A42017858D8800E284F7 /* DockConnectorController.h */ = {isa = PBXFileReference; fileEncoding = 4; lastKnownFileType = sourcecode.c.h; name = DockConnectorController.h; path = RemoteControlGalileo/Main/DockConnectorController.h; sourceTree = "<group>"; };
		69C1A42117858D8800E284F7 /* DockConnectorController.m */ = {isa = PBXFileReference; fileEncoding = 4; lastKnownFileType = sourcecode.c.objc; name = DockConnectorController.m; path = RemoteControlGalileo/Main/DockConnectorController.m; sourceTree = "<group>"; };
		69C1A42217858D8800E284F7 /* GalileoCommon.h */ = {isa = PBXFileReference; fileEncoding = 4; lastKnownFileType = sourcecode.c.h; name = GalileoCommon.h; path = RemoteControlGalileo/Main/GalileoCommon.h; sourceTree = "<group>"; };
		69C1A42317858D8800E284F7 /* RemoteControlGalileo.h */ = {isa = PBXFileReference; fileEncoding = 4; lastKnownFileType = sourcecode.c.h; name = RemoteControlGalileo.h; path = RemoteControlGalileo/Main/RemoteControlGalileo.h; sourceTree = "<group>"; };
		69C1A42417858D8800E284F7 /* RemoteControlGalileo.mm */ = {isa = PBXFileReference; fileEncoding = 4; lastKnownFileType = sourcecode.cpp.objcpp; name = RemoteControlGalileo.mm; path = RemoteControlGalileo/Main/RemoteControlGalileo.mm; sourceTree = "<group>"; };
		69C1A42517858D8800E284F7 /* UserInputHandler.h */ = {isa = PBXFileReference; fileEncoding = 4; lastKnownFileType = sourcecode.c.h; name = UserInputHandler.h; path = RemoteControlGalileo/Main/UserInputHandler.h; sourceTree = "<group>"; };
		69C1A42617858D8800E284F7 /* UserInputHandler.m */ = {isa = PBXFileReference; fileEncoding = 4; lastKnownFileType = sourcecode.c.objc; name = UserInputHandler.m; path = RemoteControlGalileo/Main/UserInputHandler.m; sourceTree = "<group>"; };
		69C1A42717858D8800E284F7 /* VideoView.h */ = {isa = PBXFileReference; fileEncoding = 4; lastKnownFileType = sourcecode.c.h; name = VideoView.h; path = RemoteControlGalileo/Main/VideoView.h; sourceTree = "<group>"; };
		69C1A42817858D8800E284F7 /* VideoView.mm */ = {isa = PBXFileReference; fileEncoding = 4; lastKnownFileType = sourcecode.cpp.objcpp; name = VideoView.mm; path = RemoteControlGalileo/Main/VideoView.mm; sourceTree = "<group>"; };
		69C1A42917858D8800E284F7 /* VideoViewController.h */ = {isa = PBXFileReference; fileEncoding = 4; lastKnownFileType = sourcecode.c.h; name = VideoViewController.h; path = RemoteControlGalileo/Main/VideoViewController.h; sourceTree = "<group>"; };
		69C1A42A17858D8800E284F7 /* VideoViewController.mm */ = {isa = PBXFileReference; fileEncoding = 4; lastKnownFileType = sourcecode.cpp.objcpp; name = VideoViewController.mm; path = RemoteControlGalileo/Main/VideoViewController.mm; sourceTree = "<group>"; };
		830C56B6177932A90058015E /* GalileoControl.framework */ = {isa = PBXFileReference; lastKnownFileType = wrapper.framework; name = GalileoControl.framework; path = "Galileo-iOS-SDK/frameworks/GalileoControl.framework"; sourceTree = "<group>"; };
		830C56B81779341B0058015E /* libxml2.dylib */ = {isa = PBXFileReference; lastKnownFileType = "compiled.mach-o.dylib"; name = libxml2.dylib; path = usr/lib/libxml2.dylib; sourceTree = SDKROOT; };
		830C56BA177934230058015E /* ExternalAccessory.framework */ = {isa = PBXFileReference; lastKnownFileType = wrapper.framework; name = ExternalAccessory.framework; path = System/Library/Frameworks/ExternalAccessory.framework; sourceTree = SDKROOT; };
		832FD5C316D5B379001CDF65 /* Default-568h@2x.png */ = {isa = PBXFileReference; lastKnownFileType = image.png; name = "Default-568h@2x.png"; path = "en.lproj/Default-568h@2x.png"; sourceTree = "<group>"; };
		83619CC8178ABFBF00B9EB20 /* CoreBluetooth.framework */ = {isa = PBXFileReference; lastKnownFileType = wrapper.framework; name = CoreBluetooth.framework; path = System/Library/Frameworks/CoreBluetooth.framework; sourceTree = SDKROOT; };
/* End PBXFileReference section */

/* Begin PBXFrameworksBuildPhase section */
		302362D1158A8FEE00B2DF09 /* Frameworks */ = {
			isa = PBXFrameworksBuildPhase;
			buildActionMask = 2147483647;
			files = (
				83619CC9178ABFBF00B9EB20 /* CoreBluetooth.framework in Frameworks */,
				830C56BB177934230058015E /* ExternalAccessory.framework in Frameworks */,
				830C56B91779341B0058015E /* libxml2.dylib in Frameworks */,
				690EE76C1772FAC4005C4451 /* AudioToolbox.framework in Frameworks */,
				309AAC8D158AFA2F007015A9 /* GameKit.framework in Frameworks */,
				309AAC8B158AFA18007015A9 /* CoreVideo.framework in Frameworks */,
				309AAC87158AF9EC007015A9 /* OpenGLES.framework in Frameworks */,
				309AAC85158AF9D9007015A9 /* QuartzCore.framework in Frameworks */,
				309AAC83158AF9CF007015A9 /* AssetsLibrary.framework in Frameworks */,
				309AAC81158AF9C4007015A9 /* AVFoundation.framework in Frameworks */,
				309AAC7F158AF9A9007015A9 /* CoreMedia.framework in Frameworks */,
				302362DD158A8FEE00B2DF09 /* CoreGraphics.framework in Frameworks */,
				302362D9158A8FEE00B2DF09 /* UIKit.framework in Frameworks */,
				302362DB158A8FEE00B2DF09 /* Foundation.framework in Frameworks */,
				693E8F71176234FB007FD105 /* libilbc.a in Frameworks */,
				693E8F7317623506007FD105 /* libvpx.a in Frameworks */,
				830C56B7177932A90058015E /* GalileoControl.framework in Frameworks */,
			);
			runOnlyForDeploymentPostprocessing = 0;
		};
/* End PBXFrameworksBuildPhase section */

/* Begin PBXGroup section */
		302362C9158A8FEE00B2DF09 = {
			isa = PBXGroup;
			children = (
				302362DE158A8FEE00B2DF09 /* Initialisation */,
				30236306158A946300B2DF09 /* AV Capture */,
				69C1A40917858C3400E284F7 /* Main */,
				830C56BF177A404D0058015E /* OpenGL */,
				309AAC61158AE960007015A9 /* Utilities */,
				302362DF158A8FEE00B2DF09 /* Supporting Files */,
				302362D7158A8FEE00B2DF09 /* Frameworks */,
				302362D5158A8FEE00B2DF09 /* Products */,
			);
			sourceTree = "<group>";
		};
		302362D5158A8FEE00B2DF09 /* Products */ = {
			isa = PBXGroup;
			children = (
				302362D4158A8FEE00B2DF09 /* RemoteControlGalileo.app */,
			);
			name = Products;
			sourceTree = "<group>";
		};
		302362D7158A8FEE00B2DF09 /* Frameworks */ = {
			isa = PBXGroup;
			children = (
				693E8F7217623506007FD105 /* libvpx.a */,
				693E8F70176234FB007FD105 /* libilbc.a */,
				830C56B81779341B0058015E /* libxml2.dylib */,
				83619CC8178ABFBF00B9EB20 /* CoreBluetooth.framework */,
				830C56B6177932A90058015E /* GalileoControl.framework */,
				830C56BA177934230058015E /* ExternalAccessory.framework */,
				690EE76B1772FAC3005C4451 /* AudioToolbox.framework */,
				309AAC8C158AFA2F007015A9 /* GameKit.framework */,
				309AAC8A158AFA18007015A9 /* CoreVideo.framework */,
				309AAC88158AFA04007015A9 /* GLKit.framework */,
				309AAC86158AF9EC007015A9 /* OpenGLES.framework */,
				309AAC84158AF9D9007015A9 /* QuartzCore.framework */,
				309AAC82158AF9CE007015A9 /* AssetsLibrary.framework */,
				309AAC80158AF9C4007015A9 /* AVFoundation.framework */,
				309AAC7E158AF9A9007015A9 /* CoreMedia.framework */,
				302362D8158A8FEE00B2DF09 /* UIKit.framework */,
				302362DA158A8FEE00B2DF09 /* Foundation.framework */,
				302362DC158A8FEE00B2DF09 /* CoreGraphics.framework */,
			);
			name = Frameworks;
			sourceTree = "<group>";
		};
		302362DE158A8FEE00B2DF09 /* Initialisation */ = {
			isa = PBXGroup;
			children = (
				69C1A3BE17858BD300E284F7 /* AppDelegate.h */,
				69C1A3BF17858BD300E284F7 /* AppDelegate.m */,
				69C1A3C017858BD300E284F7 /* GKCommon.h */,
				69C1A3C117858BD300E284F7 /* GKLobbyViewController.h */,
				69C1A3C217858BD300E284F7 /* GKLobbyViewController.m */,
				69C1A3C317858BD300E284F7 /* GKNetController.h */,
				69C1A3C417858BD300E284F7 /* GKNetController.mm */,
				69C1A3C517858BD300E284F7 /* GKSessionManager.h */,
				69C1A3C617858BD300E284F7 /* GKSessionManager.m */,
				69C1A3C717858BD300E284F7 /* RootViewController.h */,
				69C1A3C817858BD300E284F7 /* RootViewController.m */,
			);
			name = Initialisation;
			path = RemoteControlGalileo;
			sourceTree = "<group>";
		};
		302362DF158A8FEE00B2DF09 /* Supporting Files */ = {
			isa = PBXGroup;
			children = (
				302362E0158A8FEE00B2DF09 /* RemoteControlGalileo-Info.plist */,
				302362E1158A8FEE00B2DF09 /* InfoPlist.strings */,
				302362E4158A8FEE00B2DF09 /* main.m */,
				302362E6158A8FEE00B2DF09 /* RemoteControlGalileo-Prefix.pch */,
				832FD5C316D5B379001CDF65 /* Default-568h@2x.png */,
			);
			name = "Supporting Files";
			path = RemoteControlGalileo;
			sourceTree = "<group>";
		};
		30236306158A946300B2DF09 /* AV Capture */ = {
			isa = PBXGroup;
			children = (
				69C1A3CE17858BE900E284F7 /* Audio */,
				69C1A3D917858BE900E284F7 /* Kernel */,
				69C1A3E817858BE900E284F7 /* Video */,
				69C1A3E417858BE900E284F7 /* RtpDepacketiser.h */,
				69C1A3E517858BE900E284F7 /* RtpDepacketiser.m */,
				69C1A3E617858BE900E284F7 /* RtpPacketiser.cpp */,
				69C1A3E717858BE900E284F7 /* RtpPacketiser.h */,
				69C1A3F917858BE900E284F7 /* VideoTxRxCommon.h */,
			);
			name = "AV Capture";
			path = RemoteControlGalileo;
			sourceTree = "<group>";
		};
		309AAC61158AE960007015A9 /* Utilities */ = {
			isa = PBXGroup;
			children = (
				69C1A3B817858B9A00E284F7 /* MoveRecogniser.h */,
				69C1A3B917858B9A00E284F7 /* MoveRecogniser.m */,
			);
			name = Utilities;
			path = RemoteControlGalileo/OpenGL;
			sourceTree = "<group>";
		};
		69C1A39B17858B8B00E284F7 /* Shaders */ = {
			isa = PBXGroup;
			children = (
				69C1A39C17858B8B00E284F7 /* passThrough.frag */,
				69C1A39D17858B8B00E284F7 /* passThrough.vert */,
				69C1A39E17858B8B00E284F7 /* u2planar.frag */,
				69C1A39F17858B8B00E284F7 /* u2planar.vert */,
				69C1A3A017858B8B00E284F7 /* v2planar.frag */,
				69C1A3A117858B8B00E284F7 /* v2planar.vert */,
				69C1A3A217858B8B00E284F7 /* y2planar.frag */,
				69C1A3A317858B8B00E284F7 /* y2planar.vert */,
				69C1A3A417858B8B00E284F7 /* yuv2bgr.frag */,
				69C1A3A517858B8B00E284F7 /* yuv2bgr.vert */,
				69C1A3A617858B8B00E284F7 /* yuv2yuv.frag */,
				69C1A3A717858B8B00E284F7 /* yuv2yuv.vert */,
			);
			path = Shaders;
			sourceTree = "<group>";
		};
		69C1A3CE17858BE900E284F7 /* Audio */ = {
			isa = PBXGroup;
			children = (
				69C1A3CF17858BE900E284F7 /* AudioDecoder.h */,
				69C1A3D017858BE900E284F7 /* AudioDevice.cpp */,
				69C1A3D117858BE900E284F7 /* AudioDevice.h */,
				69C1A3D217858BE900E284F7 /* AudioEncoder.h */,
				69C1A3D317858BE900E284F7 /* AudioInputOutput.h */,
				69C1A3D417858BE900E284F7 /* AudioInputOutput.mm */,
				69C1A3D517858BE900E284F7 /* iLBCAudioDecoder.cpp */,
				69C1A3D617858BE900E284F7 /* iLBCAudioDecoder.h */,
				69C1A3D717858BE900E284F7 /* iLBCAudioEncoder.cpp */,
				69C1A3D817858BE900E284F7 /* iLBCAudioEncoder.h */,
			);
			name = Audio;
			path = "AV Capture/Audio";
			sourceTree = "<group>";
		};
		69C1A3D917858BE900E284F7 /* Kernel */ = {
			isa = PBXGroup;
			children = (
				69C1A3DA17858BE900E284F7 /* Buffer.h */,
				69C1A3DB17858BE900E284F7 /* FIFOBuffer.h */,
				69C1A3DC17858BE900E284F7 /* FIFOBufferImpl.h */,
				69C1A3DD17858BE900E284F7 /* Function.h */,
				69C1A3DE17858BE900E284F7 /* FunctionTemplate.h */,
				69C1A3DF17858BE900E284F7 /* IpAddress.cpp */,
				69C1A3E017858BE900E284F7 /* IpAddress.h */,
				69C1A3E117858BE900E284F7 /* Socket.cpp */,
				69C1A3E217858BE900E284F7 /* Socket.h */,
				69C1A3E317858BE900E284F7 /* Timer.h */,
			);
			name = Kernel;
			path = "AV Capture/Kernel";
			sourceTree = "<group>";
		};
		69C1A3E817858BE900E284F7 /* Video */ = {
			isa = PBXGroup;
			children = (
				69C1A3E917858BE900E284F7 /* CameraInput.h */,
				69C1A3EA17858BE900E284F7 /* CameraInput.mm */,
				69C1A3EB17858BE900E284F7 /* OpenGLProcessor.h */,
				69C1A3EC17858BE900E284F7 /* OpenGLProcessor.mm */,
				69C1A3ED17858BE900E284F7 /* VideoDecoder.h */,
				69C1A3EE17858BE900E284F7 /* VideoEncoder.h */,
				69C1A3EF17858BE900E284F7 /* VideoInputOutput.h */,
				69C1A3F017858BE900E284F7 /* VideoInputOutput.mm */,
				69C1A3F117858BE900E284F7 /* Vp8RtpDepacketiser.h */,
				69C1A3F217858BE900E284F7 /* Vp8RtpDepacketiser.mm */,
				69C1A3F317858BE900E284F7 /* Vp8RtpPacketiser.cpp */,
				69C1A3F417858BE900E284F7 /* Vp8RtpPacketiser.h */,
				69C1A3F517858BE900E284F7 /* Vp8VideoDecoder.cpp */,
				69C1A3F617858BE900E284F7 /* Vp8VideoDecoder.h */,
				69C1A3F717858BE900E284F7 /* Vp8VideoEncoder.cpp */,
				69C1A3F817858BE900E284F7 /* Vp8VideoEncoder.h */,
			);
			name = Video;
			path = "AV Capture/Video";
			sourceTree = "<group>";
		};
		69C1A40917858C3400E284F7 /* Main */ = {
			isa = PBXGroup;
			children = (
				69C1A42017858D8800E284F7 /* DockConnectorController.h */,
				69C1A42117858D8800E284F7 /* DockConnectorController.m */,
				69C1A42217858D8800E284F7 /* GalileoCommon.h */,
				69C1A42317858D8800E284F7 /* RemoteControlGalileo.h */,
				69C1A42417858D8800E284F7 /* RemoteControlGalileo.mm */,
				69C1A42517858D8800E284F7 /* UserInputHandler.h */,
				69C1A42617858D8800E284F7 /* UserInputHandler.m */,
				69C1A42717858D8800E284F7 /* VideoView.h */,
				69C1A42817858D8800E284F7 /* VideoView.mm */,
				69C1A42917858D8800E284F7 /* VideoViewController.h */,
				69C1A42A17858D8800E284F7 /* VideoViewController.mm */,
			);
			name = Main;
			sourceTree = "<group>";
		};
		830C56BF177A404D0058015E /* OpenGL */ = {
			isa = PBXGroup;
			children = (
				69C1A39B17858B8B00E284F7 /* Shaders */,
				69C1A39317858B8B00E284F7 /* GLConstants.cpp */,
				69C1A39417858B8B00E284F7 /* GLConstants.h */,
				69C1A39517858B8B00E284F7 /* OffscreenFBO.h */,
				69C1A39617858B8B00E284F7 /* OffscreenFBO.m */,
				69C1A39717858B8B00E284F7 /* OnscreenFBO.h */,
				69C1A39817858B8B00E284F7 /* OnscreenFBO.m */,
				69C1A39917858B8B00E284F7 /* Shader.cpp */,
				69C1A39A17858B8B00E284F7 /* Shader.h */,
			);
			name = OpenGL;
			path = RemoteControlGalileo/OpenGL;
			sourceTree = "<group>";
		};
/* End PBXGroup section */

/* Begin PBXNativeTarget section */
		302362D3158A8FEE00B2DF09 /* RemoteControlGalileo */ = {
			isa = PBXNativeTarget;
			buildConfigurationList = 302362EC158A8FEE00B2DF09 /* Build configuration list for PBXNativeTarget "RemoteControlGalileo" */;
			buildPhases = (
				302362D0158A8FEE00B2DF09 /* Sources */,
				302362D1158A8FEE00B2DF09 /* Frameworks */,
				302362D2158A8FEE00B2DF09 /* Resources */,
			);
			buildRules = (
			);
			dependencies = (
			);
			name = RemoteControlGalileo;
			productName = RemoteControlGalileo;
			productReference = 302362D4158A8FEE00B2DF09 /* RemoteControlGalileo.app */;
			productType = "com.apple.product-type.application";
		};
/* End PBXNativeTarget section */

/* Begin PBXProject section */
		302362CB158A8FEE00B2DF09 /* Project object */ = {
			isa = PBXProject;
			attributes = {
				LastUpgradeCheck = 0500;
				ORGANIZATIONNAME = "Swift Navigation";
			};
			buildConfigurationList = 302362CE158A8FEE00B2DF09 /* Build configuration list for PBXProject "RemoteControlGalileo" */;
			compatibilityVersion = "Xcode 3.2";
			developmentRegion = English;
			hasScannedForEncodings = 0;
			knownRegions = (
				en,
			);
			mainGroup = 302362C9158A8FEE00B2DF09;
			productRefGroup = 302362D5158A8FEE00B2DF09 /* Products */;
			projectDirPath = "";
			projectRoot = "";
			targets = (
				302362D3158A8FEE00B2DF09 /* RemoteControlGalileo */,
			);
		};
/* End PBXProject section */

/* Begin PBXResourcesBuildPhase section */
		302362D2158A8FEE00B2DF09 /* Resources */ = {
			isa = PBXResourcesBuildPhase;
			buildActionMask = 2147483647;
			files = (
				69C1A3AC17858B8B00E284F7 /* passThrough.frag in Resources */,
				69C1A3AD17858B8B00E284F7 /* passThrough.vert in Resources */,
				69C1A3AE17858B8B00E284F7 /* u2planar.frag in Resources */,
				69C1A3AF17858B8B00E284F7 /* u2planar.vert in Resources */,
				69C1A3B017858B8B00E284F7 /* v2planar.frag in Resources */,
				69C1A3B117858B8B00E284F7 /* v2planar.vert in Resources */,
				69C1A3B217858B8B00E284F7 /* y2planar.frag in Resources */,
				69C1A3B317858B8B00E284F7 /* y2planar.vert in Resources */,
				69C1A3B417858B8B00E284F7 /* yuv2bgr.frag in Resources */,
				69C1A3B517858B8B00E284F7 /* yuv2bgr.vert in Resources */,
				69C1A3B617858B8B00E284F7 /* yuv2yuv.frag in Resources */,
				69C1A3B717858B8B00E284F7 /* yuv2yuv.vert in Resources */,
				302362E3158A8FEE00B2DF09 /* InfoPlist.strings in Resources */,
				832FD5C416D5B379001CDF65 /* Default-568h@2x.png in Resources */,
			);
			runOnlyForDeploymentPostprocessing = 0;
		};
/* End PBXResourcesBuildPhase section */

/* Begin PBXSourcesBuildPhase section */
		302362D0158A8FEE00B2DF09 /* Sources */ = {
			isa = PBXSourcesBuildPhase;
			buildActionMask = 2147483647;
			files = (
				302362E5158A8FEE00B2DF09 /* main.m in Sources */,
				69C1A3A817858B8B00E284F7 /* GLConstants.cpp in Sources */,
				69C1A3A917858B8B00E284F7 /* OffscreenFBO.m in Sources */,
				69C1A3AA17858B8B00E284F7 /* OnscreenFBO.m in Sources */,
				69C1A3AB17858B8B00E284F7 /* Shader.cpp in Sources */,
				69C1A3BC17858B9A00E284F7 /* MoveRecogniser.m in Sources */,
				69C1A3C917858BD300E284F7 /* AppDelegate.m in Sources */,
				69C1A3CA17858BD300E284F7 /* GKLobbyViewController.m in Sources */,
				69C1A3CB17858BD300E284F7 /* GKNetController.mm in Sources */,
				69C1A3CC17858BD300E284F7 /* GKSessionManager.m in Sources */,
				69C1A3CD17858BD300E284F7 /* RootViewController.m in Sources */,
				69C1A3FA17858BE900E284F7 /* AudioDevice.cpp in Sources */,
				69C1A3FB17858BE900E284F7 /* AudioInputOutput.mm in Sources */,
				69C1A3FC17858BE900E284F7 /* iLBCAudioDecoder.cpp in Sources */,
				69C1A3FD17858BE900E284F7 /* iLBCAudioEncoder.cpp in Sources */,
				69C1A3FE17858BE900E284F7 /* IpAddress.cpp in Sources */,
				69C1A3FF17858BE900E284F7 /* Socket.cpp in Sources */,
				69C1A40017858BE900E284F7 /* RtpDepacketiser.m in Sources */,
				69C1A40117858BE900E284F7 /* RtpPacketiser.cpp in Sources */,
				69C1A40217858BE900E284F7 /* CameraInput.mm in Sources */,
				69C1A40317858BE900E284F7 /* OpenGLProcessor.mm in Sources */,
				69C1A40417858BE900E284F7 /* VideoInputOutput.mm in Sources */,
				69C1A40517858BE900E284F7 /* Vp8RtpDepacketiser.mm in Sources */,
				69C1A40617858BE900E284F7 /* Vp8RtpPacketiser.cpp in Sources */,
				69C1A40717858BE900E284F7 /* Vp8VideoDecoder.cpp in Sources */,
				69C1A40817858BE900E284F7 /* Vp8VideoEncoder.cpp in Sources */,
				69C1A42B17858D8800E284F7 /* DockConnectorController.m in Sources */,
				69C1A42C17858D8800E284F7 /* RemoteControlGalileo.mm in Sources */,
				69C1A42D17858D8800E284F7 /* UserInputHandler.m in Sources */,
				69C1A42E17858D8800E284F7 /* VideoView.mm in Sources */,
				69C1A42F17858D8800E284F7 /* VideoViewController.mm in Sources */,
			);
			runOnlyForDeploymentPostprocessing = 0;
		};
/* End PBXSourcesBuildPhase section */

/* Begin PBXVariantGroup section */
		302362E1158A8FEE00B2DF09 /* InfoPlist.strings */ = {
			isa = PBXVariantGroup;
			children = (
				302362E2158A8FEE00B2DF09 /* en */,
			);
			name = InfoPlist.strings;
			sourceTree = "<group>";
		};
/* End PBXVariantGroup section */

/* Begin XCBuildConfiguration section */
		302362EA158A8FEE00B2DF09 /* Debug */ = {
			isa = XCBuildConfiguration;
			buildSettings = {
				ALWAYS_SEARCH_USER_PATHS = NO;
				ARCHS = "$(ARCHS_STANDARD)";
				CLANG_ENABLE_OBJC_ARC = YES;
				CLANG_WARN_BOOL_CONVERSION = YES;
				CLANG_WARN_CONSTANT_CONVERSION = YES;
				CLANG_WARN_EMPTY_BODY = YES;
				CLANG_WARN_ENUM_CONVERSION = YES;
				CLANG_WARN_INT_CONVERSION = YES;
				CLANG_WARN__DUPLICATE_METHOD_MATCH = YES;
				CODE_SIGN_IDENTITY = "iPhone Developer";
				COPY_PHASE_STRIP = NO;
				GCC_C_LANGUAGE_STANDARD = gnu99;
				GCC_DYNAMIC_NO_PIC = NO;
				GCC_OPTIMIZATION_LEVEL = 0;
				GCC_PREPROCESSOR_DEFINITIONS = (
					"DEBUG=1",
					"$(inherited)",
				);
				GCC_SYMBOLS_PRIVATE_EXTERN = NO;
				GCC_VERSION = com.apple.compilers.llvm.clang.1_0;
				GCC_WARN_64_TO_32_BIT_CONVERSION = YES;
				GCC_WARN_ABOUT_RETURN_TYPE = YES;
				GCC_WARN_UNDECLARED_SELECTOR = YES;
				GCC_WARN_UNINITIALIZED_AUTOS = YES;
				GCC_WARN_UNUSED_FUNCTION = YES;
				GCC_WARN_UNUSED_VARIABLE = YES;
				IPHONEOS_DEPLOYMENT_TARGET = 5.1.1;
				ONLY_ACTIVE_ARCH = NO;
				SDKROOT = iphoneos;
				TARGETED_DEVICE_FAMILY = "1,2";
				VALID_ARCHS = armv7;
			};
			name = Debug;
		};
		302362EB158A8FEE00B2DF09 /* Release */ = {
			isa = XCBuildConfiguration;
			buildSettings = {
				ALWAYS_SEARCH_USER_PATHS = NO;
				ARCHS = "$(ARCHS_STANDARD)";
				CLANG_ENABLE_OBJC_ARC = YES;
				CLANG_WARN_BOOL_CONVERSION = YES;
				CLANG_WARN_CONSTANT_CONVERSION = YES;
				CLANG_WARN_EMPTY_BODY = YES;
				CLANG_WARN_ENUM_CONVERSION = YES;
				CLANG_WARN_INT_CONVERSION = YES;
				CLANG_WARN__DUPLICATE_METHOD_MATCH = YES;
				CODE_SIGN_IDENTITY = "iPhone Developer";
				COPY_PHASE_STRIP = YES;
				GCC_C_LANGUAGE_STANDARD = gnu99;
				GCC_VERSION = com.apple.compilers.llvm.clang.1_0;
				GCC_WARN_64_TO_32_BIT_CONVERSION = YES;
				GCC_WARN_ABOUT_RETURN_TYPE = YES;
				GCC_WARN_UNDECLARED_SELECTOR = YES;
				GCC_WARN_UNINITIALIZED_AUTOS = YES;
				GCC_WARN_UNUSED_FUNCTION = YES;
				GCC_WARN_UNUSED_VARIABLE = YES;
				IPHONEOS_DEPLOYMENT_TARGET = 5.1.1;
				OTHER_CFLAGS = "-DNS_BLOCK_ASSERTIONS=1";
				SDKROOT = iphoneos;
				TARGETED_DEVICE_FAMILY = "1,2";
				VALIDATE_PRODUCT = YES;
				VALID_ARCHS = armv7;
			};
			name = Release;
		};
		302362ED158A8FEE00B2DF09 /* Debug */ = {
			isa = XCBuildConfiguration;
			buildSettings = {
				ALWAYS_SEARCH_USER_PATHS = YES;
				CODE_SIGN_IDENTITY = "iPhone Developer: Chris Harding (X37VD5V6Q9)";
				FRAMEWORK_SEARCH_PATHS = (
					"$(inherited)",
					"\"$(SRCROOT)/Galileo-iOS-SDK/frameworks\"",
				);
				GCC_PRECOMPILE_PREFIX_HEADER = YES;
				GCC_PREFIX_HEADER = "RemoteControlGalileo/RemoteControlGalileo-Prefix.pch";
				HEADER_SEARCH_PATHS = (
					vpx/include,
					ilbc/include,
				);
				INFOPLIST_FILE = "RemoteControlGalileo/RemoteControlGalileo-Info.plist";
				IPHONEOS_DEPLOYMENT_TARGET = 5.0;
				LIBRARY_SEARCH_PATHS = (
					vpx/lib,
					ilbc/lib,
					"\"$(SRCROOT)/ilbc/lib\"",
					"\"$(SRCROOT)/vpx/lib\"",
				);
				PRODUCT_NAME = RemoteControlGalileo;
				PROVISIONING_PROFILE = "B13E7A9B-9E13-4EC9-9C34-4E27D220F941";
				SDKROOT = iphoneos;
				WRAPPER_EXTENSION = app;
			};
			name = Debug;
		};
		302362EE158A8FEE00B2DF09 /* Release */ = {
			isa = XCBuildConfiguration;
			buildSettings = {
				ALWAYS_SEARCH_USER_PATHS = YES;
				CODE_SIGN_IDENTITY = "iPhone Distribution: Motrr, LLC (B4TTX87949)";
				FRAMEWORK_SEARCH_PATHS = (
					"$(inherited)",
					"\"$(SRCROOT)/Galileo-iOS-SDK/frameworks\"",
				);
				GCC_PRECOMPILE_PREFIX_HEADER = YES;
				GCC_PREFIX_HEADER = "RemoteControlGalileo/RemoteControlGalileo-Prefix.pch";
				HEADER_SEARCH_PATHS = (
					vpx/include,
					ilbc/include,
				);
				INFOPLIST_FILE = "RemoteControlGalileo/RemoteControlGalileo-Info.plist";
				IPHONEOS_DEPLOYMENT_TARGET = 5.0;
				LIBRARY_SEARCH_PATHS = (
					vpx/lib,
					ilbc/lib,
					"\"$(SRCROOT)/ilbc/lib\"",
					"\"$(SRCROOT)/vpx/lib\"",
				);
				PRODUCT_NAME = RemoteControlGalileo;
				PROVISIONING_PROFILE = "0A0B0BA4-873B-496C-B85F-54297C3486E2";
				SDKROOT = iphoneos;
				WRAPPER_EXTENSION = app;
			};
			name = Release;
		};
/* End XCBuildConfiguration section */

/* Begin XCConfigurationList section */
		302362CE158A8FEE00B2DF09 /* Build configuration list for PBXProject "RemoteControlGalileo" */ = {
			isa = XCConfigurationList;
			buildConfigurations = (
				302362EA158A8FEE00B2DF09 /* Debug */,
				302362EB158A8FEE00B2DF09 /* Release */,
			);
			defaultConfigurationIsVisible = 0;
			defaultConfigurationName = Release;
		};
		302362EC158A8FEE00B2DF09 /* Build configuration list for PBXNativeTarget "RemoteControlGalileo" */ = {
			isa = XCConfigurationList;
			buildConfigurations = (
				302362ED158A8FEE00B2DF09 /* Debug */,
				302362EE158A8FEE00B2DF09 /* Release */,
			);
			defaultConfigurationIsVisible = 0;
			defaultConfigurationName = Release;
		};
/* End XCConfigurationList section */
	};
	rootObject = 302362CB158A8FEE00B2DF09 /* Project object */;
}
